<?xml version="1.0" encoding="utf-8"?>
<Project ToolsVersion="4.0" xmlns="http://schemas.microsoft.com/developer/msbuild/2003">
  <ItemGroup>
    <Filter Include="src">
      <UniqueIdentifier>{342a060b-1276-435e-b32f-62b701ccc834}</UniqueIdentifier>
    </Filter>
    <Filter Include="res">
      <UniqueIdentifier>{410457a1-b314-4777-8c2e-7e5e5b0ac583}</UniqueIdentifier>
    </Filter>
    <Filter Include="src\Window">
      <UniqueIdentifier>{3303fd9b-3de7-43b8-a4af-92c5c92f46a3}</UniqueIdentifier>
    </Filter>
    <Filter Include="src\WebUI">
      <UniqueIdentifier>{06e81f3c-9235-4f0c-93ed-e3e186e81283}</UniqueIdentifier>
    </Filter>
    <Filter Include="res\web">
      <UniqueIdentifier>{35da6a7b-8c39-407d-8bee-7f3613e99df5}</UniqueIdentifier>
    </Filter>
    <Filter Include="res\web\page_home">
      <UniqueIdentifier>{947dc3d4-9e87-43d1-b276-58791f3e00ec}</UniqueIdentifier>
    </Filter>
    <Filter Include="res\web\page_1">
      <UniqueIdentifier>{b207821e-47d8-4d3a-b262-2a876635e1bf}</UniqueIdentifier>
    </Filter>
    <Filter Include="res\web\page_2">
      <UniqueIdentifier>{e42aee32-82f5-459b-bf52-4c6029563cb2}</UniqueIdentifier>
    </Filter>
    <Filter Include="res\web\page_3">
      <UniqueIdentifier>{5226a78c-29c4-4714-8800-a4d380ece078}</UniqueIdentifier>
    </Filter>
    <Filter Include="res\web\image">
      <UniqueIdentifier>{d432f50a-1a6c-4658-88bc-2158fafac173}</UniqueIdentifier>
    </Filter>
    <Filter Include="cx">
      <UniqueIdentifier>{5d384532-d24d-4a78-8281-c88129572625}</UniqueIdentifier>
    </Filter>
    <Filter Include="cx\library">
      <UniqueIdentifier>{45ab9a99-bfaf-4b33-9ebd-42c73783f444}</UniqueIdentifier>
    </Filter>
    <Filter Include="cx\library\wui">
      <UniqueIdentifier>{18424531-b972-426d-a6ac-9f5f3b3e5dad}</UniqueIdentifier>
    </Filter>
    <Filter Include="cx\library\wui\CommonDialog">
      <UniqueIdentifier>{ee55e1c2-4e38-46e1-b488-a22b82d8f001}</UniqueIdentifier>
    </Filter>
    <Filter Include="cx\library\wui\GDI">
      <UniqueIdentifier>{62b0d904-c537-4fa0-991f-326fce428ef0}</UniqueIdentifier>
    </Filter>
    <Filter Include="cx\library\wui\Resource">
      <UniqueIdentifier>{c00706b7-481f-40cd-b4ef-39c431dac39c}</UniqueIdentifier>
    </Filter>
    <Filter Include="cx\library\wui\Window">
      <UniqueIdentifier>{bca1d110-071d-440f-8feb-d38139df6657}</UniqueIdentifier>
    </Filter>
    <Filter Include="cx\library\runtime">
      <UniqueIdentifier>{5c912990-dbfe-46ce-a9a7-e3a1a4c96799}</UniqueIdentifier>
    </Filter>
    <Filter Include="cx\library\runtime\log_facility">
      <UniqueIdentifier>{40b0a674-d99b-4ef7-9344-ce44a9759820}</UniqueIdentifier>
    </Filter>
    <Filter Include="cx\library\pch">
      <UniqueIdentifier>{26c3d08e-65d6-405c-b101-8e88fde6bdb0}</UniqueIdentifier>
    </Filter>
    <Filter Include="cx\library\network">
      <UniqueIdentifier>{a834cfa5-fb95-49be-8f6b-ac3d4b07d13a}</UniqueIdentifier>
    </Filter>
    <Filter Include="cx\library\gw">
      <UniqueIdentifier>{2b48b045-f762-4d1c-ab94-a0cc9975d846}</UniqueIdentifier>
    </Filter>
    <Filter Include="cx\library\gw\Widget">
      <UniqueIdentifier>{49a8019b-c089-4392-88ea-c37c691e4ab1}</UniqueIdentifier>
    </Filter>
    <Filter Include="cx\library\gw\Widget\Shape">
      <UniqueIdentifier>{870e3c6c-f177-4856-a3e4-a9cb51b98100}</UniqueIdentifier>
    </Filter>
    <Filter Include="cx\library\gw\Widget\Design">
      <UniqueIdentifier>{be1cee97-6d82-48d0-a832-202441e98ef8}</UniqueIdentifier>
    </Filter>
    <Filter Include="cx\library\component">
      <UniqueIdentifier>{83f3d81f-f194-40d9-b637-5e8601f9d500}</UniqueIdentifier>
    </Filter>
    <Filter Include="cx\library\common">
      <UniqueIdentifier>{0a308537-240a-462a-90ba-2472c0fe738c}</UniqueIdentifier>
    </Filter>
  </ItemGroup>
  <ItemGroup>
    <ClInclude Include="res\Resource.h">
      <Filter>res</Filter>
    </ClInclude>
    <ClInclude Include="src\Application.hpp">
      <Filter>src</Filter>
    </ClInclude>
    <ClInclude Include="src\framework.hpp">
      <Filter>src</Filter>
    </ClInclude>
    <ClInclude Include="src\pch.hpp">
      <Filter>src</Filter>
    </ClInclude>
    <ClInclude Include="src\targetver.h">
      <Filter>src</Filter>
    </ClInclude>
    <ClInclude Include="src\Window\AboutBox.hpp">
      <Filter>src\Window</Filter>
    </ClInclude>
    <ClInclude Include="src\Window\MainFrame.hpp">
      <Filter>src\Window</Filter>
    </ClInclude>
    <ClInclude Include="src\Window\pch.hpp">
      <Filter>src\Window</Filter>
    </ClInclude>
    <ClInclude Include="src\WebUI\pch.hpp">
      <Filter>src\WebUI</Filter>
    </ClInclude>
    <ClInclude Include="src\WebUI\WebUIContents.hpp">
      <Filter>src\WebUI</Filter>
    </ClInclude>
    <ClInclude Include="src\WebUI\WebUIManager.hpp">
      <Filter>src\WebUI</Filter>
    </ClInclude>
    <ClInclude Include="src\WebUI\WebUIMessageService.hpp">
      <Filter>src\WebUI</Filter>
    </ClInclude>
    <ClInclude Include="src\WebUI\WebUIWindow.hpp">
      <Filter>src\WebUI</Filter>
    </ClInclude>
    <ClInclude Include="src\WebUI\WebUI.hpp">
      <Filter>src\WebUI</Filter>
    </ClInclude>
    <ClInclude Include="src\WebUI\WebUIView.hpp">
      <Filter>src\WebUI</Filter>
    </ClInclude>
    <ClInclude Include="..\..\library\wui\AppModule.hpp">
      <Filter>cx\library\wui</Filter>
    </ClInclude>
    <ClInclude Include="..\..\library\wui\pch.hpp">
      <Filter>cx\library\wui</Filter>
    </ClInclude>
    <ClInclude Include="..\..\library\wui\wui.hpp">
      <Filter>cx\library\wui</Filter>
    </ClInclude>
    <ClInclude Include="..\..\library\wui\CommonDialog\FileDialog.hpp">
      <Filter>cx\library\wui\CommonDialog</Filter>
    </ClInclude>
    <ClInclude Include="..\..\library\wui\CommonDialog\FolderDialog.hpp">
      <Filter>cx\library\wui\CommonDialog</Filter>
    </ClInclude>
    <ClInclude Include="..\..\library\wui\CommonDialog\pch.hpp">
      <Filter>cx\library\wui\CommonDialog</Filter>
    </ClInclude>
    <ClInclude Include="..\..\library\wui\GDI\BasicDCT.hpp">
      <Filter>cx\library\wui\GDI</Filter>
    </ClInclude>
    <ClInclude Include="..\..\library\wui\GDI\DC.hpp">
      <Filter>cx\library\wui\GDI</Filter>
    </ClInclude>
    <ClInclude Include="..\..\library\wui\GDI\DC_Classes.hpp">
      <Filter>cx\library\wui\GDI</Filter>
    </ClInclude>
    <ClInclude Include="..\..\library\wui\GDI\DC_Functions.hpp">
      <Filter>cx\library\wui\GDI</Filter>
    </ClInclude>
    <ClInclude Include="..\..\library\wui\GDI\GDIObject_Bitmap.hpp">
      <Filter>cx\library\wui\GDI</Filter>
    </ClInclude>
    <ClInclude Include="..\..\library\wui\GDI\GDIObject_Brush.hpp">
      <Filter>cx\library\wui\GDI</Filter>
    </ClInclude>
    <ClInclude Include="..\..\library\wui\GDI\GDIObject_Font.hpp">
      <Filter>cx\library\wui\GDI</Filter>
    </ClInclude>
    <ClInclude Include="..\..\library\wui\GDI\GDIObject_Pen.hpp">
      <Filter>cx\library\wui\GDI</Filter>
    </ClInclude>
    <ClInclude Include="..\..\library\wui\GDI\pch.hpp">
      <Filter>cx\library\wui\GDI</Filter>
    </ClInclude>
    <ClInclude Include="..\..\library\wui\Resource\DialogTemplate.hpp">
      <Filter>cx\library\wui\Resource</Filter>
    </ClInclude>
    <ClInclude Include="..\..\library\wui\Resource\pch.hpp">
      <Filter>cx\library\wui\Resource</Filter>
    </ClInclude>
    <ClInclude Include="..\..\library\wui\Resource\Resource.hpp">
      <Filter>cx\library\wui\Resource</Filter>
    </ClInclude>
    <ClInclude Include="..\..\library\wui\Resource\Resource_Functions.hpp">
      <Filter>cx\library\wui\Resource</Filter>
    </ClInclude>
    <ClInclude Include="..\..\library\wui\Window\BaseWindow.hpp">
      <Filter>cx\library\wui\Window</Filter>
    </ClInclude>
    <ClInclude Include="..\..\library\wui\Window\BasicWindowT.hpp">
      <Filter>cx\library\wui\Window</Filter>
    </ClInclude>
    <ClInclude Include="..\..\library\wui\Window\Coord.hpp">
      <Filter>cx\library\wui\Window</Filter>
    </ClInclude>
    <ClInclude Include="..\..\library\wui\Window\MessageMapWindow.hpp">
      <Filter>cx\library\wui\Window</Filter>
    </ClInclude>
    <ClInclude Include="..\..\library\wui\Window\pch.hpp">
      <Filter>cx\library\wui\Window</Filter>
    </ClInclude>
    <ClInclude Include="..\..\library\wui\Window\Window.hpp">
      <Filter>cx\library\wui\Window</Filter>
    </ClInclude>
    <ClInclude Include="..\..\library\wui\Window\Window_Functions.hpp">
      <Filter>cx\library\wui\Window</Filter>
    </ClInclude>
    <ClInclude Include="..\..\library\wui\Window\WindowClass.hpp">
      <Filter>cx\library\wui\Window</Filter>
    </ClInclude>
    <ClInclude Include="..\..\library\wui\Window\WindowMessage.hpp">
      <Filter>cx\library\wui\Window</Filter>
    </ClInclude>
    <ClInclude Include="..\..\library\wui\Window\WindowMessageCrack.hpp">
      <Filter>cx\library\wui\Window</Filter>
    </ClInclude>
    <ClInclude Include="..\..\library\wui\Window\WindowMessageHandler.hpp">
      <Filter>cx\library\wui\Window</Filter>
    </ClInclude>
    <ClInclude Include="..\..\library\wui\Window\WindowMessageLoop.hpp">
      <Filter>cx\library\wui\Window</Filter>
    </ClInclude>
    <ClInclude Include="..\..\library\wui\Window\WindowMessageMap.hpp">
      <Filter>cx\library\wui\Window</Filter>
    </ClInclude>
    <ClInclude Include="..\..\library\wui\Window\WindowProc.hpp">
      <Filter>cx\library\wui\Window</Filter>
    </ClInclude>
    <ClInclude Include="..\..\library\wui\Window\WindowStyle.hpp">
      <Filter>cx\library\wui\Window</Filter>
    </ClInclude>
    <ClInclude Include="..\..\library\runtime\assert.hpp">
      <Filter>cx\library\runtime</Filter>
    </ClInclude>
    <ClInclude Include="..\..\library\runtime\last_error.hpp">
      <Filter>cx\library\runtime</Filter>
    </ClInclude>
    <ClInclude Include="..\..\library\runtime\log.hpp">
      <Filter>cx\library\runtime</Filter>
    </ClInclude>
    <ClInclude Include="..\..\library\runtime\macros.hpp">
      <Filter>cx\library\runtime</Filter>
    </ClInclude>
    <ClInclude Include="..\..\library\runtime\memory_debug.hpp">
      <Filter>cx\library\runtime</Filter>
    </ClInclude>
    <ClInclude Include="..\..\library\runtime\pch.hpp">
      <Filter>cx\library\runtime</Filter>
    </ClInclude>
    <ClInclude Include="..\..\library\runtime\runtime.hpp">
      <Filter>cx\library\runtime</Filter>
    </ClInclude>
    <ClInclude Include="..\..\library\runtime\log_facility\log_async_writer.hpp">
      <Filter>cx\library\runtime\log_facility</Filter>
    </ClInclude>
    <ClInclude Include="..\..\library\runtime\log_facility\log_facility.hpp">
      <Filter>cx\library\runtime\log_facility</Filter>
    </ClInclude>
    <ClInclude Include="..\..\library\runtime\log_facility\log_item_memory.hpp">
      <Filter>cx\library\runtime\log_facility</Filter>
    </ClInclude>
    <ClInclude Include="..\..\library\runtime\log_facility\log_item_queue.hpp">
      <Filter>cx\library\runtime\log_facility</Filter>
    </ClInclude>
    <ClInclude Include="..\..\library\runtime\log_facility\log_writer.hpp">
      <Filter>cx\library\runtime\log_facility</Filter>
    </ClInclude>
    <ClInclude Include="..\..\library\runtime\log_facility\pch.hpp">
      <Filter>cx\library\runtime\log_facility</Filter>
    </ClInclude>
    <ClInclude Include="..\..\library\pch\pch_internal.hpp">
      <Filter>cx\library\pch</Filter>
    </ClInclude>
    <ClInclude Include="..\..\library\pch\pch_internal_win32.hpp">
      <Filter>cx\library\pch</Filter>
    </ClInclude>
    <ClInclude Include="..\..\library\network\net_addr_config.hpp">
      <Filter>cx\library\network</Filter>
    </ClInclude>
    <ClInclude Include="..\..\library\network\net_msg.hpp">
      <Filter>cx\library\network</Filter>
    </ClInclude>
    <ClInclude Include="..\..\library\network\net_msg_event_queue.hpp">
      <Filter>cx\library\network</Filter>
    </ClInclude>
    <ClInclude Include="..\..\library\network\net_msg_memory.hpp">
      <Filter>cx\library\network</Filter>
    </ClInclude>
    <ClInclude Include="..\..\library\network\net_msg_queue.hpp">
      <Filter>cx\library\network</Filter>
    </ClInclude>
    <ClInclude Include="..\..\library\network\network.hpp">
      <Filter>cx\library\network</Filter>
    </ClInclude>
    <ClInclude Include="..\..\library\network\pch.hpp">
      <Filter>cx\library\network</Filter>
    </ClInclude>
    <ClInclude Include="..\..\library\network\socket.hpp">
      <Filter>cx\library\network</Filter>
    </ClInclude>
    <ClInclude Include="..\..\library\network\socket_address.hpp">
      <Filter>cx\library\network</Filter>
    </ClInclude>
    <ClInclude Include="..\..\library\network\socket_control.hpp">
      <Filter>cx\library\network</Filter>
    </ClInclude>
    <ClInclude Include="..\..\library\network\socket_descriptor.hpp">
      <Filter>cx\library\network</Filter>
    </ClInclude>
    <ClInclude Include="..\..\library\network\socket_error.hpp">
      <Filter>cx\library\network</Filter>
    </ClInclude>
    <ClInclude Include="..\..\library\network\socket_event_select.hpp">
      <Filter>cx\library\network</Filter>
    </ClInclude>
    <ClInclude Include="..\..\library\network\wsa.hpp">
      <Filter>cx\library\network</Filter>
    </ClInclude>
    <ClInclude Include="..\..\library\gw\Window.hpp">
      <Filter>cx\library\gw</Filter>
    </ClInclude>
    <ClInclude Include="..\..\library\gw\Viewport.hpp">
      <Filter>cx\library\gw</Filter>
    </ClInclude>
    <ClInclude Include="..\..\library\gw\Point.hpp">
      <Filter>cx\library\gw</Filter>
    </ClInclude>
    <ClInclude Include="..\..\library\gw\pch.hpp">
      <Filter>cx\library\gw</Filter>
    </ClInclude>
    <ClInclude Include="..\..\library\gw\gw.hpp">
      <Filter>cx\library\gw</Filter>
    </ClInclude>
    <ClInclude Include="..\..\library\gw\Drawable.hpp">
      <Filter>cx\library\gw</Filter>
    </ClInclude>
    <ClInclude Include="..\..\library\gw\DirectX2dGraphic.hpp">
      <Filter>cx\library\gw</Filter>
    </ClInclude>
    <ClInclude Include="..\..\library\gw\Context.hpp">
      <Filter>cx\library\gw</Filter>
    </ClInclude>
    <ClInclude Include="..\..\library\gw\Color.hpp">
      <Filter>cx\library\gw</Filter>
    </ClInclude>
    <ClInclude Include="..\..\library\gw\Bitmap.hpp">
      <Filter>cx\library\gw</Filter>
    </ClInclude>
    <ClInclude Include="..\..\library\gw\BaseEditWindow.hpp">
      <Filter>cx\library\gw</Filter>
    </ClInclude>
    <ClInclude Include="..\..\library\gw\Widget\WidgetEvent.hpp">
      <Filter>cx\library\gw\Widget</Filter>
    </ClInclude>
    <ClInclude Include="..\..\library\gw\Widget\WidgetDrawingStyle.hpp">
      <Filter>cx\library\gw\Widget</Filter>
    </ClInclude>
    <ClInclude Include="..\..\library\gw\Widget\WidgetDocument.hpp">
      <Filter>cx\library\gw\Widget</Filter>
    </ClInclude>
    <ClInclude Include="..\..\library\gw\Widget\Widget.hpp">
      <Filter>cx\library\gw\Widget</Filter>
    </ClInclude>
    <ClInclude Include="..\..\library\gw\Widget\pch.hpp">
      <Filter>cx\library\gw\Widget</Filter>
    </ClInclude>
    <ClInclude Include="..\..\library\gw\Widget\WidgetResource.hpp">
      <Filter>cx\library\gw\Widget</Filter>
    </ClInclude>
    <ClInclude Include="..\..\library\gw\Widget\WidgetFactory.hpp">
      <Filter>cx\library\gw\Widget</Filter>
    </ClInclude>
    <ClInclude Include="..\..\library\gw\Widget\WidgetEventWindowMessageHandler.hpp">
      <Filter>cx\library\gw\Widget</Filter>
    </ClInclude>
    <ClInclude Include="..\..\library\gw\Widget\WidgetEventDragDrop_WindowDragDropComObject.hpp">
      <Filter>cx\library\gw\Widget</Filter>
    </ClInclude>
    <ClInclude Include="..\..\library\gw\Widget\WidgetEventDragDrop_HGlobal.hpp">
      <Filter>cx\library\gw\Widget</Filter>
    </ClInclude>
    <ClInclude Include="..\..\library\gw\Widget\WidgetEventDragDrop_ClipboardFormat.hpp">
      <Filter>cx\library\gw\Widget</Filter>
    </ClInclude>
    <ClInclude Include="..\..\library\gw\Widget\WidgetEventDragDrop.hpp">
      <Filter>cx\library\gw\Widget</Filter>
    </ClInclude>
    <ClInclude Include="..\..\library\gw\Widget\Shape\LineShape.hpp">
      <Filter>cx\library\gw\Widget\Shape</Filter>
    </ClInclude>
    <ClInclude Include="..\..\library\gw\Widget\Shape\LineShapeDesign.hpp">
      <Filter>cx\library\gw\Widget\Shape</Filter>
    </ClInclude>
    <ClInclude Include="..\..\library\gw\Widget\Shape\pch.hpp">
      <Filter>cx\library\gw\Widget\Shape</Filter>
    </ClInclude>
    <ClInclude Include="..\..\library\gw\Widget\Shape\RectangleShape.hpp">
      <Filter>cx\library\gw\Widget\Shape</Filter>
    </ClInclude>
    <ClInclude Include="..\..\library\gw\Widget\Shape\RectangleShapeDesign.hpp">
      <Filter>cx\library\gw\Widget\Shape</Filter>
    </ClInclude>
    <ClInclude Include="..\..\library\gw\Widget\Shape\Shape.hpp">
      <Filter>cx\library\gw\Widget\Shape</Filter>
    </ClInclude>
    <ClInclude Include="..\..\library\gw\Widget\Shape\Shape_Classes.hpp">
      <Filter>cx\library\gw\Widget\Shape</Filter>
    </ClInclude>
    <ClInclude Include="..\..\library\gw\Widget\Shape\ShapeDesign.hpp">
      <Filter>cx\library\gw\Widget\Shape</Filter>
    </ClInclude>
    <ClInclude Include="..\..\library\gw\Widget\Shape\ShapeDesignTemplate.hpp">
      <Filter>cx\library\gw\Widget\Shape</Filter>
    </ClInclude>
    <ClInclude Include="..\..\library\gw\Widget\Shape\ShapeTemplate.hpp">
      <Filter>cx\library\gw\Widget\Shape</Filter>
    </ClInclude>
    <ClInclude Include="..\..\library\gw\Widget\Design\WidgetDesignerWindow.hpp">
      <Filter>cx\library\gw\Widget\Design</Filter>
    </ClInclude>
    <ClInclude Include="..\..\library\gw\Widget\Design\DesignWidget.hpp">
      <Filter>cx\library\gw\Widget\Design</Filter>
    </ClInclude>
    <ClInclude Include="..\..\library\gw\Widget\Design\DesignWidgetContext.hpp">
      <Filter>cx\library\gw\Widget\Design</Filter>
    </ClInclude>
    <ClInclude Include="..\..\library\gw\Widget\Design\pch.hpp">
      <Filter>cx\library\gw\Widget\Design</Filter>
    </ClInclude>
    <ClInclude Include="..\..\library\gw\Widget\Design\WidgetDesigner.hpp">
      <Filter>cx\library\gw\Widget\Design</Filter>
    </ClInclude>
    <ClInclude Include="..\..\library\gw\Widget\Design\WidgetDesignerCommand.hpp">
      <Filter>cx\library\gw\Widget\Design</Filter>
    </ClInclude>
    <ClInclude Include="..\..\library\gw\Widget\Design\WidgetDesignerConcreteCommand.hpp">
      <Filter>cx\library\gw\Widget\Design</Filter>
    </ClInclude>
    <ClInclude Include="..\..\library\gw\Widget\Design\WidgetDesignerFacility.hpp">
      <Filter>cx\library\gw\Widget\Design</Filter>
    </ClInclude>
    <ClInclude Include="..\..\library\gw\Widget\Design\WidgetDesignerModel.hpp">
      <Filter>cx\library\gw\Widget\Design</Filter>
    </ClInclude>
    <ClInclude Include="..\..\library\gw\Widget\Design\WidgetDesignerMouseTool.hpp">
      <Filter>cx\library\gw\Widget\Design</Filter>
    </ClInclude>
    <ClInclude Include="..\..\library\component\xml.hpp">
      <Filter>cx\library\component</Filter>
    </ClInclude>
    <ClInclude Include="..\..\library\component\pch.hpp">
      <Filter>cx\library\component</Filter>
    </ClInclude>
    <ClInclude Include="..\..\library\component\command_line.hpp">
      <Filter>cx\library\component</Filter>
    </ClInclude>
    <ClInclude Include="..\..\library\common\charset_system.hpp">
      <Filter>cx\library\common</Filter>
    </ClInclude>
    <ClInclude Include="..\..\library\common\common.hpp">
      <Filter>cx\library\common</Filter>
    </ClInclude>
    <ClInclude Include="..\..\library\common\fs_std_wstring.hpp">
      <Filter>cx\library\common</Filter>
    </ClInclude>
    <ClInclude Include="..\..\library\common\parse_c_string.hpp">
      <Filter>cx\library\common</Filter>
    </ClInclude>
    <ClInclude Include="..\..\library\common\pch.hpp">
      <Filter>cx\library\common</Filter>
    </ClInclude>
    <ClInclude Include="..\..\library\common\std_wstring_utility.hpp">
      <Filter>cx\library\common</Filter>
    </ClInclude>
    <ClInclude Include="..\..\library\common\to_std_wstring.hpp">
      <Filter>cx\library\common</Filter>
    </ClInclude>
  </ItemGroup>
  <ItemGroup>
    <ClCompile Include="src\Application.cpp">
      <Filter>src</Filter>
    </ClCompile>
    <ClCompile Include="src\Main.cpp">
      <Filter>src</Filter>
    </ClCompile>
    <ClCompile Include="src\pch.cpp">
      <Filter>src</Filter>
    </ClCompile>
    <ClCompile Include="src\Window\AboutBox.cpp">
      <Filter>src\Window</Filter>
    </ClCompile>
    <ClCompile Include="src\Window\MainFrame.cpp">
      <Filter>src\Window</Filter>
    </ClCompile>
    <ClCompile Include="src\WebUI\WebUIContents.cpp">
      <Filter>src\WebUI</Filter>
    </ClCompile>
    <ClCompile Include="src\WebUI\WebUIManager.cpp">
      <Filter>src\WebUI</Filter>
    </ClCompile>
    <ClCompile Include="src\WebUI\WebUIMessageService.cpp">
      <Filter>src\WebUI</Filter>
    </ClCompile>
    <ClCompile Include="src\WebUI\WebUIWindow.cpp">
      <Filter>src\WebUI</Filter>
    </ClCompile>
    <ClCompile Include="src\WebUI\WebUIView.cpp">
      <Filter>src\WebUI</Filter>
    </ClCompile>
    <ClCompile Include="..\..\library\wui\AppModule.cpp">
      <Filter>cx\library\wui</Filter>
    </ClCompile>
    <ClCompile Include="..\..\library\wui\CommonDialog\FileDialog.cpp">
      <Filter>cx\library\wui\CommonDialog</Filter>
    </ClCompile>
    <ClCompile Include="..\..\library\wui\CommonDialog\FolderDialog.cpp">
      <Filter>cx\library\wui\CommonDialog</Filter>
    </ClCompile>
    <ClCompile Include="..\..\library\wui\GDI\DC.cpp">
      <Filter>cx\library\wui\GDI</Filter>
    </ClCompile>
    <ClCompile Include="..\..\library\wui\GDI\DC_Classes.cpp">
      <Filter>cx\library\wui\GDI</Filter>
    </ClCompile>
    <ClCompile Include="..\..\library\wui\GDI\DC_Functions.cpp">
      <Filter>cx\library\wui\GDI</Filter>
    </ClCompile>
    <ClCompile Include="..\..\library\wui\GDI\GDIObject_Bitmap.cpp">
      <Filter>cx\library\wui\GDI</Filter>
    </ClCompile>
    <ClCompile Include="..\..\library\wui\GDI\GDIObject_Brush.cpp">
      <Filter>cx\library\wui\GDI</Filter>
    </ClCompile>
    <ClCompile Include="..\..\library\wui\GDI\GDIObject_Font.cpp">
      <Filter>cx\library\wui\GDI</Filter>
    </ClCompile>
    <ClCompile Include="..\..\library\wui\GDI\GDIObject_Pen.cpp">
      <Filter>cx\library\wui\GDI</Filter>
    </ClCompile>
    <ClCompile Include="..\..\library\wui\Resource\DialogTemplate.cpp">
      <Filter>cx\library\wui\Resource</Filter>
    </ClCompile>
    <ClCompile Include="..\..\library\wui\Resource\Resource.cpp">
      <Filter>cx\library\wui\Resource</Filter>
    </ClCompile>
    <ClCompile Include="..\..\library\wui\Resource\Resource_Functions.cpp">
      <Filter>cx\library\wui\Resource</Filter>
    </ClCompile>
    <ClCompile Include="..\..\library\wui\Window\BaseWindow.cpp">
      <Filter>cx\library\wui\Window</Filter>
    </ClCompile>
    <ClCompile Include="..\..\library\wui\Window\Coord.cpp">
      <Filter>cx\library\wui\Window</Filter>
    </ClCompile>
    <ClCompile Include="..\..\library\wui\Window\Window.cpp">
      <Filter>cx\library\wui\Window</Filter>
    </ClCompile>
    <ClCompile Include="..\..\library\wui\Window\Window_Functions.cpp">
      <Filter>cx\library\wui\Window</Filter>
    </ClCompile>
    <ClCompile Include="..\..\library\wui\Window\WindowClass.cpp">
      <Filter>cx\library\wui\Window</Filter>
    </ClCompile>
    <ClCompile Include="..\..\library\wui\Window\WindowMessage.cpp">
      <Filter>cx\library\wui\Window</Filter>
    </ClCompile>
    <ClCompile Include="..\..\library\wui\Window\WindowMessageCrack.cpp">
      <Filter>cx\library\wui\Window</Filter>
    </ClCompile>
    <ClCompile Include="..\..\library\wui\Window\WindowMessageLoop.cpp">
      <Filter>cx\library\wui\Window</Filter>
    </ClCompile>
    <ClCompile Include="..\..\library\wui\Window\WindowProc.cpp">
      <Filter>cx\library\wui\Window</Filter>
    </ClCompile>
    <ClCompile Include="..\..\library\runtime\assert.cpp">
      <Filter>cx\library\runtime</Filter>
    </ClCompile>
    <ClCompile Include="..\..\library\runtime\last_error.cpp">
      <Filter>cx\library\runtime</Filter>
    </ClCompile>
    <ClCompile Include="..\..\library\runtime\log.cpp">
      <Filter>cx\library\runtime</Filter>
    </ClCompile>
    <ClCompile Include="..\..\library\runtime\memory_debug.cpp">
      <Filter>cx\library\runtime</Filter>
    </ClCompile>
    <ClCompile Include="..\..\library\runtime\log_facility\log_async_writer.cpp">
      <Filter>cx\library\runtime\log_facility</Filter>
    </ClCompile>
    <ClCompile Include="..\..\library\runtime\log_facility\log_facility.cpp">
      <Filter>cx\library\runtime\log_facility</Filter>
    </ClCompile>
    <ClCompile Include="..\..\library\runtime\log_facility\log_item_memory.cpp">
      <Filter>cx\library\runtime\log_facility</Filter>
    </ClCompile>
    <ClCompile Include="..\..\library\runtime\log_facility\log_item_queue.cpp">
      <Filter>cx\library\runtime\log_facility</Filter>
    </ClCompile>
    <ClCompile Include="..\..\library\runtime\log_facility\log_writer.cpp">
      <Filter>cx\library\runtime\log_facility</Filter>
    </ClCompile>
    <ClCompile Include="..\..\library\network\net_addr_config.cpp">
      <Filter>cx\library\network</Filter>
    </ClCompile>
    <ClCompile Include="..\..\library\network\net_msg.cpp">
      <Filter>cx\library\network</Filter>
    </ClCompile>
    <ClCompile Include="..\..\library\network\net_msg_event_queue.cpp">
      <Filter>cx\library\network</Filter>
    </ClCompile>
    <ClCompile Include="..\..\library\network\net_msg_memory.cpp">
      <Filter>cx\library\network</Filter>
    </ClCompile>
    <ClCompile Include="..\..\library\network\net_msg_queue.cpp">
      <Filter>cx\library\network</Filter>
    </ClCompile>
    <ClCompile Include="..\..\library\network\socket.cpp">
      <Filter>cx\library\network</Filter>
    </ClCompile>
    <ClCompile Include="..\..\library\network\socket_address.cpp">
      <Filter>cx\library\network</Filter>
    </ClCompile>
    <ClCompile Include="..\..\library\network\socket_control.cpp">
      <Filter>cx\library\network</Filter>
    </ClCompile>
    <ClCompile Include="..\..\library\network\socket_descriptor.cpp">
      <Filter>cx\library\network</Filter>
    </ClCompile>
    <ClCompile Include="..\..\library\network\socket_error.cpp">
      <Filter>cx\library\network</Filter>
    </ClCompile>
    <ClCompile Include="..\..\library\network\socket_event_select.cpp">
      <Filter>cx\library\network</Filter>
    </ClCompile>
    <ClCompile Include="..\..\library\network\wsa.cpp">
      <Filter>cx\library\network</Filter>
    </ClCompile>
    <ClCompile Include="..\..\library\gw\Window.cpp">
      <Filter>cx\library\gw</Filter>
    </ClCompile>
    <ClCompile Include="..\..\library\gw\Viewport.cpp">
      <Filter>cx\library\gw</Filter>
    </ClCompile>
    <ClCompile Include="..\..\library\gw\Point.cpp">
      <Filter>cx\library\gw</Filter>
    </ClCompile>
    <ClCompile Include="..\..\library\gw\Drawable.cpp">
      <Filter>cx\library\gw</Filter>
    </ClCompile>
    <ClCompile Include="..\..\library\gw\DirectX2dGraphic.cpp">
      <Filter>cx\library\gw</Filter>
    </ClCompile>
    <ClCompile Include="..\..\library\gw\Context.cpp">
      <Filter>cx\library\gw</Filter>
    </ClCompile>
    <ClCompile Include="..\..\library\gw\Color.cpp">
      <Filter>cx\library\gw</Filter>
    </ClCompile>
    <ClCompile Include="..\..\library\gw\Bitmap.cpp">
      <Filter>cx\library\gw</Filter>
    </ClCompile>
    <ClCompile Include="..\..\library\gw\BaseEditWindow.cpp">
      <Filter>cx\library\gw</Filter>
    </ClCompile>
    <ClCompile Include="..\..\library\gw\Widget\WidgetDrawingStyle.cpp">
      <Filter>cx\library\gw\Widget</Filter>
    </ClCompile>
    <ClCompile Include="..\..\library\gw\Widget\WidgetDocument.cpp">
      <Filter>cx\library\gw\Widget</Filter>
    </ClCompile>
    <ClCompile Include="..\..\library\gw\Widget\Widget.cpp">
      <Filter>cx\library\gw\Widget</Filter>
    </ClCompile>
    <ClCompile Include="..\..\library\gw\Widget\WidgetResource.cpp">
      <Filter>cx\library\gw\Widget</Filter>
    </ClCompile>
    <ClCompile Include="..\..\library\gw\Widget\WidgetFactory.cpp">
      <Filter>cx\library\gw\Widget</Filter>
    </ClCompile>
    <ClCompile Include="..\..\library\gw\Widget\WidgetEventWindowMessageHandler.cpp">
      <Filter>cx\library\gw\Widget</Filter>
    </ClCompile>
    <ClCompile Include="..\..\library\gw\Widget\WidgetEventDragDrop_WindowDragDropComObject.cpp">
      <Filter>cx\library\gw\Widget</Filter>
    </ClCompile>
    <ClCompile Include="..\..\library\gw\Widget\WidgetEventDragDrop_HGlobal.cpp">
      <Filter>cx\library\gw\Widget</Filter>
    </ClCompile>
    <ClCompile Include="..\..\library\gw\Widget\WidgetEventDragDrop_ClipboardFormat.cpp">
      <Filter>cx\library\gw\Widget</Filter>
    </ClCompile>
    <ClCompile Include="..\..\library\gw\Widget\WidgetEventDragDrop.cpp">
      <Filter>cx\library\gw\Widget</Filter>
    </ClCompile>
    <ClCompile Include="..\..\library\gw\Widget\Shape\LineShape.cpp">
      <Filter>cx\library\gw\Widget\Shape</Filter>
    </ClCompile>
    <ClCompile Include="..\..\library\gw\Widget\Shape\LineShapeDesign.cpp">
      <Filter>cx\library\gw\Widget\Shape</Filter>
    </ClCompile>
    <ClCompile Include="..\..\library\gw\Widget\Shape\RectangleShape.cpp">
      <Filter>cx\library\gw\Widget\Shape</Filter>
    </ClCompile>
    <ClCompile Include="..\..\library\gw\Widget\Shape\RectangleShapeDesign.cpp">
      <Filter>cx\library\gw\Widget\Shape</Filter>
    </ClCompile>
    <ClCompile Include="..\..\library\gw\Widget\Shape\Shape.cpp">
      <Filter>cx\library\gw\Widget\Shape</Filter>
    </ClCompile>
    <ClCompile Include="..\..\library\gw\Widget\Shape\Shape_Classes.cpp">
      <Filter>cx\library\gw\Widget\Shape</Filter>
    </ClCompile>
    <ClCompile Include="..\..\library\gw\Widget\Shape\ShapeDesign.cpp">
      <Filter>cx\library\gw\Widget\Shape</Filter>
    </ClCompile>
    <ClCompile Include="..\..\library\gw\Widget\Shape\ShapeDesignTemplate.cpp">
      <Filter>cx\library\gw\Widget\Shape</Filter>
    </ClCompile>
    <ClCompile Include="..\..\library\gw\Widget\Shape\ShapeTemplate.cpp">
      <Filter>cx\library\gw\Widget\Shape</Filter>
    </ClCompile>
    <ClCompile Include="..\..\library\gw\Widget\Design\DesignWidget.cpp">
      <Filter>cx\library\gw\Widget\Design</Filter>
    </ClCompile>
    <ClCompile Include="..\..\library\gw\Widget\Design\DesignWidgetContext.cpp">
      <Filter>cx\library\gw\Widget\Design</Filter>
    </ClCompile>
    <ClCompile Include="..\..\library\gw\Widget\Design\WidgetDesigner.cpp">
      <Filter>cx\library\gw\Widget\Design</Filter>
    </ClCompile>
    <ClCompile Include="..\..\library\gw\Widget\Design\WidgetDesignerCommand.cpp">
      <Filter>cx\library\gw\Widget\Design</Filter>
    </ClCompile>
    <ClCompile Include="..\..\library\gw\Widget\Design\WidgetDesignerConcreteCommand.cpp">
      <Filter>cx\library\gw\Widget\Design</Filter>
    </ClCompile>
    <ClCompile Include="..\..\library\gw\Widget\Design\WidgetDesignerFacility.cpp">
      <Filter>cx\library\gw\Widget\Design</Filter>
    </ClCompile>
    <ClCompile Include="..\..\library\gw\Widget\Design\WidgetDesignerModel.cpp">
      <Filter>cx\library\gw\Widget\Design</Filter>
    </ClCompile>
    <ClCompile Include="..\..\library\gw\Widget\Design\WidgetDesignerMouseTool.cpp">
      <Filter>cx\library\gw\Widget\Design</Filter>
    </ClCompile>
    <ClCompile Include="..\..\library\gw\Widget\Design\WidgetDesignerWindow.cpp">
      <Filter>cx\library\gw\Widget\Design</Filter>
    </ClCompile>
    <ClCompile Include="..\..\library\component\xml.cpp">
      <Filter>cx\library\component</Filter>
    </ClCompile>
    <ClCompile Include="..\..\library\component\command_line.cpp">
      <Filter>cx\library\component</Filter>
    </ClCompile>
    <ClCompile Include="..\..\library\common\charset_system.cpp">
      <Filter>cx\library\common</Filter>
    </ClCompile>
    <ClCompile Include="..\..\library\common\fs_std_wstring.cpp">
      <Filter>cx\library\common</Filter>
    </ClCompile>
    <ClCompile Include="..\..\library\common\parse_c_string.cpp">
      <Filter>cx\library\common</Filter>
    </ClCompile>
    <ClCompile Include="..\..\library\common\std_wstring_utility.cpp">
      <Filter>cx\library\common</Filter>
    </ClCompile>
    <ClCompile Include="..\..\library\common\to_std_wstring.cpp">
      <Filter>cx\library\common</Filter>
    </ClCompile>
  </ItemGroup>
  <ItemGroup>
    <None Include="res\Application.aps">
      <Filter>res</Filter>
    </None>
    <None Include="vcpkg.json" />
    <None Include="res\web\basic.css">
      <Filter>res\web</Filter>
    </None>
    <None Include="res\web\core.js">
      <Filter>res\web</Filter>
    </None>
    <None Include="res\web\page_1\page.css">
      <Filter>res\web\page_1</Filter>
    </None>
    <None Include="res\web\page_1\page.html">
      <Filter>res\web\page_1</Filter>
    </None>
    <None Include="res\web\page_1\page.js">
      <Filter>res\web\page_1</Filter>
    </None>
    <None Include="res\web\page_2\page.js">
      <Filter>res\web\page_2</Filter>
    </None>
    <None Include="res\web\page_2\page.css">
      <Filter>res\web\page_2</Filter>
    </None>
    <None Include="res\web\page_2\page.html">
      <Filter>res\web\page_2</Filter>
    </None>
    <None Include="res\web\page_3\page.js">
      <Filter>res\web\page_3</Filter>
    </None>
    <None Include="res\web\page_3\page.css">
      <Filter>res\web\page_3</Filter>
    </None>
    <None Include="res\web\page_3\page.html">
      <Filter>res\web\page_3</Filter>
    </None>
    <None Include="res\web\page_home\page.js">
      <Filter>res\web\page_home</Filter>
    </None>
    <None Include="res\web\page_home\page.css">
      <Filter>res\web\page_home</Filter>
    </None>
    <None Include="res\web\page_home\page.html">
      <Filter>res\web\page_home</Filter>
    </None>
  </ItemGroup>
  <ItemGroup>
    <Image Include="res\Application.ico">
      <Filter>res</Filter>
    </Image>
    <Image Include="res\small.ico">
      <Filter>res</Filter>
    </Image>
  </ItemGroup>
  <ItemGroup>
    <ResourceCompile Include="res\Application.rc">
      <Filter>res</Filter>
    </ResourceCompile>
  </ItemGroup>
</Project>