<?xml version="1.0" encoding="utf-8"?>
<Project ToolsVersion="4.0" xmlns="http://schemas.microsoft.com/developer/msbuild/2003">
  <ItemGroup>
    <Filter Include="src">
      <UniqueIdentifier>{71cf7dc6-7246-48be-8684-5ecd62562c43}</UniqueIdentifier>
    </Filter>
    <Filter Include="res">
      <UniqueIdentifier>{32d999d2-9124-45f2-97c8-0b06cafc67d3}</UniqueIdentifier>
    </Filter>
    <Filter Include="src\Window">
      <UniqueIdentifier>{48b7b302-691a-47bf-80aa-6132461e8dc2}</UniqueIdentifier>
    </Filter>
    <Filter Include="cx">
      <UniqueIdentifier>{70d39ed5-f233-4543-8fd5-ff6a981f1e68}</UniqueIdentifier>
    </Filter>
    <Filter Include="cx\runtime">
      <UniqueIdentifier>{a072a5be-a309-4196-8d05-9724b85fb8e4}</UniqueIdentifier>
    </Filter>
    <Filter Include="cx\gw">
      <UniqueIdentifier>{f218ab38-7313-4bfd-9f1e-a8725760101a}</UniqueIdentifier>
    </Filter>
    <Filter Include="cx\wui">
      <UniqueIdentifier>{8daf0022-36d5-45a1-a88f-bcb4a4ae933f}</UniqueIdentifier>
    </Filter>
    <Filter Include="cx\wui\Window">
      <UniqueIdentifier>{83f692df-8be5-45a3-b2df-4ccdbc2dd4ed}</UniqueIdentifier>
    </Filter>
    <Filter Include="cx\wui\WindowMessage">
      <UniqueIdentifier>{89ac5f9d-799e-4064-9c45-4b5d26dc83d5}</UniqueIdentifier>
    </Filter>
    <Filter Include="cx\wui\GDI">
      <UniqueIdentifier>{1c471588-fe98-4e2a-ba21-75003a8f05c5}</UniqueIdentifier>
    </Filter>
    <Filter Include="cx\wui\Resource">
      <UniqueIdentifier>{ccd9337f-00f7-43a4-a792-8ee992a5f446}</UniqueIdentifier>
    </Filter>
  </ItemGroup>
  <ItemGroup>
    <ClCompile Include="src\Main.cpp">
      <Filter>src</Filter>
    </ClCompile>
    <ClCompile Include="src\pch.cpp">
      <Filter>src</Filter>
    </ClCompile>
    <ClCompile Include="src\Window\View.cpp">
      <Filter>src\Window</Filter>
    </ClCompile>
    <ClCompile Include="src\Window\MainFrame.cpp">
      <Filter>src\Window</Filter>
    </ClCompile>
    <ClCompile Include="src\Window\AboutBox.cpp">
      <Filter>src\Window</Filter>
    </ClCompile>
    <ClCompile Include="src\Application.cpp">
      <Filter>src</Filter>
    </ClCompile>
    <ClCompile Include="..\..\library\runtime\Assert.cpp">
      <Filter>cx\runtime</Filter>
    </ClCompile>
    <ClCompile Include="..\..\library\runtime\DebugMemory.cpp">
      <Filter>cx\runtime</Filter>
    </ClCompile>
    <ClCompile Include="..\..\library\runtime\LastError.cpp">
      <Filter>cx\runtime</Filter>
    </ClCompile>
    <ClCompile Include="..\..\library\runtime\Log.cpp">
      <Filter>cx\runtime</Filter>
    </ClCompile>
    <ClCompile Include="..\..\library\runtime\WindowApplication.cpp">
      <Filter>cx\runtime</Filter>
    </ClCompile>
    <ClCompile Include="..\..\library\gw\Viewport.cpp">
      <Filter>cx\gw</Filter>
    </ClCompile>
    <ClCompile Include="..\..\library\gw\Window.cpp">
      <Filter>cx\gw</Filter>
    </ClCompile>
    <ClCompile Include="..\..\library\gw\Drawable.cpp">
      <Filter>cx\gw</Filter>
    </ClCompile>
    <ClCompile Include="..\..\library\gw\BaseEditWindow.cpp">
      <Filter>cx\gw</Filter>
    </ClCompile>
    <ClCompile Include="..\..\library\gw\Context.cpp">
      <Filter>cx\gw</Filter>
    </ClCompile>
    <ClCompile Include="..\..\library\gw\DirectX2dGraphic.cpp">
      <Filter>cx\gw</Filter>
    </ClCompile>
    <ClCompile Include="..\..\library\wui\AppModule.cpp">
      <Filter>cx\wui</Filter>
    </ClCompile>
    <ClCompile Include="..\..\library\wui\Coord.cpp">
      <Filter>cx\wui</Filter>
    </ClCompile>
    <ClCompile Include="..\..\library\wui\Window\BaseWindow.cpp">
      <Filter>cx\wui\Window</Filter>
    </ClCompile>
    <ClCompile Include="..\..\library\wui\Window\Window.cpp">
      <Filter>cx\wui\Window</Filter>
    </ClCompile>
    <ClCompile Include="..\..\library\wui\Window\Window_Functions.cpp">
      <Filter>cx\wui\Window</Filter>
    </ClCompile>
    <ClCompile Include="..\..\library\wui\Window\WindowClass.cpp">
      <Filter>cx\wui\Window</Filter>
    </ClCompile>
    <ClCompile Include="..\..\library\wui\Window\WindowProc.cpp">
      <Filter>cx\wui\Window</Filter>
    </ClCompile>
    <ClCompile Include="..\..\library\wui\WindowMessage\WindowMessage.cpp">
      <Filter>cx\wui\WindowMessage</Filter>
    </ClCompile>
    <ClCompile Include="..\..\library\wui\WindowMessage\WindowMessageCrack.cpp">
      <Filter>cx\wui\WindowMessage</Filter>
    </ClCompile>
    <ClCompile Include="..\..\library\wui\WindowMessage\WindowMessageLoop.cpp">
      <Filter>cx\wui\WindowMessage</Filter>
    </ClCompile>
    <ClCompile Include="..\..\library\wui\GDI\DC.cpp">
      <Filter>cx\wui\GDI</Filter>
    </ClCompile>
    <ClCompile Include="..\..\library\wui\GDI\DC_Classes.cpp">
      <Filter>cx\wui\GDI</Filter>
    </ClCompile>
    <ClCompile Include="..\..\library\wui\GDI\DC_Functions.cpp">
      <Filter>cx\wui\GDI</Filter>
    </ClCompile>
    <ClCompile Include="..\..\library\wui\GDI\GDIObject_Bitmap.cpp">
      <Filter>cx\wui\GDI</Filter>
    </ClCompile>
    <ClCompile Include="..\..\library\wui\GDI\GDIObject_Brush.cpp">
      <Filter>cx\wui\GDI</Filter>
    </ClCompile>
    <ClCompile Include="..\..\library\wui\GDI\GDIObject_Font.cpp">
      <Filter>cx\wui\GDI</Filter>
    </ClCompile>
    <ClCompile Include="..\..\library\wui\GDI\GDIObject_Pen.cpp">
      <Filter>cx\wui\GDI</Filter>
    </ClCompile>
    <ClCompile Include="..\..\library\wui\Resource\DialogTemplate.cpp">
      <Filter>cx\wui\Resource</Filter>
    </ClCompile>
    <ClCompile Include="..\..\library\wui\Resource\Resource.cpp">
      <Filter>cx\wui\Resource</Filter>
    </ClCompile>
    <ClCompile Include="..\..\library\wui\Resource\Resource_Functions.cpp">
      <Filter>cx\wui\Resource</Filter>
    </ClCompile>
  </ItemGroup>
  <ItemGroup>
    <ClInclude Include="src\framework.hpp">
      <Filter>src</Filter>
    </ClInclude>
    <ClInclude Include="src\pch.hpp">
      <Filter>src</Filter>
    </ClInclude>
    <ClInclude Include="src\targetver.h">
      <Filter>src</Filter>
    </ClInclude>
    <ClInclude Include="res\Resource.h">
      <Filter>res</Filter>
    </ClInclude>
    <ClInclude Include="src\Window\pch.hpp">
      <Filter>src\Window</Filter>
    </ClInclude>
    <ClInclude Include="src\Window\AboutBox.hpp">
      <Filter>src\Window</Filter>
    </ClInclude>
    <ClInclude Include="src\Window\View.hpp">
      <Filter>src\Window</Filter>
    </ClInclude>
    <ClInclude Include="src\Window\MainFrame.hpp">
      <Filter>src\Window</Filter>
    </ClInclude>
    <ClInclude Include="src\Application.hpp">
      <Filter>src</Filter>
    </ClInclude>
    <ClInclude Include="..\..\library\library_window_cpp_framework.hpp">
      <Filter>cx</Filter>
    </ClInclude>
    <ClInclude Include="..\..\library\pch.hpp">
      <Filter>cx</Filter>
    </ClInclude>
    <ClInclude Include="..\..\library\runtime\Assert.hpp">
      <Filter>cx\runtime</Filter>
    </ClInclude>
    <ClInclude Include="..\..\library\runtime\DebugMemory.hpp">
      <Filter>cx\runtime</Filter>
    </ClInclude>
    <ClInclude Include="..\..\library\runtime\LastError.hpp">
      <Filter>cx\runtime</Filter>
    </ClInclude>
    <ClInclude Include="..\..\library\runtime\Log.hpp">
      <Filter>cx\runtime</Filter>
    </ClInclude>
    <ClInclude Include="..\..\library\runtime\Macros.hpp">
      <Filter>cx\runtime</Filter>
    </ClInclude>
    <ClInclude Include="..\..\library\runtime\pch.hpp">
      <Filter>cx\runtime</Filter>
    </ClInclude>
    <ClInclude Include="..\..\library\runtime\runtime.hpp">
      <Filter>cx\runtime</Filter>
    </ClInclude>
    <ClInclude Include="..\..\library\runtime\WindowApplication.hpp">
      <Filter>cx\runtime</Filter>
    </ClInclude>
    <ClInclude Include="..\..\library\gw\gw.hpp">
      <Filter>cx\gw</Filter>
    </ClInclude>
    <ClInclude Include="..\..\library\gw\pch.hpp">
      <Filter>cx\gw</Filter>
    </ClInclude>
    <ClInclude Include="..\..\library\gw\Viewport.hpp">
      <Filter>cx\gw</Filter>
    </ClInclude>
    <ClInclude Include="..\..\library\gw\Window.hpp">
      <Filter>cx\gw</Filter>
    </ClInclude>
    <ClInclude Include="..\..\library\gw\Drawable.hpp">
      <Filter>cx\gw</Filter>
    </ClInclude>
    <ClInclude Include="..\..\library\gw\BaseEditWindow.hpp">
      <Filter>cx\gw</Filter>
    </ClInclude>
    <ClInclude Include="..\..\library\gw\Context.hpp">
      <Filter>cx\gw</Filter>
    </ClInclude>
    <ClInclude Include="..\..\library\gw\DirectX2dGraphic.hpp">
      <Filter>cx\gw</Filter>
    </ClInclude>
    <ClInclude Include="..\..\library\wui\wui.hpp">
      <Filter>cx\wui</Filter>
    </ClInclude>
    <ClInclude Include="..\..\library\wui\AppModule.hpp">
      <Filter>cx\wui</Filter>
    </ClInclude>
    <ClInclude Include="..\..\library\wui\Coord.hpp">
      <Filter>cx\wui</Filter>
    </ClInclude>
    <ClInclude Include="..\..\library\wui\pch.hpp">
      <Filter>cx\wui</Filter>
    </ClInclude>
    <ClInclude Include="..\..\library\wui\Window\BaseWindow.hpp">
      <Filter>cx\wui\Window</Filter>
    </ClInclude>
    <ClInclude Include="..\..\library\wui\Window\BasicWindowT.hpp">
      <Filter>cx\wui\Window</Filter>
    </ClInclude>
    <ClInclude Include="..\..\library\wui\Window\MessageMapWindow.hpp">
      <Filter>cx\wui\Window</Filter>
    </ClInclude>
    <ClInclude Include="..\..\library\wui\Window\pch.hpp">
      <Filter>cx\wui\Window</Filter>
    </ClInclude>
    <ClInclude Include="..\..\library\wui\Window\Window.hpp">
      <Filter>cx\wui\Window</Filter>
    </ClInclude>
    <ClInclude Include="..\..\library\wui\Window\Window_Functions.hpp">
      <Filter>cx\wui\Window</Filter>
    </ClInclude>
    <ClInclude Include="..\..\library\wui\Window\WindowClass.hpp">
      <Filter>cx\wui\Window</Filter>
    </ClInclude>
    <ClInclude Include="..\..\library\wui\Window\WindowMessageHandler.hpp">
      <Filter>cx\wui\Window</Filter>
    </ClInclude>
    <ClInclude Include="..\..\library\wui\Window\WindowMessageMap.hpp">
      <Filter>cx\wui\Window</Filter>
    </ClInclude>
    <ClInclude Include="..\..\library\wui\Window\WindowProc.hpp">
      <Filter>cx\wui\Window</Filter>
    </ClInclude>
    <ClInclude Include="..\..\library\wui\Window\WindowStyle.hpp">
      <Filter>cx\wui\Window</Filter>
    </ClInclude>
    <ClInclude Include="..\..\library\wui\WindowMessage\WindowMessageLoop.hpp">
      <Filter>cx\wui\WindowMessage</Filter>
    </ClInclude>
    <ClInclude Include="..\..\library\wui\WindowMessage\pch.hpp">
      <Filter>cx\wui\WindowMessage</Filter>
    </ClInclude>
    <ClInclude Include="..\..\library\wui\WindowMessage\WindowMessage.hpp">
      <Filter>cx\wui\WindowMessage</Filter>
    </ClInclude>
    <ClInclude Include="..\..\library\wui\WindowMessage\WindowMessageCrack.hpp">
      <Filter>cx\wui\WindowMessage</Filter>
    </ClInclude>
    <ClInclude Include="..\..\library\wui\GDI\DC.hpp">
      <Filter>cx\wui\GDI</Filter>
    </ClInclude>
    <ClInclude Include="..\..\library\wui\GDI\DC_Classes.hpp">
      <Filter>cx\wui\GDI</Filter>
    </ClInclude>
    <ClInclude Include="..\..\library\wui\GDI\DC_Functions.hpp">
      <Filter>cx\wui\GDI</Filter>
    </ClInclude>
    <ClInclude Include="..\..\library\wui\GDI\GDIObject_Bitmap.hpp">
      <Filter>cx\wui\GDI</Filter>
    </ClInclude>
    <ClInclude Include="..\..\library\wui\GDI\GDIObject_Brush.hpp">
      <Filter>cx\wui\GDI</Filter>
    </ClInclude>
    <ClInclude Include="..\..\library\wui\GDI\GDIObject_Font.hpp">
      <Filter>cx\wui\GDI</Filter>
    </ClInclude>
    <ClInclude Include="..\..\library\wui\GDI\GDIObject_Pen.hpp">
      <Filter>cx\wui\GDI</Filter>
    </ClInclude>
    <ClInclude Include="..\..\library\wui\GDI\pch.hpp">
      <Filter>cx\wui\GDI</Filter>
    </ClInclude>
    <ClInclude Include="..\..\library\wui\GDI\BasicDCT.hpp">
      <Filter>cx\wui\GDI</Filter>
    </ClInclude>
    <ClInclude Include="..\..\library\wui\Resource\DialogTemplate.hpp">
      <Filter>cx\wui\Resource</Filter>
    </ClInclude>
    <ClInclude Include="..\..\library\wui\Resource\pch.hpp">
      <Filter>cx\wui\Resource</Filter>
    </ClInclude>
    <ClInclude Include="..\..\library\wui\Resource\Resource.hpp">
      <Filter>cx\wui\Resource</Filter>
    </ClInclude>
    <ClInclude Include="..\..\library\wui\Resource\Resource_Functions.hpp">
      <Filter>cx\wui\Resource</Filter>
    </ClInclude>
  </ItemGroup>
  <ItemGroup>
    <Image Include="res\Application.ico">
      <Filter>res</Filter>
    </Image>
    <Image Include="res\small.ico">
      <Filter>res</Filter>
    </Image>
  </ItemGroup>
  <ItemGroup>
    <ResourceCompile Include="res\Application.rc">
      <Filter>res</Filter>
    </ResourceCompile>
  </ItemGroup>
  <ItemGroup>
    <None Include="vcpkg.json" />
    <None Include="..\..\README.md" />
  </ItemGroup>
</Project>