
Microsoft Visual Studio Solution File, Format Version 12.00
# Visual Studio Version 17
VisualStudioVersion = 17.12.35527.113
MinimumVisualStudioVersion = 10.0.40219.1
Project("{2150E333-8FDC-42A3-9474-1A3956D46DE8}") = "Sample", "Sample", "{50EFC057-4A08-4362-8DAB-9B2001376C18}"
EndProject
Project("{2150E333-8FDC-42A3-9474-1A3956D46DE8}") = "Template", "Template", "{060EEB5B-2577-46C9-AA87-4D9B6B7E623D}"
EndProject
Project("{8BC9CEB8-8B4A-11D0-8D11-00A0C91BC942}") = "WidgetEditor", "tool\WidgetEditor\WidgetEditor.vcxproj", "{A59C4142-D346-40AF-91E4-9CFC2F540069}"
EndProject
Project("{2150E333-8FDC-42A3-9474-1A3956D46DE8}") = "Tool", "Tool", "{C2826898-6919-49D6-9840-D436441D42E9}"
EndProject
Project("{8BC9CEB8-8B4A-11D0-8D11-00A0C91BC942}") = "FWFileBuilder", "sample\FWFileBuilder\FWFileBuilder.vcxproj", "{58861549-E03E-4DF1-A103-B65DBDDC8BB7}"
EndProject
Project("{8BC9CEB8-8B4A-11D0-8D11-00A0C91BC942}") = "HelloWorld", "sample\HelloWorld\HelloWorld.vcxproj", "{2E28F682-4E72-4C6E-9FE1-7296F3E7D0EF}"
EndProject
Project("{8BC9CEB8-8B4A-11D0-8D11-00A0C91BC942}") = "WebUIApplication", "template\WebUIApplication\WebUIApplication.vcxproj", "{90A3A1A3-5647-4606-974A-E9E53080BBAC}"
EndProject
Project("{8BC9CEB8-8B4A-11D0-8D11-00A0C91BC942}") = "D2dApplication", "template\D2dApplication\D2dApplication.vcxproj", "{E2975FFD-2F13-4133-AB09-89DBED289258}"
EndProject
Project("{8BC9CEB8-8B4A-11D0-8D11-00A0C91BC942}") = "Application", "template\Application\Application.vcxproj", "{92090ECB-9102-45AF-94A6-9631B6B104A3}"
EndProject
Project("{8BC9CEB8-8B4A-11D0-8D11-00A0C91BC942}") = "D2dSample", "sample\D2dSample\D2dSample.vcxproj", "{B916C1DD-B567-42D1-B448-A51D8FA0589C}"
EndProject
Project("{8BC9CEB8-8B4A-11D0-8D11-00A0C91BC942}") = "VcFileGenerator", "tool\VcFileGenerator\VcFileGenerator.vcxproj", "{6E7C18C8-C702-418B-88BC-1A60D3C3A19C}"
EndProject
Project("{8BC9CEB8-8B4A-11D0-8D11-00A0C91BC942}") = "DialogApplication", "template\DialogApplication\DialogApplication.vcxproj", "{6A981E47-2870-4981-B74B-6C54A0D7C7A2}"
EndProject
Global
	GlobalSection(SolutionConfigurationPlatforms) = preSolution
		Debug|x64 = Debug|x64
		Debug|x86 = Debug|x86
		Release|x64 = Release|x64
		Release|x86 = Release|x86
	EndGlobalSection
	GlobalSection(ProjectConfigurationPlatforms) = postSolution
		{A59C4142-D346-40AF-91E4-9CFC2F540069}.Debug|x64.ActiveCfg = Debug|x64
		{A59C4142-D346-40AF-91E4-9CFC2F540069}.Debug|x64.Build.0 = Debug|x64
		{A59C4142-D346-40AF-91E4-9CFC2F540069}.Debug|x86.ActiveCfg = Debug|Win32
		{A59C4142-D346-40AF-91E4-9CFC2F540069}.Debug|x86.Build.0 = Debug|Win32
		{A59C4142-D346-40AF-91E4-9CFC2F540069}.Release|x64.ActiveCfg = Release|x64
		{A59C4142-D346-40AF-91E4-9CFC2F540069}.Release|x64.Build.0 = Release|x64
		{A59C4142-D346-40AF-91E4-9CFC2F540069}.Release|x86.ActiveCfg = Release|Win32
		{A59C4142-D346-40AF-91E4-9CFC2F540069}.Release|x86.Build.0 = Release|Win32
		{58861549-E03E-4DF1-A103-B65DBDDC8BB7}.Debug|x64.ActiveCfg = Debug|x64
		{58861549-E03E-4DF1-A103-B65DBDDC8BB7}.Debug|x64.Build.0 = Debug|x64
		{58861549-E03E-4DF1-A103-B65DBDDC8BB7}.Debug|x86.ActiveCfg = Debug|Win32
		{58861549-E03E-4DF1-A103-B65DBDDC8BB7}.Debug|x86.Build.0 = Debug|Win32
		{58861549-E03E-4DF1-A103-B65DBDDC8BB7}.Release|x64.ActiveCfg = Release|x64
		{58861549-E03E-4DF1-A103-B65DBDDC8BB7}.Release|x64.Build.0 = Release|x64
		{58861549-E03E-4DF1-A103-B65DBDDC8BB7}.Release|x86.ActiveCfg = Release|Win32
		{58861549-E03E-4DF1-A103-B65DBDDC8BB7}.Release|x86.Build.0 = Release|Win32
		{2E28F682-4E72-4C6E-9FE1-7296F3E7D0EF}.Debug|x64.ActiveCfg = Debug|x64
		{2E28F682-4E72-4C6E-9FE1-7296F3E7D0EF}.Debug|x64.Build.0 = Debug|x64
		{2E28F682-4E72-4C6E-9FE1-7296F3E7D0EF}.Debug|x86.ActiveCfg = Debug|Win32
		{2E28F682-4E72-4C6E-9FE1-7296F3E7D0EF}.Debug|x86.Build.0 = Debug|Win32
		{2E28F682-4E72-4C6E-9FE1-7296F3E7D0EF}.Release|x64.ActiveCfg = Release|x64
		{2E28F682-4E72-4C6E-9FE1-7296F3E7D0EF}.Release|x64.Build.0 = Release|x64
		{2E28F682-4E72-4C6E-9FE1-7296F3E7D0EF}.Release|x86.ActiveCfg = Release|Win32
		{2E28F682-4E72-4C6E-9FE1-7296F3E7D0EF}.Release|x86.Build.0 = Release|Win32
		{90A3A1A3-5647-4606-974A-E9E53080BBAC}.Debug|x64.ActiveCfg = Debug|x64
		{90A3A1A3-5647-4606-974A-E9E53080BBAC}.Debug|x64.Build.0 = Debug|x64
		{90A3A1A3-5647-4606-974A-E9E53080BBAC}.Debug|x86.ActiveCfg = Debug|Win32
		{90A3A1A3-5647-4606-974A-E9E53080BBAC}.Debug|x86.Build.0 = Debug|Win32
		{90A3A1A3-5647-4606-974A-E9E53080BBAC}.Release|x64.ActiveCfg = Release|x64
		{90A3A1A3-5647-4606-974A-E9E53080BBAC}.Release|x64.Build.0 = Release|x64
		{90A3A1A3-5647-4606-974A-E9E53080BBAC}.Release|x86.ActiveCfg = Release|Win32
		{90A3A1A3-5647-4606-974A-E9E53080BBAC}.Release|x86.Build.0 = Release|Win32
		{E2975FFD-2F13-4133-AB09-89DBED289258}.Debug|x64.ActiveCfg = Debug|x64
		{E2975FFD-2F13-4133-AB09-89DBED289258}.Debug|x64.Build.0 = Debug|x64
		{E2975FFD-2F13-4133-AB09-89DBED289258}.Debug|x86.ActiveCfg = Debug|Win32
		{E2975FFD-2F13-4133-AB09-89DBED289258}.Debug|x86.Build.0 = Debug|Win32
		{E2975FFD-2F13-4133-AB09-89DBED289258}.Release|x64.ActiveCfg = Release|x64
		{E2975FFD-2F13-4133-AB09-89DBED289258}.Release|x64.Build.0 = Release|x64
		{E2975FFD-2F13-4133-AB09-89DBED289258}.Release|x86.ActiveCfg = Release|Win32
		{E2975FFD-2F13-4133-AB09-89DBED289258}.Release|x86.Build.0 = Release|Win32
		{92090ECB-9102-45AF-94A6-9631B6B104A3}.Debug|x64.ActiveCfg = Debug|x64
		{92090ECB-9102-45AF-94A6-9631B6B104A3}.Debug|x64.Build.0 = Debug|x64
		{92090ECB-9102-45AF-94A6-9631B6B104A3}.Debug|x86.ActiveCfg = Debug|Win32
		{92090ECB-9102-45AF-94A6-9631B6B104A3}.Debug|x86.Build.0 = Debug|Win32
		{92090ECB-9102-45AF-94A6-9631B6B104A3}.Release|x64.ActiveCfg = Release|x64
		{92090ECB-9102-45AF-94A6-9631B6B104A3}.Release|x64.Build.0 = Release|x64
		{92090ECB-9102-45AF-94A6-9631B6B104A3}.Release|x86.ActiveCfg = Release|Win32
		{92090ECB-9102-45AF-94A6-9631B6B104A3}.Release|x86.Build.0 = Release|Win32
		{B916C1DD-B567-42D1-B448-A51D8FA0589C}.Debug|x64.ActiveCfg = Debug|x64
		{B916C1DD-B567-42D1-B448-A51D8FA0589C}.Debug|x64.Build.0 = Debug|x64
		{B916C1DD-B567-42D1-B448-A51D8FA0589C}.Debug|x86.ActiveCfg = Debug|Win32
		{B916C1DD-B567-42D1-B448-A51D8FA0589C}.Debug|x86.Build.0 = Debug|Win32
		{B916C1DD-B567-42D1-B448-A51D8FA0589C}.Release|x64.ActiveCfg = Release|x64
		{B916C1DD-B567-42D1-B448-A51D8FA0589C}.Release|x64.Build.0 = Release|x64
		{B916C1DD-B567-42D1-B448-A51D8FA0589C}.Release|x86.ActiveCfg = Release|Win32
		{B916C1DD-B567-42D1-B448-A51D8FA0589C}.Release|x86.Build.0 = Release|Win32
		{6E7C18C8-C702-418B-88BC-1A60D3C3A19C}.Debug|x64.ActiveCfg = Debug|x64
		{6E7C18C8-C702-418B-88BC-1A60D3C3A19C}.Debug|x64.Build.0 = Debug|x64
		{6E7C18C8-C702-418B-88BC-1A60D3C3A19C}.Debug|x86.ActiveCfg = Debug|Win32
		{6E7C18C8-C702-418B-88BC-1A60D3C3A19C}.Debug|x86.Build.0 = Debug|Win32
		{6E7C18C8-C702-418B-88BC-1A60D3C3A19C}.Release|x64.ActiveCfg = Release|x64
		{6E7C18C8-C702-418B-88BC-1A60D3C3A19C}.Release|x64.Build.0 = Release|x64
		{6E7C18C8-C702-418B-88BC-1A60D3C3A19C}.Release|x86.ActiveCfg = Release|Win32
		{6E7C18C8-C702-418B-88BC-1A60D3C3A19C}.Release|x86.Build.0 = Release|Win32
		{6A981E47-2870-4981-B74B-6C54A0D7C7A2}.Debug|x64.ActiveCfg = Debug|x64
		{6A981E47-2870-4981-B74B-6C54A0D7C7A2}.Debug|x64.Build.0 = Debug|x64
		{6A981E47-2870-4981-B74B-6C54A0D7C7A2}.Debug|x86.ActiveCfg = Debug|Win32
		{6A981E47-2870-4981-B74B-6C54A0D7C7A2}.Debug|x86.Build.0 = Debug|Win32
		{6A981E47-2870-4981-B74B-6C54A0D7C7A2}.Release|x64.ActiveCfg = Release|x64
		{6A981E47-2870-4981-B74B-6C54A0D7C7A2}.Release|x64.Build.0 = Release|x64
		{6A981E47-2870-4981-B74B-6C54A0D7C7A2}.Release|x86.ActiveCfg = Release|Win32
		{6A981E47-2870-4981-B74B-6C54A0D7C7A2}.Release|x86.Build.0 = Release|Win32
	EndGlobalSection
	GlobalSection(SolutionProperties) = preSolution
		HideSolutionNode = FALSE
	EndGlobalSection
	GlobalSection(NestedProjects) = preSolution
		{A59C4142-D346-40AF-91E4-9CFC2F540069} = {C2826898-6919-49D6-9840-D436441D42E9}
		{58861549-E03E-4DF1-A103-B65DBDDC8BB7} = {50EFC057-4A08-4362-8DAB-9B2001376C18}
		{2E28F682-4E72-4C6E-9FE1-7296F3E7D0EF} = {50EFC057-4A08-4362-8DAB-9B2001376C18}
		{90A3A1A3-5647-4606-974A-E9E53080BBAC} = {060EEB5B-2577-46C9-AA87-4D9B6B7E623D}
		{E2975FFD-2F13-4133-AB09-89DBED289258} = {060EEB5B-2577-46C9-AA87-4D9B6B7E623D}
		{92090ECB-9102-45AF-94A6-9631B6B104A3} = {060EEB5B-2577-46C9-AA87-4D9B6B7E623D}
		{B916C1DD-B567-42D1-B448-A51D8FA0589C} = {50EFC057-4A08-4362-8DAB-9B2001376C18}
		{6E7C18C8-C702-418B-88BC-1A60D3C3A19C} = {C2826898-6919-49D6-9840-D436441D42E9}
		{6A981E47-2870-4981-B74B-6C54A0D7C7A2} = {060EEB5B-2577-46C9-AA87-4D9B6B7E623D}
	EndGlobalSection
	GlobalSection(ExtensibilityGlobals) = postSolution
		SolutionGuid = {CC7C65DC-29E2-40ED-8440-0F008964DA46}
	EndGlobalSection
EndGlobal
