<?xml version="1.0" encoding="utf-8"?>
<Project ToolsVersion="4.0" xmlns="http://schemas.microsoft.com/developer/msbuild/2003">
  <ItemGroup>
    <Filter Include="res">
      <UniqueIdentifier>{a2f1bbeb-000e-40e0-a3aa-6e8576a32c5d}</UniqueIdentifier>
    </Filter>
    <Filter Include="src">
      <UniqueIdentifier>{b6b3e5be-5b05-4890-9f90-40405473a510}</UniqueIdentifier>
    </Filter>
    <Filter Include="cx">
      <UniqueIdentifier>{44a75d1c-e363-491e-85aa-c9c64ca3fa64}</UniqueIdentifier>
    </Filter>
    <Filter Include="cx\library">
      <UniqueIdentifier>{db7adabf-d9b2-438e-947a-c28205a4b000}</UniqueIdentifier>
    </Filter>
    <Filter Include="cx\library\wui">
      <UniqueIdentifier>{7a23c6f6-2d21-4025-aada-7844a506a493}</UniqueIdentifier>
    </Filter>
    <Filter Include="cx\library\wui\Window">
      <UniqueIdentifier>{7c3c5cbf-9466-468b-8191-ced44584b7d7}</UniqueIdentifier>
    </Filter>
    <Filter Include="cx\library\wui\GDI">
      <UniqueIdentifier>{ef0e685d-b9db-4fb6-949e-0a7441719e6a}</UniqueIdentifier>
    </Filter>
    <Filter Include="cx\library\wui\Resource">
      <UniqueIdentifier>{709e9e4b-724b-40a7-b25d-c949547cb09e}</UniqueIdentifier>
    </Filter>
    <Filter Include="cx\library\runtime">
      <UniqueIdentifier>{954e0180-1801-4780-bc83-45fcfc2b6996}</UniqueIdentifier>
    </Filter>
    <Filter Include="cx\library\gw">
      <UniqueIdentifier>{dfbb2534-2409-4d16-8dec-956c6f3c915f}</UniqueIdentifier>
    </Filter>
    <Filter Include="cx\library\component">
      <UniqueIdentifier>{ce90fba6-dc4c-4d39-ab6b-48cb853db7b9}</UniqueIdentifier>
    </Filter>
  </ItemGroup>
  <ItemGroup>
    <Image Include="res\Application.ico">
      <Filter>res</Filter>
    </Image>
    <Image Include="res\small.ico">
      <Filter>res</Filter>
    </Image>
  </ItemGroup>
  <ItemGroup>
    <ResourceCompile Include="res\Application.rc">
      <Filter>res</Filter>
    </ResourceCompile>
  </ItemGroup>
  <ItemGroup>
    <ClInclude Include="res\Resource.h">
      <Filter>res</Filter>
    </ClInclude>
    <ClInclude Include="src\framework.hpp">
      <Filter>src</Filter>
    </ClInclude>
    <ClInclude Include="src\pch.hpp">
      <Filter>src</Filter>
    </ClInclude>
    <ClInclude Include="src\targetver.h">
      <Filter>src</Filter>
    </ClInclude>
    <ClInclude Include="..\..\library\pch.hpp">
      <Filter>cx\library</Filter>
    </ClInclude>
    <ClInclude Include="..\..\library\library_window_cpp_framework.hpp">
      <Filter>cx\library</Filter>
    </ClInclude>
    <ClInclude Include="..\..\library\wui\AppModule.hpp">
      <Filter>cx\library\wui</Filter>
    </ClInclude>
    <ClInclude Include="..\..\library\wui\pch.hpp">
      <Filter>cx\library\wui</Filter>
    </ClInclude>
    <ClInclude Include="..\..\library\wui\wui.hpp">
      <Filter>cx\library\wui</Filter>
    </ClInclude>
    <ClInclude Include="..\..\library\wui\Window\BaseWindow.hpp">
      <Filter>cx\library\wui\Window</Filter>
    </ClInclude>
    <ClInclude Include="..\..\library\wui\Window\BasicWindowT.hpp">
      <Filter>cx\library\wui\Window</Filter>
    </ClInclude>
    <ClInclude Include="..\..\library\wui\Window\MessageMapWindow.hpp">
      <Filter>cx\library\wui\Window</Filter>
    </ClInclude>
    <ClInclude Include="..\..\library\wui\Window\pch.hpp">
      <Filter>cx\library\wui\Window</Filter>
    </ClInclude>
    <ClInclude Include="..\..\library\wui\Window\Window.hpp">
      <Filter>cx\library\wui\Window</Filter>
    </ClInclude>
    <ClInclude Include="..\..\library\wui\Window\WindowClass.hpp">
      <Filter>cx\library\wui\Window</Filter>
    </ClInclude>
    <ClInclude Include="..\..\library\wui\Window\WindowMessage.hpp">
      <Filter>cx\library\wui\Window</Filter>
    </ClInclude>
    <ClInclude Include="..\..\library\wui\Window\WindowMessageCrack.hpp">
      <Filter>cx\library\wui\Window</Filter>
    </ClInclude>
    <ClInclude Include="..\..\library\wui\Window\WindowMessageHandler.hpp">
      <Filter>cx\library\wui\Window</Filter>
    </ClInclude>
    <ClInclude Include="..\..\library\wui\Window\WindowMessageLoop.hpp">
      <Filter>cx\library\wui\Window</Filter>
    </ClInclude>
    <ClInclude Include="..\..\library\wui\Window\WindowMessageMap.hpp">
      <Filter>cx\library\wui\Window</Filter>
    </ClInclude>
    <ClInclude Include="..\..\library\wui\Window\WindowProc.hpp">
      <Filter>cx\library\wui\Window</Filter>
    </ClInclude>
    <ClInclude Include="..\..\library\wui\Window\WindowStyle.hpp">
      <Filter>cx\library\wui\Window</Filter>
    </ClInclude>
    <ClInclude Include="..\..\library\wui\Window\Window_Functions.hpp">
      <Filter>cx\library\wui\Window</Filter>
    </ClInclude>
    <ClInclude Include="..\..\library\wui\Window\Coord.hpp">
      <Filter>cx\library\wui\Window</Filter>
    </ClInclude>
    <ClInclude Include="..\..\library\wui\GDI\BasicDCT.hpp">
      <Filter>cx\library\wui\GDI</Filter>
    </ClInclude>
    <ClInclude Include="..\..\library\wui\GDI\DC.hpp">
      <Filter>cx\library\wui\GDI</Filter>
    </ClInclude>
    <ClInclude Include="..\..\library\wui\GDI\DC_Classes.hpp">
      <Filter>cx\library\wui\GDI</Filter>
    </ClInclude>
    <ClInclude Include="..\..\library\wui\GDI\DC_Functions.hpp">
      <Filter>cx\library\wui\GDI</Filter>
    </ClInclude>
    <ClInclude Include="..\..\library\wui\GDI\GDIObject_Bitmap.hpp">
      <Filter>cx\library\wui\GDI</Filter>
    </ClInclude>
    <ClInclude Include="..\..\library\wui\GDI\GDIObject_Brush.hpp">
      <Filter>cx\library\wui\GDI</Filter>
    </ClInclude>
    <ClInclude Include="..\..\library\wui\GDI\GDIObject_Font.hpp">
      <Filter>cx\library\wui\GDI</Filter>
    </ClInclude>
    <ClInclude Include="..\..\library\wui\GDI\GDIObject_Pen.hpp">
      <Filter>cx\library\wui\GDI</Filter>
    </ClInclude>
    <ClInclude Include="..\..\library\wui\GDI\pch.hpp">
      <Filter>cx\library\wui\GDI</Filter>
    </ClInclude>
    <ClInclude Include="..\..\library\wui\Resource\DialogTemplate.hpp">
      <Filter>cx\library\wui\Resource</Filter>
    </ClInclude>
    <ClInclude Include="..\..\library\wui\Resource\pch.hpp">
      <Filter>cx\library\wui\Resource</Filter>
    </ClInclude>
    <ClInclude Include="..\..\library\wui\Resource\Resource.hpp">
      <Filter>cx\library\wui\Resource</Filter>
    </ClInclude>
    <ClInclude Include="..\..\library\wui\Resource\Resource_Functions.hpp">
      <Filter>cx\library\wui\Resource</Filter>
    </ClInclude>
    <ClInclude Include="..\..\library\runtime\Assert.hpp">
      <Filter>cx\library\runtime</Filter>
    </ClInclude>
    <ClInclude Include="..\..\library\runtime\DebugMemory.hpp">
      <Filter>cx\library\runtime</Filter>
    </ClInclude>
    <ClInclude Include="..\..\library\runtime\LastError.hpp">
      <Filter>cx\library\runtime</Filter>
    </ClInclude>
    <ClInclude Include="..\..\library\runtime\Log.hpp">
      <Filter>cx\library\runtime</Filter>
    </ClInclude>
    <ClInclude Include="..\..\library\runtime\Macros.hpp">
      <Filter>cx\library\runtime</Filter>
    </ClInclude>
    <ClInclude Include="..\..\library\runtime\pch.hpp">
      <Filter>cx\library\runtime</Filter>
    </ClInclude>
    <ClInclude Include="..\..\library\runtime\runtime.hpp">
      <Filter>cx\library\runtime</Filter>
    </ClInclude>
    <ClInclude Include="..\..\library\runtime\WindowApplication.hpp">
      <Filter>cx\library\runtime</Filter>
    </ClInclude>
    <ClInclude Include="..\..\library\gw\BaseEditWindow.hpp">
      <Filter>cx\library\gw</Filter>
    </ClInclude>
    <ClInclude Include="..\..\library\gw\Context.hpp">
      <Filter>cx\library\gw</Filter>
    </ClInclude>
    <ClInclude Include="..\..\library\gw\DirectX2dGraphic.hpp">
      <Filter>cx\library\gw</Filter>
    </ClInclude>
    <ClInclude Include="..\..\library\gw\Drawable.hpp">
      <Filter>cx\library\gw</Filter>
    </ClInclude>
    <ClInclude Include="..\..\library\gw\gw.hpp">
      <Filter>cx\library\gw</Filter>
    </ClInclude>
    <ClInclude Include="..\..\library\gw\pch.hpp">
      <Filter>cx\library\gw</Filter>
    </ClInclude>
    <ClInclude Include="..\..\library\gw\Viewport.hpp">
      <Filter>cx\library\gw</Filter>
    </ClInclude>
    <ClInclude Include="..\..\library\gw\Window.hpp">
      <Filter>cx\library\gw</Filter>
    </ClInclude>
    <ClInclude Include="..\..\library\component\charset_system.hpp">
      <Filter>cx\library\component</Filter>
    </ClInclude>
    <ClInclude Include="..\..\library\component\parse_c_string.hpp">
      <Filter>cx\library\component</Filter>
    </ClInclude>
    <ClInclude Include="..\..\library\component\pch.hpp">
      <Filter>cx\library\component</Filter>
    </ClInclude>
    <ClInclude Include="..\..\library\component\std_wstring_utility.hpp">
      <Filter>cx\library\component</Filter>
    </ClInclude>
    <ClInclude Include="..\..\library\component\to_std_wstring.hpp">
      <Filter>cx\library\component</Filter>
    </ClInclude>
    <ClInclude Include="..\..\library\component\xml.hpp">
      <Filter>cx\library\component</Filter>
    </ClInclude>
  </ItemGroup>
  <ItemGroup>
    <ClCompile Include="src\Main.cpp">
      <Filter>src</Filter>
    </ClCompile>
    <ClCompile Include="src\pch.cpp">
      <Filter>src</Filter>
    </ClCompile>
    <ClCompile Include="..\..\library\wui\AppModule.cpp">
      <Filter>cx\library\wui</Filter>
    </ClCompile>
    <ClCompile Include="..\..\library\wui\Window\BaseWindow.cpp">
      <Filter>cx\library\wui\Window</Filter>
    </ClCompile>
    <ClCompile Include="..\..\library\wui\Window\Window.cpp">
      <Filter>cx\library\wui\Window</Filter>
    </ClCompile>
    <ClCompile Include="..\..\library\wui\Window\WindowClass.cpp">
      <Filter>cx\library\wui\Window</Filter>
    </ClCompile>
    <ClCompile Include="..\..\library\wui\Window\WindowMessage.cpp">
      <Filter>cx\library\wui\Window</Filter>
    </ClCompile>
    <ClCompile Include="..\..\library\wui\Window\WindowMessageCrack.cpp">
      <Filter>cx\library\wui\Window</Filter>
    </ClCompile>
    <ClCompile Include="..\..\library\wui\Window\WindowMessageLoop.cpp">
      <Filter>cx\library\wui\Window</Filter>
    </ClCompile>
    <ClCompile Include="..\..\library\wui\Window\WindowProc.cpp">
      <Filter>cx\library\wui\Window</Filter>
    </ClCompile>
    <ClCompile Include="..\..\library\wui\Window\Window_Functions.cpp">
      <Filter>cx\library\wui\Window</Filter>
    </ClCompile>
    <ClCompile Include="..\..\library\wui\Window\Coord.cpp">
      <Filter>cx\library\wui\Window</Filter>
    </ClCompile>
    <ClCompile Include="..\..\library\wui\GDI\DC.cpp">
      <Filter>cx\library\wui\GDI</Filter>
    </ClCompile>
    <ClCompile Include="..\..\library\wui\GDI\DC_Classes.cpp">
      <Filter>cx\library\wui\GDI</Filter>
    </ClCompile>
    <ClCompile Include="..\..\library\wui\GDI\DC_Functions.cpp">
      <Filter>cx\library\wui\GDI</Filter>
    </ClCompile>
    <ClCompile Include="..\..\library\wui\GDI\GDIObject_Bitmap.cpp">
      <Filter>cx\library\wui\GDI</Filter>
    </ClCompile>
    <ClCompile Include="..\..\library\wui\GDI\GDIObject_Brush.cpp">
      <Filter>cx\library\wui\GDI</Filter>
    </ClCompile>
    <ClCompile Include="..\..\library\wui\GDI\GDIObject_Font.cpp">
      <Filter>cx\library\wui\GDI</Filter>
    </ClCompile>
    <ClCompile Include="..\..\library\wui\GDI\GDIObject_Pen.cpp">
      <Filter>cx\library\wui\GDI</Filter>
    </ClCompile>
    <ClCompile Include="..\..\library\wui\Resource\DialogTemplate.cpp">
      <Filter>cx\library\wui\Resource</Filter>
    </ClCompile>
    <ClCompile Include="..\..\library\wui\Resource\Resource.cpp">
      <Filter>cx\library\wui\Resource</Filter>
    </ClCompile>
    <ClCompile Include="..\..\library\wui\Resource\Resource_Functions.cpp">
      <Filter>cx\library\wui\Resource</Filter>
    </ClCompile>
    <ClCompile Include="..\..\library\runtime\Assert.cpp">
      <Filter>cx\library\runtime</Filter>
    </ClCompile>
    <ClCompile Include="..\..\library\runtime\DebugMemory.cpp">
      <Filter>cx\library\runtime</Filter>
    </ClCompile>
    <ClCompile Include="..\..\library\runtime\LastError.cpp">
      <Filter>cx\library\runtime</Filter>
    </ClCompile>
    <ClCompile Include="..\..\library\runtime\Log.cpp">
      <Filter>cx\library\runtime</Filter>
    </ClCompile>
    <ClCompile Include="..\..\library\runtime\WindowApplication.cpp">
      <Filter>cx\library\runtime</Filter>
    </ClCompile>
    <ClCompile Include="..\..\library\gw\BaseEditWindow.cpp">
      <Filter>cx\library\gw</Filter>
    </ClCompile>
    <ClCompile Include="..\..\library\gw\Context.cpp">
      <Filter>cx\library\gw</Filter>
    </ClCompile>
    <ClCompile Include="..\..\library\gw\DirectX2dGraphic.cpp">
      <Filter>cx\library\gw</Filter>
    </ClCompile>
    <ClCompile Include="..\..\library\gw\Drawable.cpp">
      <Filter>cx\library\gw</Filter>
    </ClCompile>
    <ClCompile Include="..\..\library\gw\Viewport.cpp">
      <Filter>cx\library\gw</Filter>
    </ClCompile>
    <ClCompile Include="..\..\library\gw\Window.cpp">
      <Filter>cx\library\gw</Filter>
    </ClCompile>
    <ClCompile Include="..\..\library\component\charset_system.cpp">
      <Filter>cx\library\component</Filter>
    </ClCompile>
    <ClCompile Include="..\..\library\component\parse_c_string.cpp">
      <Filter>cx\library\component</Filter>
    </ClCompile>
    <ClCompile Include="..\..\library\component\std_wstring_utility.cpp">
      <Filter>cx\library\component</Filter>
    </ClCompile>
    <ClCompile Include="..\..\library\component\to_std_wstring.cpp">
      <Filter>cx\library\component</Filter>
    </ClCompile>
    <ClCompile Include="..\..\library\component\xml.cpp">
      <Filter>cx\library\component</Filter>
    </ClCompile>
  </ItemGroup>
</Project>