<?xml version="1.0" encoding="utf-8"?>
<Project ToolsVersion="4.0" xmlns="http://schemas.microsoft.com/developer/msbuild/2003">
  <ItemGroup>
    <Filter Include="res">
      <UniqueIdentifier>{03d5da05-1cda-42f8-9f30-ed58ec6b4ce2}</UniqueIdentifier>
    </Filter>
    <Filter Include="src">
      <UniqueIdentifier>{b082cb56-a853-422e-9476-faa91a9c0571}</UniqueIdentifier>
    </Filter>
    <Filter Include="src\Window">
      <UniqueIdentifier>{bd49fee6-5327-480a-b0fa-87b4915fcd3d}</UniqueIdentifier>
    </Filter>
  </ItemGroup>
  <ItemGroup>
    <ClCompile Include=".\src\Application.cpp">
      <Filter>src</Filter>
    </ClCompile>
    <ClCompile Include=".\src\Main.cpp">
      <Filter>src</Filter>
    </ClCompile>
    <ClCompile Include=".\src\pch.cpp">
      <Filter>src</Filter>
    </ClCompile>
    <ClCompile Include="src\Window\MainBox.cpp">
      <Filter>src\Window</Filter>
    </ClCompile>
  </ItemGroup>
  <ItemGroup>
    <ClInclude Include=".\res\Resource.h">
      <Filter>res</Filter>
    </ClInclude>
    <ClInclude Include=".\src\Application.hpp">
      <Filter>src</Filter>
    </ClInclude>
    <ClInclude Include=".\src\framework.hpp">
      <Filter>src</Filter>
    </ClInclude>
    <ClInclude Include=".\src\pch.hpp">
      <Filter>src</Filter>
    </ClInclude>
    <ClInclude Include=".\src\targetver.h">
      <Filter>src</Filter>
    </ClInclude>
    <ClInclude Include="src\Window\MainBox.hpp">
      <Filter>src\Window</Filter>
    </ClInclude>
    <ClInclude Include="src\Window\pch.hpp">
      <Filter>src\Window</Filter>
    </ClInclude>
  </ItemGroup>
  <ItemGroup>
    <ResourceCompile Include=".\res\Application.rc">
      <Filter>res</Filter>
    </ResourceCompile>
  </ItemGroup>
  <ItemGroup>
    <Image Include=".\res\Application.ico">
      <Filter>res</Filter>
    </Image>
    <Image Include=".\res\small.ico">
      <Filter>res</Filter>
    </Image>
  </ItemGroup>
  <ItemGroup>
    <None Include=".\vcpkg.json" />
  </ItemGroup>
</Project>