<?xml version="1.0" encoding="utf-8"?>
<Project ToolsVersion="4.0" xmlns="http://schemas.microsoft.com/developer/msbuild/2003">
  <ItemGroup>
    <Filter Include="res">
      <UniqueIdentifier>{8325d34e-a86e-418d-9589-6ff0d718fce5}</UniqueIdentifier>
    </Filter>
    <Filter Include="src">
      <UniqueIdentifier>{fb5271d4-f7c9-41a8-9da6-4416531c8bb5}</UniqueIdentifier>
    </Filter>
    <Filter Include="src\Window">
      <UniqueIdentifier>{6cc0a8ae-694d-4c28-af0b-4c03b9c78faf}</UniqueIdentifier>
    </Filter>
    <Filter Include="src\WebUI">
      <UniqueIdentifier>{0fd7f313-8736-442c-84bf-b8e62ac4f76d}</UniqueIdentifier>
    </Filter>
    <Filter Include="res\web">
      <UniqueIdentifier>{ae5efd6c-7402-4696-a124-a34cc062980b}</UniqueIdentifier>
    </Filter>
    <Filter Include="res\web\images">
      <UniqueIdentifier>{a3ea0064-a1c1-42bc-a05f-a3fa661c060b}</UniqueIdentifier>
    </Filter>
    <Filter Include="res\web\page_home">
      <UniqueIdentifier>{aa907678-63fc-4608-8df5-c6efaa362643}</UniqueIdentifier>
    </Filter>
  </ItemGroup>
  <ItemGroup>
    <ClCompile Include=".\src\Application.cpp">
      <Filter>src</Filter>
    </ClCompile>
    <ClCompile Include=".\src\Main.cpp">
      <Filter>src</Filter>
    </ClCompile>
    <ClCompile Include=".\src\Window\MainBox.cpp">
      <Filter>src\Window</Filter>
    </ClCompile>
    <ClCompile Include=".\src\pch.cpp">
      <Filter>src</Filter>
    </ClCompile>
    <ClCompile Include="src\WebUI\WebUIContents.cpp">
      <Filter>src\WebUI</Filter>
    </ClCompile>
    <ClCompile Include="src\WebUI\WebUIManager.cpp">
      <Filter>src\WebUI</Filter>
    </ClCompile>
    <ClCompile Include="src\WebUI\WebUIMessageService.cpp">
      <Filter>src\WebUI</Filter>
    </ClCompile>
    <ClCompile Include="src\WebUI\WebUIView.cpp">
      <Filter>src\WebUI</Filter>
    </ClCompile>
    <ClCompile Include="src\WebUI\WebUIWindow.cpp">
      <Filter>src\WebUI</Filter>
    </ClCompile>
  </ItemGroup>
  <ItemGroup>
    <ClInclude Include=".\res\Resource.h">
      <Filter>res</Filter>
    </ClInclude>
    <ClInclude Include=".\src\Application.hpp">
      <Filter>src</Filter>
    </ClInclude>
    <ClInclude Include=".\src\Window\MainBox.hpp">
      <Filter>src\Window</Filter>
    </ClInclude>
    <ClInclude Include=".\src\Window\pch.hpp">
      <Filter>src\Window</Filter>
    </ClInclude>
    <ClInclude Include=".\src\framework.hpp">
      <Filter>src</Filter>
    </ClInclude>
    <ClInclude Include=".\src\pch.hpp">
      <Filter>src</Filter>
    </ClInclude>
    <ClInclude Include=".\src\targetver.h">
      <Filter>src</Filter>
    </ClInclude>
    <ClInclude Include="src\WebUI\pch.hpp">
      <Filter>src\WebUI</Filter>
    </ClInclude>
    <ClInclude Include="src\WebUI\WebUI.hpp">
      <Filter>src\WebUI</Filter>
    </ClInclude>
    <ClInclude Include="src\WebUI\WebUIContents.hpp">
      <Filter>src\WebUI</Filter>
    </ClInclude>
    <ClInclude Include="src\WebUI\WebUIManager.hpp">
      <Filter>src\WebUI</Filter>
    </ClInclude>
    <ClInclude Include="src\WebUI\WebUIMessageService.hpp">
      <Filter>src\WebUI</Filter>
    </ClInclude>
    <ClInclude Include="src\WebUI\WebUIView.hpp">
      <Filter>src\WebUI</Filter>
    </ClInclude>
    <ClInclude Include="src\WebUI\WebUIWindow.hpp">
      <Filter>src\WebUI</Filter>
    </ClInclude>
  </ItemGroup>
  <ItemGroup>
    <ResourceCompile Include=".\res\Application.rc">
      <Filter>res</Filter>
    </ResourceCompile>
  </ItemGroup>
  <ItemGroup>
    <Image Include=".\res\Application.ico">
      <Filter>res</Filter>
    </Image>
    <Image Include=".\res\small.ico">
      <Filter>res</Filter>
    </Image>
    <Image Include="res\web\images\logo.png">
      <Filter>res\web\images</Filter>
    </Image>
  </ItemGroup>
  <ItemGroup>
    <None Include=".\vcpkg.json" />
    <None Include="res\web\basic.css">
      <Filter>res\web</Filter>
    </None>
    <None Include="res\web\core.js">
      <Filter>res\web</Filter>
    </None>
    <None Include="res\web\page_home\page.css">
      <Filter>res\web\page_home</Filter>
    </None>
    <None Include="res\web\page_home\page.html">
      <Filter>res\web\page_home</Filter>
    </None>
    <None Include="res\web\page_home\page.js">
      <Filter>res\web\page_home</Filter>
    </None>
  </ItemGroup>
</Project>