<?xml version="1.0" encoding="utf-8"?>
<Project ToolsVersion="4.0" xmlns="http://schemas.microsoft.com/developer/msbuild/2003">
  <ItemGroup>
    <Filter Include="res">
      <UniqueIdentifier>{8325d34e-a86e-418d-9589-6ff0d718fce5}</UniqueIdentifier>
    </Filter>
    <Filter Include="src">
      <UniqueIdentifier>{fb5271d4-f7c9-41a8-9da6-4416531c8bb5}</UniqueIdentifier>
    </Filter>
    <Filter Include="src\Window">
      <UniqueIdentifier>{6cc0a8ae-694d-4c28-af0b-4c03b9c78faf}</UniqueIdentifier>
    </Filter>
    <Filter Include="src\WebUI">
      <UniqueIdentifier>{0fd7f313-8736-442c-84bf-b8e62ac4f76d}</UniqueIdentifier>
    </Filter>
    <Filter Include="res\web">
      <UniqueIdentifier>{ae5efd6c-7402-4696-a124-a34cc062980b}</UniqueIdentifier>
    </Filter>
    <Filter Include="res\web\images">
      <UniqueIdentifier>{a3ea0064-a1c1-42bc-a05f-a3fa661c060b}</UniqueIdentifier>
    </Filter>
    <Filter Include="res\web\page_home">
      <UniqueIdentifier>{aa907678-63fc-4608-8df5-c6efaa362643}</UniqueIdentifier>
    </Filter>
    <Filter Include="cx">
      <UniqueIdentifier>{ef8816b5-cc10-41d8-89b7-d8f885554125}</UniqueIdentifier>
    </Filter>
    <Filter Include="cx\library">
      <UniqueIdentifier>{20f751f0-6e9c-4c04-8fac-c3dac0f26d39}</UniqueIdentifier>
    </Filter>
    <Filter Include="cx\library\wui">
      <UniqueIdentifier>{928043b1-10cc-4fb2-9054-e0548667e34e}</UniqueIdentifier>
    </Filter>
    <Filter Include="cx\library\wui\CommonDialog">
      <UniqueIdentifier>{0ebd6a8b-b6a5-4fe6-b02d-c145b7cd0f7e}</UniqueIdentifier>
    </Filter>
    <Filter Include="cx\library\wui\GDI">
      <UniqueIdentifier>{c14c2171-4f74-4716-9ee1-75a36c2c7e19}</UniqueIdentifier>
    </Filter>
    <Filter Include="cx\library\wui\Resource">
      <UniqueIdentifier>{b0b3f15a-b858-4ae2-a9e8-eebb232c4c44}</UniqueIdentifier>
    </Filter>
    <Filter Include="cx\library\wui\Window">
      <UniqueIdentifier>{1142788e-9e57-4aca-86fe-cd944cc0fb24}</UniqueIdentifier>
    </Filter>
    <Filter Include="cx\library\runtime">
      <UniqueIdentifier>{5e548da3-abb0-4c23-bb93-124b5628b56f}</UniqueIdentifier>
    </Filter>
    <Filter Include="cx\library\runtime\log_facility">
      <UniqueIdentifier>{6295513b-b1a4-4e3b-b6b1-acad048ad6ed}</UniqueIdentifier>
    </Filter>
    <Filter Include="cx\library\pch">
      <UniqueIdentifier>{b293ed3f-f4fe-4202-b90c-c7a0732836c6}</UniqueIdentifier>
    </Filter>
    <Filter Include="cx\library\network">
      <UniqueIdentifier>{68445202-fda7-471d-9ec5-7a57816e2ced}</UniqueIdentifier>
    </Filter>
    <Filter Include="cx\library\gw">
      <UniqueIdentifier>{19d4909a-6b0a-409d-aab0-71f6cce4e9c2}</UniqueIdentifier>
    </Filter>
    <Filter Include="cx\library\gw\Widget">
      <UniqueIdentifier>{b6a5dd49-eee3-42fb-abb7-85b47b3a4aa9}</UniqueIdentifier>
    </Filter>
    <Filter Include="cx\library\gw\Widget\Shape">
      <UniqueIdentifier>{444e5a7b-7cdb-459d-8e3f-b9555ef8b609}</UniqueIdentifier>
    </Filter>
    <Filter Include="cx\library\gw\Widget\Design">
      <UniqueIdentifier>{a2e6525c-210d-442a-b6ae-f63954b736b2}</UniqueIdentifier>
    </Filter>
    <Filter Include="cx\library\component">
      <UniqueIdentifier>{2bbf989e-2c9b-483f-802f-e37860d1e061}</UniqueIdentifier>
    </Filter>
    <Filter Include="cx\library\common">
      <UniqueIdentifier>{9cbaac98-e697-4f7f-9042-0e7af366eb7a}</UniqueIdentifier>
    </Filter>
  </ItemGroup>
  <ItemGroup>
    <ClCompile Include=".\src\Application.cpp">
      <Filter>src</Filter>
    </ClCompile>
    <ClCompile Include=".\src\Main.cpp">
      <Filter>src</Filter>
    </ClCompile>
    <ClCompile Include=".\src\Window\MainBox.cpp">
      <Filter>src\Window</Filter>
    </ClCompile>
    <ClCompile Include=".\src\pch.cpp">
      <Filter>src</Filter>
    </ClCompile>
    <ClCompile Include="src\WebUI\WebUIContents.cpp">
      <Filter>src\WebUI</Filter>
    </ClCompile>
    <ClCompile Include="src\WebUI\WebUIManager.cpp">
      <Filter>src\WebUI</Filter>
    </ClCompile>
    <ClCompile Include="src\WebUI\WebUIMessageService.cpp">
      <Filter>src\WebUI</Filter>
    </ClCompile>
    <ClCompile Include="src\WebUI\WebUIView.cpp">
      <Filter>src\WebUI</Filter>
    </ClCompile>
    <ClCompile Include="src\WebUI\WebUIWindow.cpp">
      <Filter>src\WebUI</Filter>
    </ClCompile>
    <ClCompile Include="..\..\library\wui\AppModule.cpp">
      <Filter>cx\library\wui</Filter>
    </ClCompile>
    <ClCompile Include="..\..\library\wui\CommonDialog\FileDialog.cpp">
      <Filter>cx\library\wui\CommonDialog</Filter>
    </ClCompile>
    <ClCompile Include="..\..\library\wui\CommonDialog\FolderDialog.cpp">
      <Filter>cx\library\wui\CommonDialog</Filter>
    </ClCompile>
    <ClCompile Include="..\..\library\wui\GDI\DC.cpp">
      <Filter>cx\library\wui\GDI</Filter>
    </ClCompile>
    <ClCompile Include="..\..\library\wui\GDI\DC_Classes.cpp">
      <Filter>cx\library\wui\GDI</Filter>
    </ClCompile>
    <ClCompile Include="..\..\library\wui\GDI\DC_Functions.cpp">
      <Filter>cx\library\wui\GDI</Filter>
    </ClCompile>
    <ClCompile Include="..\..\library\wui\GDI\GDIObject_Bitmap.cpp">
      <Filter>cx\library\wui\GDI</Filter>
    </ClCompile>
    <ClCompile Include="..\..\library\wui\GDI\GDIObject_Brush.cpp">
      <Filter>cx\library\wui\GDI</Filter>
    </ClCompile>
    <ClCompile Include="..\..\library\wui\GDI\GDIObject_Font.cpp">
      <Filter>cx\library\wui\GDI</Filter>
    </ClCompile>
    <ClCompile Include="..\..\library\wui\GDI\GDIObject_Pen.cpp">
      <Filter>cx\library\wui\GDI</Filter>
    </ClCompile>
    <ClCompile Include="..\..\library\wui\Resource\DialogTemplate.cpp">
      <Filter>cx\library\wui\Resource</Filter>
    </ClCompile>
    <ClCompile Include="..\..\library\wui\Resource\Resource.cpp">
      <Filter>cx\library\wui\Resource</Filter>
    </ClCompile>
    <ClCompile Include="..\..\library\wui\Resource\Resource_Functions.cpp">
      <Filter>cx\library\wui\Resource</Filter>
    </ClCompile>
    <ClCompile Include="..\..\library\wui\Window\BaseWindow.cpp">
      <Filter>cx\library\wui\Window</Filter>
    </ClCompile>
    <ClCompile Include="..\..\library\wui\Window\Coord.cpp">
      <Filter>cx\library\wui\Window</Filter>
    </ClCompile>
    <ClCompile Include="..\..\library\wui\Window\Window.cpp">
      <Filter>cx\library\wui\Window</Filter>
    </ClCompile>
    <ClCompile Include="..\..\library\wui\Window\Window_Functions.cpp">
      <Filter>cx\library\wui\Window</Filter>
    </ClCompile>
    <ClCompile Include="..\..\library\wui\Window\WindowClass.cpp">
      <Filter>cx\library\wui\Window</Filter>
    </ClCompile>
    <ClCompile Include="..\..\library\wui\Window\WindowMessage.cpp">
      <Filter>cx\library\wui\Window</Filter>
    </ClCompile>
    <ClCompile Include="..\..\library\wui\Window\WindowMessageCrack.cpp">
      <Filter>cx\library\wui\Window</Filter>
    </ClCompile>
    <ClCompile Include="..\..\library\wui\Window\WindowMessageLoop.cpp">
      <Filter>cx\library\wui\Window</Filter>
    </ClCompile>
    <ClCompile Include="..\..\library\wui\Window\WindowProc.cpp">
      <Filter>cx\library\wui\Window</Filter>
    </ClCompile>
    <ClCompile Include="..\..\library\runtime\assert.cpp">
      <Filter>cx\library\runtime</Filter>
    </ClCompile>
    <ClCompile Include="..\..\library\runtime\last_error.cpp">
      <Filter>cx\library\runtime</Filter>
    </ClCompile>
    <ClCompile Include="..\..\library\runtime\log.cpp">
      <Filter>cx\library\runtime</Filter>
    </ClCompile>
    <ClCompile Include="..\..\library\runtime\memory_debug.cpp">
      <Filter>cx\library\runtime</Filter>
    </ClCompile>
    <ClCompile Include="..\..\library\runtime\log_facility\log_async_writer.cpp">
      <Filter>cx\library\runtime\log_facility</Filter>
    </ClCompile>
    <ClCompile Include="..\..\library\runtime\log_facility\log_facility.cpp">
      <Filter>cx\library\runtime\log_facility</Filter>
    </ClCompile>
    <ClCompile Include="..\..\library\runtime\log_facility\log_item_memory.cpp">
      <Filter>cx\library\runtime\log_facility</Filter>
    </ClCompile>
    <ClCompile Include="..\..\library\runtime\log_facility\log_item_queue.cpp">
      <Filter>cx\library\runtime\log_facility</Filter>
    </ClCompile>
    <ClCompile Include="..\..\library\runtime\log_facility\log_writer.cpp">
      <Filter>cx\library\runtime\log_facility</Filter>
    </ClCompile>
    <ClCompile Include="..\..\library\network\net_addr_config.cpp">
      <Filter>cx\library\network</Filter>
    </ClCompile>
    <ClCompile Include="..\..\library\network\net_msg.cpp">
      <Filter>cx\library\network</Filter>
    </ClCompile>
    <ClCompile Include="..\..\library\network\net_msg_event_queue.cpp">
      <Filter>cx\library\network</Filter>
    </ClCompile>
    <ClCompile Include="..\..\library\network\net_msg_memory.cpp">
      <Filter>cx\library\network</Filter>
    </ClCompile>
    <ClCompile Include="..\..\library\network\net_msg_queue.cpp">
      <Filter>cx\library\network</Filter>
    </ClCompile>
    <ClCompile Include="..\..\library\network\socket.cpp">
      <Filter>cx\library\network</Filter>
    </ClCompile>
    <ClCompile Include="..\..\library\network\socket_address.cpp">
      <Filter>cx\library\network</Filter>
    </ClCompile>
    <ClCompile Include="..\..\library\network\socket_control.cpp">
      <Filter>cx\library\network</Filter>
    </ClCompile>
    <ClCompile Include="..\..\library\network\socket_descriptor.cpp">
      <Filter>cx\library\network</Filter>
    </ClCompile>
    <ClCompile Include="..\..\library\network\socket_error.cpp">
      <Filter>cx\library\network</Filter>
    </ClCompile>
    <ClCompile Include="..\..\library\network\socket_event_select.cpp">
      <Filter>cx\library\network</Filter>
    </ClCompile>
    <ClCompile Include="..\..\library\network\wsa.cpp">
      <Filter>cx\library\network</Filter>
    </ClCompile>
    <ClCompile Include="..\..\library\gw\Window.cpp">
      <Filter>cx\library\gw</Filter>
    </ClCompile>
    <ClCompile Include="..\..\library\gw\Viewport.cpp">
      <Filter>cx\library\gw</Filter>
    </ClCompile>
    <ClCompile Include="..\..\library\gw\Point.cpp">
      <Filter>cx\library\gw</Filter>
    </ClCompile>
    <ClCompile Include="..\..\library\gw\Drawable.cpp">
      <Filter>cx\library\gw</Filter>
    </ClCompile>
    <ClCompile Include="..\..\library\gw\DirectX2dGraphic.cpp">
      <Filter>cx\library\gw</Filter>
    </ClCompile>
    <ClCompile Include="..\..\library\gw\Context.cpp">
      <Filter>cx\library\gw</Filter>
    </ClCompile>
    <ClCompile Include="..\..\library\gw\Color.cpp">
      <Filter>cx\library\gw</Filter>
    </ClCompile>
    <ClCompile Include="..\..\library\gw\Bitmap.cpp">
      <Filter>cx\library\gw</Filter>
    </ClCompile>
    <ClCompile Include="..\..\library\gw\BaseEditWindow.cpp">
      <Filter>cx\library\gw</Filter>
    </ClCompile>
    <ClCompile Include="..\..\library\gw\Widget\WidgetDrawingStyle.cpp">
      <Filter>cx\library\gw\Widget</Filter>
    </ClCompile>
    <ClCompile Include="..\..\library\gw\Widget\WidgetDocument.cpp">
      <Filter>cx\library\gw\Widget</Filter>
    </ClCompile>
    <ClCompile Include="..\..\library\gw\Widget\Widget.cpp">
      <Filter>cx\library\gw\Widget</Filter>
    </ClCompile>
    <ClCompile Include="..\..\library\gw\Widget\WidgetResource.cpp">
      <Filter>cx\library\gw\Widget</Filter>
    </ClCompile>
    <ClCompile Include="..\..\library\gw\Widget\WidgetFactory.cpp">
      <Filter>cx\library\gw\Widget</Filter>
    </ClCompile>
    <ClCompile Include="..\..\library\gw\Widget\WidgetEventWindowMessageHandler.cpp">
      <Filter>cx\library\gw\Widget</Filter>
    </ClCompile>
    <ClCompile Include="..\..\library\gw\Widget\WidgetEventDragDrop_WindowDragDropComObject.cpp">
      <Filter>cx\library\gw\Widget</Filter>
    </ClCompile>
    <ClCompile Include="..\..\library\gw\Widget\WidgetEventDragDrop_HGlobal.cpp">
      <Filter>cx\library\gw\Widget</Filter>
    </ClCompile>
    <ClCompile Include="..\..\library\gw\Widget\WidgetEventDragDrop_ClipboardFormat.cpp">
      <Filter>cx\library\gw\Widget</Filter>
    </ClCompile>
    <ClCompile Include="..\..\library\gw\Widget\WidgetEventDragDrop.cpp">
      <Filter>cx\library\gw\Widget</Filter>
    </ClCompile>
    <ClCompile Include="..\..\library\gw\Widget\Shape\LineShape.cpp">
      <Filter>cx\library\gw\Widget\Shape</Filter>
    </ClCompile>
    <ClCompile Include="..\..\library\gw\Widget\Shape\LineShapeDesign.cpp">
      <Filter>cx\library\gw\Widget\Shape</Filter>
    </ClCompile>
    <ClCompile Include="..\..\library\gw\Widget\Shape\RectangleShape.cpp">
      <Filter>cx\library\gw\Widget\Shape</Filter>
    </ClCompile>
    <ClCompile Include="..\..\library\gw\Widget\Shape\RectangleShapeDesign.cpp">
      <Filter>cx\library\gw\Widget\Shape</Filter>
    </ClCompile>
    <ClCompile Include="..\..\library\gw\Widget\Shape\Shape.cpp">
      <Filter>cx\library\gw\Widget\Shape</Filter>
    </ClCompile>
    <ClCompile Include="..\..\library\gw\Widget\Shape\Shape_Classes.cpp">
      <Filter>cx\library\gw\Widget\Shape</Filter>
    </ClCompile>
    <ClCompile Include="..\..\library\gw\Widget\Shape\ShapeDesign.cpp">
      <Filter>cx\library\gw\Widget\Shape</Filter>
    </ClCompile>
    <ClCompile Include="..\..\library\gw\Widget\Shape\ShapeDesignTemplate.cpp">
      <Filter>cx\library\gw\Widget\Shape</Filter>
    </ClCompile>
    <ClCompile Include="..\..\library\gw\Widget\Shape\ShapeTemplate.cpp">
      <Filter>cx\library\gw\Widget\Shape</Filter>
    </ClCompile>
    <ClCompile Include="..\..\library\gw\Widget\Design\DesignWidget.cpp">
      <Filter>cx\library\gw\Widget\Design</Filter>
    </ClCompile>
    <ClCompile Include="..\..\library\gw\Widget\Design\DesignWidgetContext.cpp">
      <Filter>cx\library\gw\Widget\Design</Filter>
    </ClCompile>
    <ClCompile Include="..\..\library\gw\Widget\Design\WidgetDesigner.cpp">
      <Filter>cx\library\gw\Widget\Design</Filter>
    </ClCompile>
    <ClCompile Include="..\..\library\gw\Widget\Design\WidgetDesignerCommand.cpp">
      <Filter>cx\library\gw\Widget\Design</Filter>
    </ClCompile>
    <ClCompile Include="..\..\library\gw\Widget\Design\WidgetDesignerConcreteCommand.cpp">
      <Filter>cx\library\gw\Widget\Design</Filter>
    </ClCompile>
    <ClCompile Include="..\..\library\gw\Widget\Design\WidgetDesignerFacility.cpp">
      <Filter>cx\library\gw\Widget\Design</Filter>
    </ClCompile>
    <ClCompile Include="..\..\library\gw\Widget\Design\WidgetDesignerModel.cpp">
      <Filter>cx\library\gw\Widget\Design</Filter>
    </ClCompile>
    <ClCompile Include="..\..\library\gw\Widget\Design\WidgetDesignerMouseTool.cpp">
      <Filter>cx\library\gw\Widget\Design</Filter>
    </ClCompile>
    <ClCompile Include="..\..\library\gw\Widget\Design\WidgetDesignerWindow.cpp">
      <Filter>cx\library\gw\Widget\Design</Filter>
    </ClCompile>
    <ClCompile Include="..\..\library\component\xml.cpp">
      <Filter>cx\library\component</Filter>
    </ClCompile>
    <ClCompile Include="..\..\library\component\command_line.cpp">
      <Filter>cx\library\component</Filter>
    </ClCompile>
    <ClCompile Include="..\..\library\common\charset_system.cpp">
      <Filter>cx\library\common</Filter>
    </ClCompile>
    <ClCompile Include="..\..\library\common\fs_std_wstring.cpp">
      <Filter>cx\library\common</Filter>
    </ClCompile>
    <ClCompile Include="..\..\library\common\parse_c_string.cpp">
      <Filter>cx\library\common</Filter>
    </ClCompile>
    <ClCompile Include="..\..\library\common\std_wstring_utility.cpp">
      <Filter>cx\library\common</Filter>
    </ClCompile>
    <ClCompile Include="..\..\library\common\to_std_wstring.cpp">
      <Filter>cx\library\common</Filter>
    </ClCompile>
  </ItemGroup>
  <ItemGroup>
    <ClInclude Include=".\res\Resource.h">
      <Filter>res</Filter>
    </ClInclude>
    <ClInclude Include=".\src\Application.hpp">
      <Filter>src</Filter>
    </ClInclude>
    <ClInclude Include=".\src\Window\MainBox.hpp">
      <Filter>src\Window</Filter>
    </ClInclude>
    <ClInclude Include=".\src\Window\pch.hpp">
      <Filter>src\Window</Filter>
    </ClInclude>
    <ClInclude Include=".\src\framework.hpp">
      <Filter>src</Filter>
    </ClInclude>
    <ClInclude Include=".\src\pch.hpp">
      <Filter>src</Filter>
    </ClInclude>
    <ClInclude Include=".\src\targetver.h">
      <Filter>src</Filter>
    </ClInclude>
    <ClInclude Include="src\WebUI\pch.hpp">
      <Filter>src\WebUI</Filter>
    </ClInclude>
    <ClInclude Include="src\WebUI\WebUI.hpp">
      <Filter>src\WebUI</Filter>
    </ClInclude>
    <ClInclude Include="src\WebUI\WebUIContents.hpp">
      <Filter>src\WebUI</Filter>
    </ClInclude>
    <ClInclude Include="src\WebUI\WebUIManager.hpp">
      <Filter>src\WebUI</Filter>
    </ClInclude>
    <ClInclude Include="src\WebUI\WebUIMessageService.hpp">
      <Filter>src\WebUI</Filter>
    </ClInclude>
    <ClInclude Include="src\WebUI\WebUIView.hpp">
      <Filter>src\WebUI</Filter>
    </ClInclude>
    <ClInclude Include="src\WebUI\WebUIWindow.hpp">
      <Filter>src\WebUI</Filter>
    </ClInclude>
    <ClInclude Include="..\..\library\wui\AppModule.hpp">
      <Filter>cx\library\wui</Filter>
    </ClInclude>
    <ClInclude Include="..\..\library\wui\pch.hpp">
      <Filter>cx\library\wui</Filter>
    </ClInclude>
    <ClInclude Include="..\..\library\wui\wui.hpp">
      <Filter>cx\library\wui</Filter>
    </ClInclude>
    <ClInclude Include="..\..\library\wui\CommonDialog\FileDialog.hpp">
      <Filter>cx\library\wui\CommonDialog</Filter>
    </ClInclude>
    <ClInclude Include="..\..\library\wui\CommonDialog\FolderDialog.hpp">
      <Filter>cx\library\wui\CommonDialog</Filter>
    </ClInclude>
    <ClInclude Include="..\..\library\wui\CommonDialog\pch.hpp">
      <Filter>cx\library\wui\CommonDialog</Filter>
    </ClInclude>
    <ClInclude Include="..\..\library\wui\GDI\BasicDCT.hpp">
      <Filter>cx\library\wui\GDI</Filter>
    </ClInclude>
    <ClInclude Include="..\..\library\wui\GDI\DC.hpp">
      <Filter>cx\library\wui\GDI</Filter>
    </ClInclude>
    <ClInclude Include="..\..\library\wui\GDI\DC_Classes.hpp">
      <Filter>cx\library\wui\GDI</Filter>
    </ClInclude>
    <ClInclude Include="..\..\library\wui\GDI\DC_Functions.hpp">
      <Filter>cx\library\wui\GDI</Filter>
    </ClInclude>
    <ClInclude Include="..\..\library\wui\GDI\GDIObject_Bitmap.hpp">
      <Filter>cx\library\wui\GDI</Filter>
    </ClInclude>
    <ClInclude Include="..\..\library\wui\GDI\GDIObject_Brush.hpp">
      <Filter>cx\library\wui\GDI</Filter>
    </ClInclude>
    <ClInclude Include="..\..\library\wui\GDI\GDIObject_Font.hpp">
      <Filter>cx\library\wui\GDI</Filter>
    </ClInclude>
    <ClInclude Include="..\..\library\wui\GDI\GDIObject_Pen.hpp">
      <Filter>cx\library\wui\GDI</Filter>
    </ClInclude>
    <ClInclude Include="..\..\library\wui\GDI\pch.hpp">
      <Filter>cx\library\wui\GDI</Filter>
    </ClInclude>
    <ClInclude Include="..\..\library\wui\Resource\DialogTemplate.hpp">
      <Filter>cx\library\wui\Resource</Filter>
    </ClInclude>
    <ClInclude Include="..\..\library\wui\Resource\pch.hpp">
      <Filter>cx\library\wui\Resource</Filter>
    </ClInclude>
    <ClInclude Include="..\..\library\wui\Resource\Resource.hpp">
      <Filter>cx\library\wui\Resource</Filter>
    </ClInclude>
    <ClInclude Include="..\..\library\wui\Resource\Resource_Functions.hpp">
      <Filter>cx\library\wui\Resource</Filter>
    </ClInclude>
    <ClInclude Include="..\..\library\wui\Window\BaseWindow.hpp">
      <Filter>cx\library\wui\Window</Filter>
    </ClInclude>
    <ClInclude Include="..\..\library\wui\Window\BasicWindowT.hpp">
      <Filter>cx\library\wui\Window</Filter>
    </ClInclude>
    <ClInclude Include="..\..\library\wui\Window\Coord.hpp">
      <Filter>cx\library\wui\Window</Filter>
    </ClInclude>
    <ClInclude Include="..\..\library\wui\Window\MessageMapWindow.hpp">
      <Filter>cx\library\wui\Window</Filter>
    </ClInclude>
    <ClInclude Include="..\..\library\wui\Window\pch.hpp">
      <Filter>cx\library\wui\Window</Filter>
    </ClInclude>
    <ClInclude Include="..\..\library\wui\Window\Window.hpp">
      <Filter>cx\library\wui\Window</Filter>
    </ClInclude>
    <ClInclude Include="..\..\library\wui\Window\Window_Functions.hpp">
      <Filter>cx\library\wui\Window</Filter>
    </ClInclude>
    <ClInclude Include="..\..\library\wui\Window\WindowClass.hpp">
      <Filter>cx\library\wui\Window</Filter>
    </ClInclude>
    <ClInclude Include="..\..\library\wui\Window\WindowMessage.hpp">
      <Filter>cx\library\wui\Window</Filter>
    </ClInclude>
    <ClInclude Include="..\..\library\wui\Window\WindowMessageCrack.hpp">
      <Filter>cx\library\wui\Window</Filter>
    </ClInclude>
    <ClInclude Include="..\..\library\wui\Window\WindowMessageHandler.hpp">
      <Filter>cx\library\wui\Window</Filter>
    </ClInclude>
    <ClInclude Include="..\..\library\wui\Window\WindowMessageLoop.hpp">
      <Filter>cx\library\wui\Window</Filter>
    </ClInclude>
    <ClInclude Include="..\..\library\wui\Window\WindowMessageMap.hpp">
      <Filter>cx\library\wui\Window</Filter>
    </ClInclude>
    <ClInclude Include="..\..\library\wui\Window\WindowProc.hpp">
      <Filter>cx\library\wui\Window</Filter>
    </ClInclude>
    <ClInclude Include="..\..\library\wui\Window\WindowStyle.hpp">
      <Filter>cx\library\wui\Window</Filter>
    </ClInclude>
    <ClInclude Include="..\..\library\runtime\assert.hpp">
      <Filter>cx\library\runtime</Filter>
    </ClInclude>
    <ClInclude Include="..\..\library\runtime\last_error.hpp">
      <Filter>cx\library\runtime</Filter>
    </ClInclude>
    <ClInclude Include="..\..\library\runtime\log.hpp">
      <Filter>cx\library\runtime</Filter>
    </ClInclude>
    <ClInclude Include="..\..\library\runtime\macros.hpp">
      <Filter>cx\library\runtime</Filter>
    </ClInclude>
    <ClInclude Include="..\..\library\runtime\memory_debug.hpp">
      <Filter>cx\library\runtime</Filter>
    </ClInclude>
    <ClInclude Include="..\..\library\runtime\pch.hpp">
      <Filter>cx\library\runtime</Filter>
    </ClInclude>
    <ClInclude Include="..\..\library\runtime\runtime.hpp">
      <Filter>cx\library\runtime</Filter>
    </ClInclude>
    <ClInclude Include="..\..\library\runtime\log_facility\log_async_writer.hpp">
      <Filter>cx\library\runtime\log_facility</Filter>
    </ClInclude>
    <ClInclude Include="..\..\library\runtime\log_facility\log_facility.hpp">
      <Filter>cx\library\runtime\log_facility</Filter>
    </ClInclude>
    <ClInclude Include="..\..\library\runtime\log_facility\log_item_memory.hpp">
      <Filter>cx\library\runtime\log_facility</Filter>
    </ClInclude>
    <ClInclude Include="..\..\library\runtime\log_facility\log_item_queue.hpp">
      <Filter>cx\library\runtime\log_facility</Filter>
    </ClInclude>
    <ClInclude Include="..\..\library\runtime\log_facility\log_writer.hpp">
      <Filter>cx\library\runtime\log_facility</Filter>
    </ClInclude>
    <ClInclude Include="..\..\library\runtime\log_facility\pch.hpp">
      <Filter>cx\library\runtime\log_facility</Filter>
    </ClInclude>
    <ClInclude Include="..\..\library\pch\pch_internal.hpp">
      <Filter>cx\library\pch</Filter>
    </ClInclude>
    <ClInclude Include="..\..\library\pch\pch_internal_win32.hpp">
      <Filter>cx\library\pch</Filter>
    </ClInclude>
    <ClInclude Include="..\..\library\network\net_addr_config.hpp">
      <Filter>cx\library\network</Filter>
    </ClInclude>
    <ClInclude Include="..\..\library\network\net_msg.hpp">
      <Filter>cx\library\network</Filter>
    </ClInclude>
    <ClInclude Include="..\..\library\network\net_msg_event_queue.hpp">
      <Filter>cx\library\network</Filter>
    </ClInclude>
    <ClInclude Include="..\..\library\network\net_msg_memory.hpp">
      <Filter>cx\library\network</Filter>
    </ClInclude>
    <ClInclude Include="..\..\library\network\net_msg_queue.hpp">
      <Filter>cx\library\network</Filter>
    </ClInclude>
    <ClInclude Include="..\..\library\network\network.hpp">
      <Filter>cx\library\network</Filter>
    </ClInclude>
    <ClInclude Include="..\..\library\network\pch.hpp">
      <Filter>cx\library\network</Filter>
    </ClInclude>
    <ClInclude Include="..\..\library\network\socket.hpp">
      <Filter>cx\library\network</Filter>
    </ClInclude>
    <ClInclude Include="..\..\library\network\socket_address.hpp">
      <Filter>cx\library\network</Filter>
    </ClInclude>
    <ClInclude Include="..\..\library\network\socket_control.hpp">
      <Filter>cx\library\network</Filter>
    </ClInclude>
    <ClInclude Include="..\..\library\network\socket_descriptor.hpp">
      <Filter>cx\library\network</Filter>
    </ClInclude>
    <ClInclude Include="..\..\library\network\socket_error.hpp">
      <Filter>cx\library\network</Filter>
    </ClInclude>
    <ClInclude Include="..\..\library\network\socket_event_select.hpp">
      <Filter>cx\library\network</Filter>
    </ClInclude>
    <ClInclude Include="..\..\library\network\wsa.hpp">
      <Filter>cx\library\network</Filter>
    </ClInclude>
    <ClInclude Include="..\..\library\gw\Window.hpp">
      <Filter>cx\library\gw</Filter>
    </ClInclude>
    <ClInclude Include="..\..\library\gw\Viewport.hpp">
      <Filter>cx\library\gw</Filter>
    </ClInclude>
    <ClInclude Include="..\..\library\gw\Point.hpp">
      <Filter>cx\library\gw</Filter>
    </ClInclude>
    <ClInclude Include="..\..\library\gw\pch.hpp">
      <Filter>cx\library\gw</Filter>
    </ClInclude>
    <ClInclude Include="..\..\library\gw\gw.hpp">
      <Filter>cx\library\gw</Filter>
    </ClInclude>
    <ClInclude Include="..\..\library\gw\Drawable.hpp">
      <Filter>cx\library\gw</Filter>
    </ClInclude>
    <ClInclude Include="..\..\library\gw\DirectX2dGraphic.hpp">
      <Filter>cx\library\gw</Filter>
    </ClInclude>
    <ClInclude Include="..\..\library\gw\Context.hpp">
      <Filter>cx\library\gw</Filter>
    </ClInclude>
    <ClInclude Include="..\..\library\gw\Color.hpp">
      <Filter>cx\library\gw</Filter>
    </ClInclude>
    <ClInclude Include="..\..\library\gw\Bitmap.hpp">
      <Filter>cx\library\gw</Filter>
    </ClInclude>
    <ClInclude Include="..\..\library\gw\BaseEditWindow.hpp">
      <Filter>cx\library\gw</Filter>
    </ClInclude>
    <ClInclude Include="..\..\library\gw\Widget\WidgetEvent.hpp">
      <Filter>cx\library\gw\Widget</Filter>
    </ClInclude>
    <ClInclude Include="..\..\library\gw\Widget\WidgetDrawingStyle.hpp">
      <Filter>cx\library\gw\Widget</Filter>
    </ClInclude>
    <ClInclude Include="..\..\library\gw\Widget\WidgetDocument.hpp">
      <Filter>cx\library\gw\Widget</Filter>
    </ClInclude>
    <ClInclude Include="..\..\library\gw\Widget\Widget.hpp">
      <Filter>cx\library\gw\Widget</Filter>
    </ClInclude>
    <ClInclude Include="..\..\library\gw\Widget\pch.hpp">
      <Filter>cx\library\gw\Widget</Filter>
    </ClInclude>
    <ClInclude Include="..\..\library\gw\Widget\WidgetResource.hpp">
      <Filter>cx\library\gw\Widget</Filter>
    </ClInclude>
    <ClInclude Include="..\..\library\gw\Widget\WidgetFactory.hpp">
      <Filter>cx\library\gw\Widget</Filter>
    </ClInclude>
    <ClInclude Include="..\..\library\gw\Widget\WidgetEventWindowMessageHandler.hpp">
      <Filter>cx\library\gw\Widget</Filter>
    </ClInclude>
    <ClInclude Include="..\..\library\gw\Widget\WidgetEventDragDrop_WindowDragDropComObject.hpp">
      <Filter>cx\library\gw\Widget</Filter>
    </ClInclude>
    <ClInclude Include="..\..\library\gw\Widget\WidgetEventDragDrop_HGlobal.hpp">
      <Filter>cx\library\gw\Widget</Filter>
    </ClInclude>
    <ClInclude Include="..\..\library\gw\Widget\WidgetEventDragDrop_ClipboardFormat.hpp">
      <Filter>cx\library\gw\Widget</Filter>
    </ClInclude>
    <ClInclude Include="..\..\library\gw\Widget\WidgetEventDragDrop.hpp">
      <Filter>cx\library\gw\Widget</Filter>
    </ClInclude>
    <ClInclude Include="..\..\library\gw\Widget\Shape\LineShape.hpp">
      <Filter>cx\library\gw\Widget\Shape</Filter>
    </ClInclude>
    <ClInclude Include="..\..\library\gw\Widget\Shape\LineShapeDesign.hpp">
      <Filter>cx\library\gw\Widget\Shape</Filter>
    </ClInclude>
    <ClInclude Include="..\..\library\gw\Widget\Shape\pch.hpp">
      <Filter>cx\library\gw\Widget\Shape</Filter>
    </ClInclude>
    <ClInclude Include="..\..\library\gw\Widget\Shape\RectangleShape.hpp">
      <Filter>cx\library\gw\Widget\Shape</Filter>
    </ClInclude>
    <ClInclude Include="..\..\library\gw\Widget\Shape\RectangleShapeDesign.hpp">
      <Filter>cx\library\gw\Widget\Shape</Filter>
    </ClInclude>
    <ClInclude Include="..\..\library\gw\Widget\Shape\Shape.hpp">
      <Filter>cx\library\gw\Widget\Shape</Filter>
    </ClInclude>
    <ClInclude Include="..\..\library\gw\Widget\Shape\Shape_Classes.hpp">
      <Filter>cx\library\gw\Widget\Shape</Filter>
    </ClInclude>
    <ClInclude Include="..\..\library\gw\Widget\Shape\ShapeDesign.hpp">
      <Filter>cx\library\gw\Widget\Shape</Filter>
    </ClInclude>
    <ClInclude Include="..\..\library\gw\Widget\Shape\ShapeDesignTemplate.hpp">
      <Filter>cx\library\gw\Widget\Shape</Filter>
    </ClInclude>
    <ClInclude Include="..\..\library\gw\Widget\Shape\ShapeTemplate.hpp">
      <Filter>cx\library\gw\Widget\Shape</Filter>
    </ClInclude>
    <ClInclude Include="..\..\library\gw\Widget\Design\WidgetDesignerWindow.hpp">
      <Filter>cx\library\gw\Widget\Design</Filter>
    </ClInclude>
    <ClInclude Include="..\..\library\gw\Widget\Design\DesignWidget.hpp">
      <Filter>cx\library\gw\Widget\Design</Filter>
    </ClInclude>
    <ClInclude Include="..\..\library\gw\Widget\Design\DesignWidgetContext.hpp">
      <Filter>cx\library\gw\Widget\Design</Filter>
    </ClInclude>
    <ClInclude Include="..\..\library\gw\Widget\Design\pch.hpp">
      <Filter>cx\library\gw\Widget\Design</Filter>
    </ClInclude>
    <ClInclude Include="..\..\library\gw\Widget\Design\WidgetDesigner.hpp">
      <Filter>cx\library\gw\Widget\Design</Filter>
    </ClInclude>
    <ClInclude Include="..\..\library\gw\Widget\Design\WidgetDesignerCommand.hpp">
      <Filter>cx\library\gw\Widget\Design</Filter>
    </ClInclude>
    <ClInclude Include="..\..\library\gw\Widget\Design\WidgetDesignerConcreteCommand.hpp">
      <Filter>cx\library\gw\Widget\Design</Filter>
    </ClInclude>
    <ClInclude Include="..\..\library\gw\Widget\Design\WidgetDesignerFacility.hpp">
      <Filter>cx\library\gw\Widget\Design</Filter>
    </ClInclude>
    <ClInclude Include="..\..\library\gw\Widget\Design\WidgetDesignerModel.hpp">
      <Filter>cx\library\gw\Widget\Design</Filter>
    </ClInclude>
    <ClInclude Include="..\..\library\gw\Widget\Design\WidgetDesignerMouseTool.hpp">
      <Filter>cx\library\gw\Widget\Design</Filter>
    </ClInclude>
    <ClInclude Include="..\..\library\component\xml.hpp">
      <Filter>cx\library\component</Filter>
    </ClInclude>
    <ClInclude Include="..\..\library\component\pch.hpp">
      <Filter>cx\library\component</Filter>
    </ClInclude>
    <ClInclude Include="..\..\library\component\command_line.hpp">
      <Filter>cx\library\component</Filter>
    </ClInclude>
    <ClInclude Include="..\..\library\common\charset_system.hpp">
      <Filter>cx\library\common</Filter>
    </ClInclude>
    <ClInclude Include="..\..\library\common\common.hpp">
      <Filter>cx\library\common</Filter>
    </ClInclude>
    <ClInclude Include="..\..\library\common\fs_std_wstring.hpp">
      <Filter>cx\library\common</Filter>
    </ClInclude>
    <ClInclude Include="..\..\library\common\parse_c_string.hpp">
      <Filter>cx\library\common</Filter>
    </ClInclude>
    <ClInclude Include="..\..\library\common\pch.hpp">
      <Filter>cx\library\common</Filter>
    </ClInclude>
    <ClInclude Include="..\..\library\common\std_wstring_utility.hpp">
      <Filter>cx\library\common</Filter>
    </ClInclude>
    <ClInclude Include="..\..\library\common\to_std_wstring.hpp">
      <Filter>cx\library\common</Filter>
    </ClInclude>
  </ItemGroup>
  <ItemGroup>
    <ResourceCompile Include=".\res\Application.rc">
      <Filter>res</Filter>
    </ResourceCompile>
  </ItemGroup>
  <ItemGroup>
    <Image Include=".\res\Application.ico">
      <Filter>res</Filter>
    </Image>
    <Image Include=".\res\small.ico">
      <Filter>res</Filter>
    </Image>
    <Image Include="res\web\images\logo.png">
      <Filter>res\web\images</Filter>
    </Image>
  </ItemGroup>
  <ItemGroup>
    <None Include=".\vcpkg.json" />
    <None Include="res\web\basic.css">
      <Filter>res\web</Filter>
    </None>
    <None Include="res\web\core.js">
      <Filter>res\web</Filter>
    </None>
    <None Include="res\web\page_home\page.css">
      <Filter>res\web\page_home</Filter>
    </None>
    <None Include="res\web\page_home\page.html">
      <Filter>res\web\page_home</Filter>
    </None>
    <None Include="res\web\page_home\page.js">
      <Filter>res\web\page_home</Filter>
    </None>
  </ItemGroup>
</Project>