<?xml version="1.0" encoding="utf-8"?>
<Project ToolsVersion="4.0" xmlns="http://schemas.microsoft.com/developer/msbuild/2003">
  <ItemGroup>
    <Filter Include="cx">
      <UniqueIdentifier>{6BC07C25-CC8C-46D7-85F9-DB7E88A157A4}</UniqueIdentifier>
    </Filter>
    <Filter Include="res">
      <UniqueIdentifier>{FFFAE4DB-53B1-42C3-812D-C3284E39F4B3}</UniqueIdentifier>
    </Filter>
    <Filter Include="src">
      <UniqueIdentifier>{19B9A1ED-DD87-45A9-86C5-95E85E56D303}</UniqueIdentifier>
    </Filter>
    <Filter Include="src\Window">
      <UniqueIdentifier>{26E861E1-47F2-4AA0-A75F-B5543CC06944}</UniqueIdentifier>
    </Filter>
    <Filter Include="cx\library">
      <UniqueIdentifier>{5a11de39-d8ff-458d-9cfc-de82223cc300}</UniqueIdentifier>
    </Filter>
    <Filter Include="cx\library\wui">
      <UniqueIdentifier>{fc6787a6-493d-4d89-a744-29ed9c2b5d1e}</UniqueIdentifier>
    </Filter>
    <Filter Include="cx\library\wui\Window">
      <UniqueIdentifier>{a0b7063c-0b7d-4649-89d1-28231ef3be24}</UniqueIdentifier>
    </Filter>
    <Filter Include="cx\library\wui\GDI">
      <UniqueIdentifier>{d19849ed-9e01-4432-9a05-8eb4a1367612}</UniqueIdentifier>
    </Filter>
    <Filter Include="cx\library\wui\Resource">
      <UniqueIdentifier>{c98ee251-aa75-4c88-ab7f-100e342d0c89}</UniqueIdentifier>
    </Filter>
    <Filter Include="cx\library\runtime">
      <UniqueIdentifier>{82b52e29-98dc-4bf4-8189-2749c6ed894b}</UniqueIdentifier>
    </Filter>
    <Filter Include="cx\library\gw">
      <UniqueIdentifier>{adc7691c-f70b-422c-bafd-6178059aa9e9}</UniqueIdentifier>
    </Filter>
    <Filter Include="cx\library\component">
      <UniqueIdentifier>{0a73f6d4-8c94-4b08-a507-7fefa731affa}</UniqueIdentifier>
    </Filter>
  </ItemGroup>
  <ItemGroup>
    <ClInclude Include="res\Resource.h">
      <Filter>res</Filter>
    </ClInclude>
    <ClInclude Include="src\Application.hpp">
      <Filter>src</Filter>
    </ClInclude>
    <ClInclude Include="src\framework.hpp">
      <Filter>src</Filter>
    </ClInclude>
    <ClInclude Include="src\pch.hpp">
      <Filter>src</Filter>
    </ClInclude>
    <ClInclude Include="src\targetver.h">
      <Filter>src</Filter>
    </ClInclude>
    <ClInclude Include="src\Window\AboutBox.hpp">
      <Filter>src\Window</Filter>
    </ClInclude>
    <ClInclude Include="src\Window\MainFrame.hpp">
      <Filter>src\Window</Filter>
    </ClInclude>
    <ClInclude Include="src\Window\pch.hpp">
      <Filter>src\Window</Filter>
    </ClInclude>
    <ClInclude Include="src\Window\View.hpp">
      <Filter>src\Window</Filter>
    </ClInclude>
    <ClInclude Include="..\..\library\pch.hpp">
      <Filter>cx\library</Filter>
    </ClInclude>
    <ClInclude Include="..\..\library\library_window_cpp_framework.hpp">
      <Filter>cx\library</Filter>
    </ClInclude>
    <ClInclude Include="..\..\library\wui\AppModule.hpp">
      <Filter>cx\library\wui</Filter>
    </ClInclude>
    <ClInclude Include="..\..\library\wui\pch.hpp">
      <Filter>cx\library\wui</Filter>
    </ClInclude>
    <ClInclude Include="..\..\library\wui\wui.hpp">
      <Filter>cx\library\wui</Filter>
    </ClInclude>
    <ClInclude Include="..\..\library\wui\Window\BaseWindow.hpp">
      <Filter>cx\library\wui\Window</Filter>
    </ClInclude>
    <ClInclude Include="..\..\library\wui\Window\BasicWindowT.hpp">
      <Filter>cx\library\wui\Window</Filter>
    </ClInclude>
    <ClInclude Include="..\..\library\wui\Window\MessageMapWindow.hpp">
      <Filter>cx\library\wui\Window</Filter>
    </ClInclude>
    <ClInclude Include="..\..\library\wui\Window\pch.hpp">
      <Filter>cx\library\wui\Window</Filter>
    </ClInclude>
    <ClInclude Include="..\..\library\wui\Window\Window.hpp">
      <Filter>cx\library\wui\Window</Filter>
    </ClInclude>
    <ClInclude Include="..\..\library\wui\Window\WindowClass.hpp">
      <Filter>cx\library\wui\Window</Filter>
    </ClInclude>
    <ClInclude Include="..\..\library\wui\Window\WindowMessage.hpp">
      <Filter>cx\library\wui\Window</Filter>
    </ClInclude>
    <ClInclude Include="..\..\library\wui\Window\WindowMessageCrack.hpp">
      <Filter>cx\library\wui\Window</Filter>
    </ClInclude>
    <ClInclude Include="..\..\library\wui\Window\WindowMessageHandler.hpp">
      <Filter>cx\library\wui\Window</Filter>
    </ClInclude>
    <ClInclude Include="..\..\library\wui\Window\WindowMessageLoop.hpp">
      <Filter>cx\library\wui\Window</Filter>
    </ClInclude>
    <ClInclude Include="..\..\library\wui\Window\WindowMessageMap.hpp">
      <Filter>cx\library\wui\Window</Filter>
    </ClInclude>
    <ClInclude Include="..\..\library\wui\Window\WindowProc.hpp">
      <Filter>cx\library\wui\Window</Filter>
    </ClInclude>
    <ClInclude Include="..\..\library\wui\Window\WindowStyle.hpp">
      <Filter>cx\library\wui\Window</Filter>
    </ClInclude>
    <ClInclude Include="..\..\library\wui\Window\Window_Functions.hpp">
      <Filter>cx\library\wui\Window</Filter>
    </ClInclude>
    <ClInclude Include="..\..\library\wui\Window\Coord.hpp">
      <Filter>cx\library\wui\Window</Filter>
    </ClInclude>
    <ClInclude Include="..\..\library\wui\GDI\BasicDCT.hpp">
      <Filter>cx\library\wui\GDI</Filter>
    </ClInclude>
    <ClInclude Include="..\..\library\wui\GDI\DC.hpp">
      <Filter>cx\library\wui\GDI</Filter>
    </ClInclude>
    <ClInclude Include="..\..\library\wui\GDI\DC_Classes.hpp">
      <Filter>cx\library\wui\GDI</Filter>
    </ClInclude>
    <ClInclude Include="..\..\library\wui\GDI\DC_Functions.hpp">
      <Filter>cx\library\wui\GDI</Filter>
    </ClInclude>
    <ClInclude Include="..\..\library\wui\GDI\GDIObject_Bitmap.hpp">
      <Filter>cx\library\wui\GDI</Filter>
    </ClInclude>
    <ClInclude Include="..\..\library\wui\GDI\GDIObject_Brush.hpp">
      <Filter>cx\library\wui\GDI</Filter>
    </ClInclude>
    <ClInclude Include="..\..\library\wui\GDI\GDIObject_Font.hpp">
      <Filter>cx\library\wui\GDI</Filter>
    </ClInclude>
    <ClInclude Include="..\..\library\wui\GDI\GDIObject_Pen.hpp">
      <Filter>cx\library\wui\GDI</Filter>
    </ClInclude>
    <ClInclude Include="..\..\library\wui\GDI\pch.hpp">
      <Filter>cx\library\wui\GDI</Filter>
    </ClInclude>
    <ClInclude Include="..\..\library\wui\Resource\DialogTemplate.hpp">
      <Filter>cx\library\wui\Resource</Filter>
    </ClInclude>
    <ClInclude Include="..\..\library\wui\Resource\pch.hpp">
      <Filter>cx\library\wui\Resource</Filter>
    </ClInclude>
    <ClInclude Include="..\..\library\wui\Resource\Resource.hpp">
      <Filter>cx\library\wui\Resource</Filter>
    </ClInclude>
    <ClInclude Include="..\..\library\wui\Resource\Resource_Functions.hpp">
      <Filter>cx\library\wui\Resource</Filter>
    </ClInclude>
    <ClInclude Include="..\..\library\runtime\Assert.hpp">
      <Filter>cx\library\runtime</Filter>
    </ClInclude>
    <ClInclude Include="..\..\library\runtime\DebugMemory.hpp">
      <Filter>cx\library\runtime</Filter>
    </ClInclude>
    <ClInclude Include="..\..\library\runtime\LastError.hpp">
      <Filter>cx\library\runtime</Filter>
    </ClInclude>
    <ClInclude Include="..\..\library\runtime\Log.hpp">
      <Filter>cx\library\runtime</Filter>
    </ClInclude>
    <ClInclude Include="..\..\library\runtime\Macros.hpp">
      <Filter>cx\library\runtime</Filter>
    </ClInclude>
    <ClInclude Include="..\..\library\runtime\pch.hpp">
      <Filter>cx\library\runtime</Filter>
    </ClInclude>
    <ClInclude Include="..\..\library\runtime\runtime.hpp">
      <Filter>cx\library\runtime</Filter>
    </ClInclude>
    <ClInclude Include="..\..\library\runtime\WindowApplication.hpp">
      <Filter>cx\library\runtime</Filter>
    </ClInclude>
    <ClInclude Include="..\..\library\gw\BaseEditWindow.hpp">
      <Filter>cx\library\gw</Filter>
    </ClInclude>
    <ClInclude Include="..\..\library\gw\Context.hpp">
      <Filter>cx\library\gw</Filter>
    </ClInclude>
    <ClInclude Include="..\..\library\gw\DirectX2dGraphic.hpp">
      <Filter>cx\library\gw</Filter>
    </ClInclude>
    <ClInclude Include="..\..\library\gw\Drawable.hpp">
      <Filter>cx\library\gw</Filter>
    </ClInclude>
    <ClInclude Include="..\..\library\gw\gw.hpp">
      <Filter>cx\library\gw</Filter>
    </ClInclude>
    <ClInclude Include="..\..\library\gw\pch.hpp">
      <Filter>cx\library\gw</Filter>
    </ClInclude>
    <ClInclude Include="..\..\library\gw\Viewport.hpp">
      <Filter>cx\library\gw</Filter>
    </ClInclude>
    <ClInclude Include="..\..\library\gw\Window.hpp">
      <Filter>cx\library\gw</Filter>
    </ClInclude>
    <ClInclude Include="..\..\library\component\charset_system.hpp">
      <Filter>cx\library\component</Filter>
    </ClInclude>
    <ClInclude Include="..\..\library\component\parse_c_string.hpp">
      <Filter>cx\library\component</Filter>
    </ClInclude>
    <ClInclude Include="..\..\library\component\pch.hpp">
      <Filter>cx\library\component</Filter>
    </ClInclude>
    <ClInclude Include="..\..\library\component\std_wstring_utility.hpp">
      <Filter>cx\library\component</Filter>
    </ClInclude>
    <ClInclude Include="..\..\library\component\to_std_wstring.hpp">
      <Filter>cx\library\component</Filter>
    </ClInclude>
    <ClInclude Include="..\..\library\component\xml.hpp">
      <Filter>cx\library\component</Filter>
    </ClInclude>
  </ItemGroup>
  <ItemGroup>
    <ClCompile Include="src\Application.cpp">
      <Filter>src</Filter>
    </ClCompile>
    <ClCompile Include="src\Main.cpp">
      <Filter>src</Filter>
    </ClCompile>
    <ClCompile Include="src\pch.cpp">
      <Filter>src</Filter>
    </ClCompile>
    <ClCompile Include="src\Window\AboutBox.cpp">
      <Filter>src\Window</Filter>
    </ClCompile>
    <ClCompile Include="src\Window\MainFrame.cpp">
      <Filter>src\Window</Filter>
    </ClCompile>
    <ClCompile Include="src\Window\View.cpp">
      <Filter>src\Window</Filter>
    </ClCompile>
    <ClCompile Include="..\..\library\wui\AppModule.cpp">
      <Filter>cx\library\wui</Filter>
    </ClCompile>
    <ClCompile Include="..\..\library\wui\Window\BaseWindow.cpp">
      <Filter>cx\library\wui\Window</Filter>
    </ClCompile>
    <ClCompile Include="..\..\library\wui\Window\Window.cpp">
      <Filter>cx\library\wui\Window</Filter>
    </ClCompile>
    <ClCompile Include="..\..\library\wui\Window\WindowClass.cpp">
      <Filter>cx\library\wui\Window</Filter>
    </ClCompile>
    <ClCompile Include="..\..\library\wui\Window\WindowMessage.cpp">
      <Filter>cx\library\wui\Window</Filter>
    </ClCompile>
    <ClCompile Include="..\..\library\wui\Window\WindowMessageCrack.cpp">
      <Filter>cx\library\wui\Window</Filter>
    </ClCompile>
    <ClCompile Include="..\..\library\wui\Window\WindowMessageLoop.cpp">
      <Filter>cx\library\wui\Window</Filter>
    </ClCompile>
    <ClCompile Include="..\..\library\wui\Window\WindowProc.cpp">
      <Filter>cx\library\wui\Window</Filter>
    </ClCompile>
    <ClCompile Include="..\..\library\wui\Window\Window_Functions.cpp">
      <Filter>cx\library\wui\Window</Filter>
    </ClCompile>
    <ClCompile Include="..\..\library\wui\Window\Coord.cpp">
      <Filter>cx\library\wui\Window</Filter>
    </ClCompile>
    <ClCompile Include="..\..\library\wui\GDI\DC.cpp">
      <Filter>cx\library\wui\GDI</Filter>
    </ClCompile>
    <ClCompile Include="..\..\library\wui\GDI\DC_Classes.cpp">
      <Filter>cx\library\wui\GDI</Filter>
    </ClCompile>
    <ClCompile Include="..\..\library\wui\GDI\DC_Functions.cpp">
      <Filter>cx\library\wui\GDI</Filter>
    </ClCompile>
    <ClCompile Include="..\..\library\wui\GDI\GDIObject_Bitmap.cpp">
      <Filter>cx\library\wui\GDI</Filter>
    </ClCompile>
    <ClCompile Include="..\..\library\wui\GDI\GDIObject_Brush.cpp">
      <Filter>cx\library\wui\GDI</Filter>
    </ClCompile>
    <ClCompile Include="..\..\library\wui\GDI\GDIObject_Font.cpp">
      <Filter>cx\library\wui\GDI</Filter>
    </ClCompile>
    <ClCompile Include="..\..\library\wui\GDI\GDIObject_Pen.cpp">
      <Filter>cx\library\wui\GDI</Filter>
    </ClCompile>
    <ClCompile Include="..\..\library\wui\Resource\DialogTemplate.cpp">
      <Filter>cx\library\wui\Resource</Filter>
    </ClCompile>
    <ClCompile Include="..\..\library\wui\Resource\Resource.cpp">
      <Filter>cx\library\wui\Resource</Filter>
    </ClCompile>
    <ClCompile Include="..\..\library\wui\Resource\Resource_Functions.cpp">
      <Filter>cx\library\wui\Resource</Filter>
    </ClCompile>
    <ClCompile Include="..\..\library\runtime\Assert.cpp">
      <Filter>cx\library\runtime</Filter>
    </ClCompile>
    <ClCompile Include="..\..\library\runtime\DebugMemory.cpp">
      <Filter>cx\library\runtime</Filter>
    </ClCompile>
    <ClCompile Include="..\..\library\runtime\LastError.cpp">
      <Filter>cx\library\runtime</Filter>
    </ClCompile>
    <ClCompile Include="..\..\library\runtime\Log.cpp">
      <Filter>cx\library\runtime</Filter>
    </ClCompile>
    <ClCompile Include="..\..\library\runtime\WindowApplication.cpp">
      <Filter>cx\library\runtime</Filter>
    </ClCompile>
    <ClCompile Include="..\..\library\gw\BaseEditWindow.cpp">
      <Filter>cx\library\gw</Filter>
    </ClCompile>
    <ClCompile Include="..\..\library\gw\Context.cpp">
      <Filter>cx\library\gw</Filter>
    </ClCompile>
    <ClCompile Include="..\..\library\gw\DirectX2dGraphic.cpp">
      <Filter>cx\library\gw</Filter>
    </ClCompile>
    <ClCompile Include="..\..\library\gw\Drawable.cpp">
      <Filter>cx\library\gw</Filter>
    </ClCompile>
    <ClCompile Include="..\..\library\gw\Viewport.cpp">
      <Filter>cx\library\gw</Filter>
    </ClCompile>
    <ClCompile Include="..\..\library\gw\Window.cpp">
      <Filter>cx\library\gw</Filter>
    </ClCompile>
    <ClCompile Include="..\..\library\component\charset_system.cpp">
      <Filter>cx\library\component</Filter>
    </ClCompile>
    <ClCompile Include="..\..\library\component\parse_c_string.cpp">
      <Filter>cx\library\component</Filter>
    </ClCompile>
    <ClCompile Include="..\..\library\component\std_wstring_utility.cpp">
      <Filter>cx\library\component</Filter>
    </ClCompile>
    <ClCompile Include="..\..\library\component\to_std_wstring.cpp">
      <Filter>cx\library\component</Filter>
    </ClCompile>
    <ClCompile Include="..\..\library\component\xml.cpp">
      <Filter>cx\library\component</Filter>
    </ClCompile>
  </ItemGroup>
  <ItemGroup>
    <Image Include="res\Application.ico">
      <Filter>res</Filter>
    </Image>
    <Image Include="res\small.ico">
      <Filter>res</Filter>
    </Image>
  </ItemGroup>
  <ItemGroup>
    <None Include="res\Application.aps">
      <Filter>res</Filter>
    </None>
  </ItemGroup>
  <ItemGroup>
    <ResourceCompile Include="res\Application.rc">
      <Filter>res</Filter>
    </ResourceCompile>
  </ItemGroup>
</Project>