<?xml version="1.0" encoding="utf-8"?>
<Project ToolsVersion="4.0" xmlns="http://schemas.microsoft.com/developer/msbuild/2003">
  <ItemGroup>
    <Filter Include="res">
      <UniqueIdentifier>{f97dd9a1-6880-4764-8402-eaaaf263c7e3}</UniqueIdentifier>
    </Filter>
    <Filter Include="src">
      <UniqueIdentifier>{998741d1-0ee7-452f-bcb1-5cb6942ce222}</UniqueIdentifier>
    </Filter>
    <Filter Include="src\Window">
      <UniqueIdentifier>{78d801d7-77b2-4755-8b61-28861ec3f926}</UniqueIdentifier>
    </Filter>
    <Filter Include="library_cx">
      <UniqueIdentifier>{4d1e0d03-8c6b-4128-acfb-a0edd9cb8d37}</UniqueIdentifier>
    </Filter>
    <Filter Include="library_cx\wui">
      <UniqueIdentifier>{bb3858b9-244f-4db6-8577-40e911e486c6}</UniqueIdentifier>
    </Filter>
    <Filter Include="library_cx\runtime">
      <UniqueIdentifier>{0f231314-2292-43f4-b6e0-3b0ae2ab3915}</UniqueIdentifier>
    </Filter>
    <Filter Include="library_cx\gw">
      <UniqueIdentifier>{68430ee4-8e7c-40da-b516-b1bbe793dfb1}</UniqueIdentifier>
    </Filter>
    <Filter Include="library_cx\component">
      <UniqueIdentifier>{8f0762f0-b953-4809-bcd7-7467e4d5e3db}</UniqueIdentifier>
    </Filter>
  </ItemGroup>
  <ItemGroup>
    <None Include="res\Application.aps">
      <Filter>res</Filter>
    </None>
  </ItemGroup>
  <ItemGroup>
    <Image Include="res\Application.ico">
      <Filter>res</Filter>
    </Image>
    <Image Include="res\small.ico">
      <Filter>res</Filter>
    </Image>
  </ItemGroup>
  <ItemGroup>
    <ResourceCompile Include="res\Application.rc">
      <Filter>res</Filter>
    </ResourceCompile>
  </ItemGroup>
  <ItemGroup>
    <ClInclude Include="res\Resource.h">
      <Filter>res</Filter>
    </ClInclude>
    <ClInclude Include="src\Application.hpp">
      <Filter>src</Filter>
    </ClInclude>
    <ClInclude Include="src\framework.hpp">
      <Filter>src</Filter>
    </ClInclude>
    <ClInclude Include="src\pch.hpp">
      <Filter>src</Filter>
    </ClInclude>
    <ClInclude Include="src\targetver.h">
      <Filter>src</Filter>
    </ClInclude>
    <ClInclude Include="src\Window\AboutBox.hpp">
      <Filter>src\Window</Filter>
    </ClInclude>
    <ClInclude Include="src\Window\MainFrame.hpp">
      <Filter>src\Window</Filter>
    </ClInclude>
    <ClInclude Include="src\Window\pch.hpp">
      <Filter>src\Window</Filter>
    </ClInclude>
    <ClInclude Include="src\Window\View.hpp">
      <Filter>src\Window</Filter>
    </ClInclude>
    <ClInclude Include="..\..\library\library_window_cpp_framework.hpp">
      <Filter>library_cx</Filter>
    </ClInclude>
    <ClInclude Include="..\..\library\pch.hpp">
      <Filter>library_cx</Filter>
    </ClInclude>
    <ClInclude Include="..\..\library\wui\AppModule.hpp">
      <Filter>library_cx\wui</Filter>
    </ClInclude>
    <ClInclude Include="..\..\library\wui\BaseWindow.hpp">
      <Filter>library_cx\wui</Filter>
    </ClInclude>
    <ClInclude Include="..\..\library\wui\Coord.hpp">
      <Filter>library_cx\wui</Filter>
    </ClInclude>
    <ClInclude Include="..\..\library\wui\DC.hpp">
      <Filter>library_cx\wui</Filter>
    </ClInclude>
    <ClInclude Include="..\..\library\wui\DC_Functions.hpp">
      <Filter>library_cx\wui</Filter>
    </ClInclude>
    <ClInclude Include="..\..\library\wui\DC_Classes.hpp">
      <Filter>library_cx\wui</Filter>
    </ClInclude>
    <ClInclude Include="..\..\library\wui\DialogTemplate.hpp">
      <Filter>library_cx\wui</Filter>
    </ClInclude>
    <ClInclude Include="..\..\library\wui\GDIObject.hpp">
      <Filter>library_cx\wui</Filter>
    </ClInclude>
    <ClInclude Include="..\..\library\wui\MessageMapWindow.hpp">
      <Filter>library_cx\wui</Filter>
    </ClInclude>
    <ClInclude Include="..\..\library\wui\pch.hpp">
      <Filter>library_cx\wui</Filter>
    </ClInclude>
    <ClInclude Include="..\..\library\wui\Resource.hpp">
      <Filter>library_cx\wui</Filter>
    </ClInclude>
    <ClInclude Include="..\..\library\wui\Resource_Functions.hpp">
      <Filter>library_cx\wui</Filter>
    </ClInclude>
    <ClInclude Include="..\..\library\wui\Window.hpp">
      <Filter>library_cx\wui</Filter>
    </ClInclude>
    <ClInclude Include="..\..\library\wui\WindowClass.hpp">
      <Filter>library_cx\wui</Filter>
    </ClInclude>
    <ClInclude Include="..\..\library\wui\Window_Functions.hpp">
      <Filter>library_cx\wui</Filter>
    </ClInclude>
    <ClInclude Include="..\..\library\wui\WindowMessage.hpp">
      <Filter>library_cx\wui</Filter>
    </ClInclude>
    <ClInclude Include="..\..\library\wui\WindowMessageCrack.hpp">
      <Filter>library_cx\wui</Filter>
    </ClInclude>
    <ClInclude Include="..\..\library\wui\WindowMessageHandler.hpp">
      <Filter>library_cx\wui</Filter>
    </ClInclude>
    <ClInclude Include="..\..\library\wui\WindowMessageLoop.hpp">
      <Filter>library_cx\wui</Filter>
    </ClInclude>
    <ClInclude Include="..\..\library\wui\WindowMessageMap.hpp">
      <Filter>library_cx\wui</Filter>
    </ClInclude>
    <ClInclude Include="..\..\library\wui\WindowProc.hpp">
      <Filter>library_cx\wui</Filter>
    </ClInclude>
    <ClInclude Include="..\..\library\wui\WindowStyle.hpp">
      <Filter>library_cx\wui</Filter>
    </ClInclude>
    <ClInclude Include="..\..\library\wui\wui.hpp">
      <Filter>library_cx\wui</Filter>
    </ClInclude>
    <ClInclude Include="..\..\library\runtime\Assert.hpp">
      <Filter>library_cx\runtime</Filter>
    </ClInclude>
    <ClInclude Include="..\..\library\runtime\LastError.hpp">
      <Filter>library_cx\runtime</Filter>
    </ClInclude>
    <ClInclude Include="..\..\library\runtime\Log.hpp">
      <Filter>library_cx\runtime</Filter>
    </ClInclude>
    <ClInclude Include="..\..\library\runtime\Macros.hpp">
      <Filter>library_cx\runtime</Filter>
    </ClInclude>
    <ClInclude Include="..\..\library\runtime\WindowApplication.hpp">
      <Filter>library_cx\runtime</Filter>
    </ClInclude>
    <ClInclude Include="..\..\library\runtime\pch.hpp">
      <Filter>library_cx\runtime</Filter>
    </ClInclude>
    <ClInclude Include="..\..\library\runtime\runtime.hpp">
      <Filter>library_cx\runtime</Filter>
    </ClInclude>
    <ClInclude Include="..\..\library\runtime\DebugMemory.hpp">
      <Filter>library_cx\runtime</Filter>
    </ClInclude>
    <ClInclude Include="src\Window\ToolBox.hpp">
      <Filter>src\Window</Filter>
    </ClInclude>
    <ClInclude Include="..\..\library\gw\gw.hpp">
      <Filter>library_cx\gw</Filter>
    </ClInclude>
    <ClInclude Include="..\..\library\gw\pch.hpp">
      <Filter>library_cx\gw</Filter>
    </ClInclude>
    <ClInclude Include="..\..\library\gw\DirectX2DGraphic.hpp">
      <Filter>library_cx\gw</Filter>
    </ClInclude>
    <ClInclude Include="..\..\library\gw\Viewport.hpp">
      <Filter>library_cx\gw</Filter>
    </ClInclude>
    <ClInclude Include="..\..\library\gw\Window.hpp">
      <Filter>library_cx\gw</Filter>
    </ClInclude>
    <ClInclude Include="..\..\library\gw\Drawable.hpp">
      <Filter>library_cx\gw</Filter>
    </ClInclude>
    <ClInclude Include="..\..\library\gw\BaseEditWindow.hpp">
      <Filter>library_cx\gw</Filter>
    </ClInclude>
    <ClInclude Include="..\..\library\gw\Point.hpp">
      <Filter>library_cx\gw</Filter>
    </ClInclude>
    <ClInclude Include="..\..\library\gw\Color.hpp">
      <Filter>library_cx\gw</Filter>
    </ClInclude>
    <ClInclude Include="..\..\library\component\to_std_wstring.hpp">
      <Filter>library_cx\component</Filter>
    </ClInclude>
    <ClInclude Include="..\..\library\component\pch.hpp">
      <Filter>library_cx\component</Filter>
    </ClInclude>
    <ClInclude Include="..\..\library\component\xml.hpp">
      <Filter>library_cx\component</Filter>
    </ClInclude>
    <ClInclude Include="..\..\library\component\std_wstring_utility.hpp">
      <Filter>library_cx\component</Filter>
    </ClInclude>
    <ClInclude Include="..\..\library\component\parse_c_string.hpp">
      <Filter>library_cx\component</Filter>
    </ClInclude>
    <ClInclude Include="..\..\library\component\charset_system.hpp">
      <Filter>library_cx\component</Filter>
    </ClInclude>
    <ClInclude Include="src\Window\ToolBox_Item.hpp">
      <Filter>src\Window</Filter>
    </ClInclude>
    <ClInclude Include="src\Window\ToolBox_Drawing.hpp">
      <Filter>src\Window</Filter>
    </ClInclude>
    <ClInclude Include="src\Window\ToolBox_ControlWindow.hpp">
      <Filter>src\Window</Filter>
    </ClInclude>
    <ClInclude Include="src\Window\ToolBox_ItemView.hpp">
      <Filter>src\Window</Filter>
    </ClInclude>
    <ClInclude Include="..\..\library\gw\Bitmap.hpp">
      <Filter>library_cx\gw</Filter>
    </ClInclude>
    <ClInclude Include="..\..\library\gw\Context.hpp">
      <Filter>library_cx\gw</Filter>
    </ClInclude>
  </ItemGroup>
  <ItemGroup>
    <ClCompile Include="src\Application.cpp">
      <Filter>src</Filter>
    </ClCompile>
    <ClCompile Include="src\Main.cpp">
      <Filter>src</Filter>
    </ClCompile>
    <ClCompile Include="src\pch.cpp">
      <Filter>src</Filter>
    </ClCompile>
    <ClCompile Include="src\Window\AboutBox.cpp">
      <Filter>src\Window</Filter>
    </ClCompile>
    <ClCompile Include="src\Window\MainFrame.cpp">
      <Filter>src\Window</Filter>
    </ClCompile>
    <ClCompile Include="src\Window\View.cpp">
      <Filter>src\Window</Filter>
    </ClCompile>
    <ClCompile Include="..\..\library\wui\AppModule.cpp">
      <Filter>library_cx\wui</Filter>
    </ClCompile>
    <ClCompile Include="..\..\library\wui\DC_Classes.cpp">
      <Filter>library_cx\wui</Filter>
    </ClCompile>
    <ClCompile Include="..\..\library\wui\BaseWindow.cpp">
      <Filter>library_cx\wui</Filter>
    </ClCompile>
    <ClCompile Include="..\..\library\wui\Coord.cpp">
      <Filter>library_cx\wui</Filter>
    </ClCompile>
    <ClCompile Include="..\..\library\wui\DC.cpp">
      <Filter>library_cx\wui</Filter>
    </ClCompile>
    <ClCompile Include="..\..\library\wui\DC_Functions.cpp">
      <Filter>library_cx\wui</Filter>
    </ClCompile>
    <ClCompile Include="..\..\library\wui\DialogTemplate.cpp">
      <Filter>library_cx\wui</Filter>
    </ClCompile>
    <ClCompile Include="..\..\library\wui\GDIObject.cpp">
      <Filter>library_cx\wui</Filter>
    </ClCompile>
    <ClCompile Include="..\..\library\wui\Resource.cpp">
      <Filter>library_cx\wui</Filter>
    </ClCompile>
    <ClCompile Include="..\..\library\wui\Resource_Functions.cpp">
      <Filter>library_cx\wui</Filter>
    </ClCompile>
    <ClCompile Include="..\..\library\wui\Window.cpp">
      <Filter>library_cx\wui</Filter>
    </ClCompile>
    <ClCompile Include="..\..\library\wui\WindowClass.cpp">
      <Filter>library_cx\wui</Filter>
    </ClCompile>
    <ClCompile Include="..\..\library\wui\Window_Functions.cpp">
      <Filter>library_cx\wui</Filter>
    </ClCompile>
    <ClCompile Include="..\..\library\wui\WindowMessage.cpp">
      <Filter>library_cx\wui</Filter>
    </ClCompile>
    <ClCompile Include="..\..\library\wui\WindowMessageCrack.cpp">
      <Filter>library_cx\wui</Filter>
    </ClCompile>
    <ClCompile Include="..\..\library\wui\WindowMessageLoop.cpp">
      <Filter>library_cx\wui</Filter>
    </ClCompile>
    <ClCompile Include="..\..\library\wui\WindowProc.cpp">
      <Filter>library_cx\wui</Filter>
    </ClCompile>
    <ClCompile Include="..\..\library\runtime\Assert.cpp">
      <Filter>library_cx\runtime</Filter>
    </ClCompile>
    <ClCompile Include="..\..\library\runtime\LastError.cpp">
      <Filter>library_cx\runtime</Filter>
    </ClCompile>
    <ClCompile Include="..\..\library\runtime\Log.cpp">
      <Filter>library_cx\runtime</Filter>
    </ClCompile>
    <ClCompile Include="..\..\library\runtime\WindowApplication.cpp">
      <Filter>library_cx\runtime</Filter>
    </ClCompile>
    <ClCompile Include="..\..\library\runtime\DebugMemory.cpp">
      <Filter>library_cx\runtime</Filter>
    </ClCompile>
    <ClCompile Include="src\Window\ToolBox.cpp">
      <Filter>src\Window</Filter>
    </ClCompile>
    <ClCompile Include="..\..\library\gw\DirectX2DGraphic.cpp">
      <Filter>library_cx\gw</Filter>
    </ClCompile>
    <ClCompile Include="..\..\library\gw\Viewport.cpp">
      <Filter>library_cx\gw</Filter>
    </ClCompile>
    <ClCompile Include="..\..\library\gw\Window.cpp">
      <Filter>library_cx\gw</Filter>
    </ClCompile>
    <ClCompile Include="..\..\library\gw\Drawable.cpp">
      <Filter>library_cx\gw</Filter>
    </ClCompile>
    <ClCompile Include="..\..\library\gw\BaseEditWindow.cpp">
      <Filter>library_cx\gw</Filter>
    </ClCompile>
    <ClCompile Include="..\..\library\gw\Point.cpp">
      <Filter>library_cx\gw</Filter>
    </ClCompile>
    <ClCompile Include="..\..\library\gw\Color.cpp">
      <Filter>library_cx\gw</Filter>
    </ClCompile>
    <ClCompile Include="..\..\library\component\to_std_wstring.cpp">
      <Filter>library_cx\component</Filter>
    </ClCompile>
    <ClCompile Include="..\..\library\component\xml.cpp">
      <Filter>library_cx\component</Filter>
    </ClCompile>
    <ClCompile Include="..\..\library\component\charset_system.cpp">
      <Filter>library_cx\component</Filter>
    </ClCompile>
    <ClCompile Include="..\..\library\component\std_wstring_utility.cpp">
      <Filter>library_cx\component</Filter>
    </ClCompile>
    <ClCompile Include="..\..\library\component\parse_c_string.cpp">
      <Filter>library_cx\component</Filter>
    </ClCompile>
    <ClCompile Include="src\Window\ToolBox_Item.cpp">
      <Filter>src\Window</Filter>
    </ClCompile>
    <ClCompile Include="src\Window\ToolBox_Drawing.cpp">
      <Filter>src\Window</Filter>
    </ClCompile>
    <ClCompile Include="src\Window\ToolBox_ControlWindow.cpp">
      <Filter>src\Window</Filter>
    </ClCompile>
    <ClCompile Include="src\Window\ToolBox_ItemView.cpp">
      <Filter>src\Window</Filter>
    </ClCompile>
    <ClCompile Include="..\..\library\gw\Bitmap.cpp">
      <Filter>library_cx\gw</Filter>
    </ClCompile>
    <ClCompile Include="..\..\library\gw\Context.cpp">
      <Filter>library_cx\gw</Filter>
    </ClCompile>
  </ItemGroup>
</Project>