<?xml version="1.0" encoding="utf-8"?>
<Project ToolsVersion="4.0" xmlns="http://schemas.microsoft.com/developer/msbuild/2003">
  <ItemGroup>
    <Filter Include="src">
      <UniqueIdentifier>{71cf7dc6-7246-48be-8684-5ecd62562c43}</UniqueIdentifier>
    </Filter>
    <Filter Include="res">
      <UniqueIdentifier>{32d999d2-9124-45f2-97c8-0b06cafc67d3}</UniqueIdentifier>
    </Filter>
    <Filter Include="src\Window">
      <UniqueIdentifier>{48b7b302-691a-47bf-80aa-6132461e8dc2}</UniqueIdentifier>
    </Filter>
    <Filter Include="cx">
      <UniqueIdentifier>{366bdf79-b2b0-4653-b104-5b272c48dcd8}</UniqueIdentifier>
    </Filter>
    <Filter Include="cx\library">
      <UniqueIdentifier>{69d484c5-43d9-4d0c-99a4-389541cc1008}</UniqueIdentifier>
    </Filter>
    <Filter Include="cx\library\wui">
      <UniqueIdentifier>{635fd292-49ac-4e3c-a409-82b4d3d06092}</UniqueIdentifier>
    </Filter>
    <Filter Include="cx\library\wui\CommonDialog">
      <UniqueIdentifier>{bd8db374-46cc-459c-bb3a-7c10570a4b69}</UniqueIdentifier>
    </Filter>
    <Filter Include="cx\library\wui\GDI">
      <UniqueIdentifier>{c5abfb8a-70a3-4100-a8d6-a12486fdb563}</UniqueIdentifier>
    </Filter>
    <Filter Include="cx\library\wui\Resource">
      <UniqueIdentifier>{75161828-d903-4553-9b88-358a4086c70f}</UniqueIdentifier>
    </Filter>
    <Filter Include="cx\library\wui\Window">
      <UniqueIdentifier>{8e97304d-397a-4ec4-991a-3a10ecb4b9d1}</UniqueIdentifier>
    </Filter>
    <Filter Include="cx\library\runtime">
      <UniqueIdentifier>{81934879-1fa5-4ab8-9e27-85cee672c353}</UniqueIdentifier>
    </Filter>
    <Filter Include="cx\library\runtime\log_facility">
      <UniqueIdentifier>{06b2ca71-b1dd-4175-99bd-040290dde33f}</UniqueIdentifier>
    </Filter>
    <Filter Include="cx\library\pch">
      <UniqueIdentifier>{2895d8a1-234e-4738-af7c-349cf8b4a0ff}</UniqueIdentifier>
    </Filter>
    <Filter Include="cx\library\network">
      <UniqueIdentifier>{0f01630d-f940-4716-a019-80bafb8f9f33}</UniqueIdentifier>
    </Filter>
    <Filter Include="cx\library\gw">
      <UniqueIdentifier>{b326edf1-15fa-41e4-b622-989839422991}</UniqueIdentifier>
    </Filter>
    <Filter Include="cx\library\gw\Widget">
      <UniqueIdentifier>{55dfec90-5932-41d8-b80d-1fd7dec3e986}</UniqueIdentifier>
    </Filter>
    <Filter Include="cx\library\gw\Widget\Shape">
      <UniqueIdentifier>{75414f62-2b6b-4fc8-9446-4feb76d0f3a0}</UniqueIdentifier>
    </Filter>
    <Filter Include="cx\library\gw\Widget\Design">
      <UniqueIdentifier>{05350361-dcea-48c9-8d61-227b10046ed6}</UniqueIdentifier>
    </Filter>
    <Filter Include="cx\library\component">
      <UniqueIdentifier>{81a9539b-e78a-486f-a72b-c208b25c1f0c}</UniqueIdentifier>
    </Filter>
    <Filter Include="cx\library\common">
      <UniqueIdentifier>{52e46356-acb5-4072-a57a-557cc334e767}</UniqueIdentifier>
    </Filter>
  </ItemGroup>
  <ItemGroup>
    <ClCompile Include="src\Main.cpp">
      <Filter>src</Filter>
    </ClCompile>
    <ClCompile Include="src\pch.cpp">
      <Filter>src</Filter>
    </ClCompile>
    <ClCompile Include="src\Window\View.cpp">
      <Filter>src\Window</Filter>
    </ClCompile>
    <ClCompile Include="src\Window\MainFrame.cpp">
      <Filter>src\Window</Filter>
    </ClCompile>
    <ClCompile Include="src\Window\AboutBox.cpp">
      <Filter>src\Window</Filter>
    </ClCompile>
    <ClCompile Include="src\Application.cpp">
      <Filter>src</Filter>
    </ClCompile>
    <ClCompile Include="..\..\library\wui\AppModule.cpp">
      <Filter>cx\library\wui</Filter>
    </ClCompile>
    <ClCompile Include="..\..\library\wui\CommonDialog\FileDialog.cpp">
      <Filter>cx\library\wui\CommonDialog</Filter>
    </ClCompile>
    <ClCompile Include="..\..\library\wui\CommonDialog\FolderDialog.cpp">
      <Filter>cx\library\wui\CommonDialog</Filter>
    </ClCompile>
    <ClCompile Include="..\..\library\wui\GDI\DC.cpp">
      <Filter>cx\library\wui\GDI</Filter>
    </ClCompile>
    <ClCompile Include="..\..\library\wui\GDI\DC_Classes.cpp">
      <Filter>cx\library\wui\GDI</Filter>
    </ClCompile>
    <ClCompile Include="..\..\library\wui\GDI\DC_Functions.cpp">
      <Filter>cx\library\wui\GDI</Filter>
    </ClCompile>
    <ClCompile Include="..\..\library\wui\GDI\GDIObject_Bitmap.cpp">
      <Filter>cx\library\wui\GDI</Filter>
    </ClCompile>
    <ClCompile Include="..\..\library\wui\GDI\GDIObject_Brush.cpp">
      <Filter>cx\library\wui\GDI</Filter>
    </ClCompile>
    <ClCompile Include="..\..\library\wui\GDI\GDIObject_Font.cpp">
      <Filter>cx\library\wui\GDI</Filter>
    </ClCompile>
    <ClCompile Include="..\..\library\wui\GDI\GDIObject_Pen.cpp">
      <Filter>cx\library\wui\GDI</Filter>
    </ClCompile>
    <ClCompile Include="..\..\library\wui\Resource\DialogTemplate.cpp">
      <Filter>cx\library\wui\Resource</Filter>
    </ClCompile>
    <ClCompile Include="..\..\library\wui\Resource\Resource.cpp">
      <Filter>cx\library\wui\Resource</Filter>
    </ClCompile>
    <ClCompile Include="..\..\library\wui\Resource\Resource_Functions.cpp">
      <Filter>cx\library\wui\Resource</Filter>
    </ClCompile>
    <ClCompile Include="..\..\library\wui\Window\BaseWindow.cpp">
      <Filter>cx\library\wui\Window</Filter>
    </ClCompile>
    <ClCompile Include="..\..\library\wui\Window\Coord.cpp">
      <Filter>cx\library\wui\Window</Filter>
    </ClCompile>
    <ClCompile Include="..\..\library\wui\Window\Window.cpp">
      <Filter>cx\library\wui\Window</Filter>
    </ClCompile>
    <ClCompile Include="..\..\library\wui\Window\Window_Functions.cpp">
      <Filter>cx\library\wui\Window</Filter>
    </ClCompile>
    <ClCompile Include="..\..\library\wui\Window\WindowClass.cpp">
      <Filter>cx\library\wui\Window</Filter>
    </ClCompile>
    <ClCompile Include="..\..\library\wui\Window\WindowMessage.cpp">
      <Filter>cx\library\wui\Window</Filter>
    </ClCompile>
    <ClCompile Include="..\..\library\wui\Window\WindowMessageCrack.cpp">
      <Filter>cx\library\wui\Window</Filter>
    </ClCompile>
    <ClCompile Include="..\..\library\wui\Window\WindowMessageLoop.cpp">
      <Filter>cx\library\wui\Window</Filter>
    </ClCompile>
    <ClCompile Include="..\..\library\wui\Window\WindowProc.cpp">
      <Filter>cx\library\wui\Window</Filter>
    </ClCompile>
    <ClCompile Include="..\..\library\runtime\assert.cpp">
      <Filter>cx\library\runtime</Filter>
    </ClCompile>
    <ClCompile Include="..\..\library\runtime\last_error.cpp">
      <Filter>cx\library\runtime</Filter>
    </ClCompile>
    <ClCompile Include="..\..\library\runtime\log.cpp">
      <Filter>cx\library\runtime</Filter>
    </ClCompile>
    <ClCompile Include="..\..\library\runtime\memory_debug.cpp">
      <Filter>cx\library\runtime</Filter>
    </ClCompile>
    <ClCompile Include="..\..\library\runtime\log_facility\log_async_writer.cpp">
      <Filter>cx\library\runtime\log_facility</Filter>
    </ClCompile>
    <ClCompile Include="..\..\library\runtime\log_facility\log_facility.cpp">
      <Filter>cx\library\runtime\log_facility</Filter>
    </ClCompile>
    <ClCompile Include="..\..\library\runtime\log_facility\log_item_memory.cpp">
      <Filter>cx\library\runtime\log_facility</Filter>
    </ClCompile>
    <ClCompile Include="..\..\library\runtime\log_facility\log_item_queue.cpp">
      <Filter>cx\library\runtime\log_facility</Filter>
    </ClCompile>
    <ClCompile Include="..\..\library\runtime\log_facility\log_writer.cpp">
      <Filter>cx\library\runtime\log_facility</Filter>
    </ClCompile>
    <ClCompile Include="..\..\library\network\net_addr_config.cpp">
      <Filter>cx\library\network</Filter>
    </ClCompile>
    <ClCompile Include="..\..\library\network\net_msg.cpp">
      <Filter>cx\library\network</Filter>
    </ClCompile>
    <ClCompile Include="..\..\library\network\net_msg_event_queue.cpp">
      <Filter>cx\library\network</Filter>
    </ClCompile>
    <ClCompile Include="..\..\library\network\net_msg_memory.cpp">
      <Filter>cx\library\network</Filter>
    </ClCompile>
    <ClCompile Include="..\..\library\network\net_msg_queue.cpp">
      <Filter>cx\library\network</Filter>
    </ClCompile>
    <ClCompile Include="..\..\library\network\socket.cpp">
      <Filter>cx\library\network</Filter>
    </ClCompile>
    <ClCompile Include="..\..\library\network\socket_address.cpp">
      <Filter>cx\library\network</Filter>
    </ClCompile>
    <ClCompile Include="..\..\library\network\socket_control.cpp">
      <Filter>cx\library\network</Filter>
    </ClCompile>
    <ClCompile Include="..\..\library\network\socket_descriptor.cpp">
      <Filter>cx\library\network</Filter>
    </ClCompile>
    <ClCompile Include="..\..\library\network\socket_error.cpp">
      <Filter>cx\library\network</Filter>
    </ClCompile>
    <ClCompile Include="..\..\library\network\socket_event_select.cpp">
      <Filter>cx\library\network</Filter>
    </ClCompile>
    <ClCompile Include="..\..\library\network\wsa.cpp">
      <Filter>cx\library\network</Filter>
    </ClCompile>
    <ClCompile Include="..\..\library\gw\Window.cpp">
      <Filter>cx\library\gw</Filter>
    </ClCompile>
    <ClCompile Include="..\..\library\gw\Viewport.cpp">
      <Filter>cx\library\gw</Filter>
    </ClCompile>
    <ClCompile Include="..\..\library\gw\Point.cpp">
      <Filter>cx\library\gw</Filter>
    </ClCompile>
    <ClCompile Include="..\..\library\gw\Drawable.cpp">
      <Filter>cx\library\gw</Filter>
    </ClCompile>
    <ClCompile Include="..\..\library\gw\DirectX2dGraphic.cpp">
      <Filter>cx\library\gw</Filter>
    </ClCompile>
    <ClCompile Include="..\..\library\gw\Context.cpp">
      <Filter>cx\library\gw</Filter>
    </ClCompile>
    <ClCompile Include="..\..\library\gw\Color.cpp">
      <Filter>cx\library\gw</Filter>
    </ClCompile>
    <ClCompile Include="..\..\library\gw\Bitmap.cpp">
      <Filter>cx\library\gw</Filter>
    </ClCompile>
    <ClCompile Include="..\..\library\gw\BaseEditWindow.cpp">
      <Filter>cx\library\gw</Filter>
    </ClCompile>
    <ClCompile Include="..\..\library\gw\Widget\WidgetDrawingStyle.cpp">
      <Filter>cx\library\gw\Widget</Filter>
    </ClCompile>
    <ClCompile Include="..\..\library\gw\Widget\WidgetDocument.cpp">
      <Filter>cx\library\gw\Widget</Filter>
    </ClCompile>
    <ClCompile Include="..\..\library\gw\Widget\Widget.cpp">
      <Filter>cx\library\gw\Widget</Filter>
    </ClCompile>
    <ClCompile Include="..\..\library\gw\Widget\WidgetResource.cpp">
      <Filter>cx\library\gw\Widget</Filter>
    </ClCompile>
    <ClCompile Include="..\..\library\gw\Widget\WidgetFactory.cpp">
      <Filter>cx\library\gw\Widget</Filter>
    </ClCompile>
    <ClCompile Include="..\..\library\gw\Widget\WidgetEventWindowMessageHandler.cpp">
      <Filter>cx\library\gw\Widget</Filter>
    </ClCompile>
    <ClCompile Include="..\..\library\gw\Widget\WidgetEventDragDrop_WindowDragDropComObject.cpp">
      <Filter>cx\library\gw\Widget</Filter>
    </ClCompile>
    <ClCompile Include="..\..\library\gw\Widget\WidgetEventDragDrop_HGlobal.cpp">
      <Filter>cx\library\gw\Widget</Filter>
    </ClCompile>
    <ClCompile Include="..\..\library\gw\Widget\WidgetEventDragDrop_ClipboardFormat.cpp">
      <Filter>cx\library\gw\Widget</Filter>
    </ClCompile>
    <ClCompile Include="..\..\library\gw\Widget\WidgetEventDragDrop.cpp">
      <Filter>cx\library\gw\Widget</Filter>
    </ClCompile>
    <ClCompile Include="..\..\library\gw\Widget\Shape\LineShape.cpp">
      <Filter>cx\library\gw\Widget\Shape</Filter>
    </ClCompile>
    <ClCompile Include="..\..\library\gw\Widget\Shape\LineShapeDesign.cpp">
      <Filter>cx\library\gw\Widget\Shape</Filter>
    </ClCompile>
    <ClCompile Include="..\..\library\gw\Widget\Shape\RectangleShape.cpp">
      <Filter>cx\library\gw\Widget\Shape</Filter>
    </ClCompile>
    <ClCompile Include="..\..\library\gw\Widget\Shape\RectangleShapeDesign.cpp">
      <Filter>cx\library\gw\Widget\Shape</Filter>
    </ClCompile>
    <ClCompile Include="..\..\library\gw\Widget\Shape\Shape.cpp">
      <Filter>cx\library\gw\Widget\Shape</Filter>
    </ClCompile>
    <ClCompile Include="..\..\library\gw\Widget\Shape\Shape_Classes.cpp">
      <Filter>cx\library\gw\Widget\Shape</Filter>
    </ClCompile>
    <ClCompile Include="..\..\library\gw\Widget\Shape\ShapeDesign.cpp">
      <Filter>cx\library\gw\Widget\Shape</Filter>
    </ClCompile>
    <ClCompile Include="..\..\library\gw\Widget\Shape\ShapeDesignTemplate.cpp">
      <Filter>cx\library\gw\Widget\Shape</Filter>
    </ClCompile>
    <ClCompile Include="..\..\library\gw\Widget\Shape\ShapeTemplate.cpp">
      <Filter>cx\library\gw\Widget\Shape</Filter>
    </ClCompile>
    <ClCompile Include="..\..\library\gw\Widget\Design\DesignWidget.cpp">
      <Filter>cx\library\gw\Widget\Design</Filter>
    </ClCompile>
    <ClCompile Include="..\..\library\gw\Widget\Design\DesignWidgetContext.cpp">
      <Filter>cx\library\gw\Widget\Design</Filter>
    </ClCompile>
    <ClCompile Include="..\..\library\gw\Widget\Design\WidgetDesigner.cpp">
      <Filter>cx\library\gw\Widget\Design</Filter>
    </ClCompile>
    <ClCompile Include="..\..\library\gw\Widget\Design\WidgetDesignerCommand.cpp">
      <Filter>cx\library\gw\Widget\Design</Filter>
    </ClCompile>
    <ClCompile Include="..\..\library\gw\Widget\Design\WidgetDesignerConcreteCommand.cpp">
      <Filter>cx\library\gw\Widget\Design</Filter>
    </ClCompile>
    <ClCompile Include="..\..\library\gw\Widget\Design\WidgetDesignerFacility.cpp">
      <Filter>cx\library\gw\Widget\Design</Filter>
    </ClCompile>
    <ClCompile Include="..\..\library\gw\Widget\Design\WidgetDesignerModel.cpp">
      <Filter>cx\library\gw\Widget\Design</Filter>
    </ClCompile>
    <ClCompile Include="..\..\library\gw\Widget\Design\WidgetDesignerMouseTool.cpp">
      <Filter>cx\library\gw\Widget\Design</Filter>
    </ClCompile>
    <ClCompile Include="..\..\library\gw\Widget\Design\WidgetDesignerWindow.cpp">
      <Filter>cx\library\gw\Widget\Design</Filter>
    </ClCompile>
    <ClCompile Include="..\..\library\component\xml.cpp">
      <Filter>cx\library\component</Filter>
    </ClCompile>
    <ClCompile Include="..\..\library\component\command_line.cpp">
      <Filter>cx\library\component</Filter>
    </ClCompile>
    <ClCompile Include="..\..\library\common\charset_system.cpp">
      <Filter>cx\library\common</Filter>
    </ClCompile>
    <ClCompile Include="..\..\library\common\fs_std_wstring.cpp">
      <Filter>cx\library\common</Filter>
    </ClCompile>
    <ClCompile Include="..\..\library\common\parse_c_string.cpp">
      <Filter>cx\library\common</Filter>
    </ClCompile>
    <ClCompile Include="..\..\library\common\std_wstring_utility.cpp">
      <Filter>cx\library\common</Filter>
    </ClCompile>
    <ClCompile Include="..\..\library\common\to_std_wstring.cpp">
      <Filter>cx\library\common</Filter>
    </ClCompile>
  </ItemGroup>
  <ItemGroup>
    <ClInclude Include="src\framework.hpp">
      <Filter>src</Filter>
    </ClInclude>
    <ClInclude Include="src\pch.hpp">
      <Filter>src</Filter>
    </ClInclude>
    <ClInclude Include="src\targetver.h">
      <Filter>src</Filter>
    </ClInclude>
    <ClInclude Include="res\Resource.h">
      <Filter>res</Filter>
    </ClInclude>
    <ClInclude Include="src\Window\pch.hpp">
      <Filter>src\Window</Filter>
    </ClInclude>
    <ClInclude Include="src\Window\AboutBox.hpp">
      <Filter>src\Window</Filter>
    </ClInclude>
    <ClInclude Include="src\Window\View.hpp">
      <Filter>src\Window</Filter>
    </ClInclude>
    <ClInclude Include="src\Window\MainFrame.hpp">
      <Filter>src\Window</Filter>
    </ClInclude>
    <ClInclude Include="src\Application.hpp">
      <Filter>src</Filter>
    </ClInclude>
    <ClInclude Include="..\..\library\wui\AppModule.hpp">
      <Filter>cx\library\wui</Filter>
    </ClInclude>
    <ClInclude Include="..\..\library\wui\pch.hpp">
      <Filter>cx\library\wui</Filter>
    </ClInclude>
    <ClInclude Include="..\..\library\wui\wui.hpp">
      <Filter>cx\library\wui</Filter>
    </ClInclude>
    <ClInclude Include="..\..\library\wui\CommonDialog\FileDialog.hpp">
      <Filter>cx\library\wui\CommonDialog</Filter>
    </ClInclude>
    <ClInclude Include="..\..\library\wui\CommonDialog\FolderDialog.hpp">
      <Filter>cx\library\wui\CommonDialog</Filter>
    </ClInclude>
    <ClInclude Include="..\..\library\wui\CommonDialog\pch.hpp">
      <Filter>cx\library\wui\CommonDialog</Filter>
    </ClInclude>
    <ClInclude Include="..\..\library\wui\GDI\BasicDCT.hpp">
      <Filter>cx\library\wui\GDI</Filter>
    </ClInclude>
    <ClInclude Include="..\..\library\wui\GDI\DC.hpp">
      <Filter>cx\library\wui\GDI</Filter>
    </ClInclude>
    <ClInclude Include="..\..\library\wui\GDI\DC_Classes.hpp">
      <Filter>cx\library\wui\GDI</Filter>
    </ClInclude>
    <ClInclude Include="..\..\library\wui\GDI\DC_Functions.hpp">
      <Filter>cx\library\wui\GDI</Filter>
    </ClInclude>
    <ClInclude Include="..\..\library\wui\GDI\GDIObject_Bitmap.hpp">
      <Filter>cx\library\wui\GDI</Filter>
    </ClInclude>
    <ClInclude Include="..\..\library\wui\GDI\GDIObject_Brush.hpp">
      <Filter>cx\library\wui\GDI</Filter>
    </ClInclude>
    <ClInclude Include="..\..\library\wui\GDI\GDIObject_Font.hpp">
      <Filter>cx\library\wui\GDI</Filter>
    </ClInclude>
    <ClInclude Include="..\..\library\wui\GDI\GDIObject_Pen.hpp">
      <Filter>cx\library\wui\GDI</Filter>
    </ClInclude>
    <ClInclude Include="..\..\library\wui\GDI\pch.hpp">
      <Filter>cx\library\wui\GDI</Filter>
    </ClInclude>
    <ClInclude Include="..\..\library\wui\Resource\DialogTemplate.hpp">
      <Filter>cx\library\wui\Resource</Filter>
    </ClInclude>
    <ClInclude Include="..\..\library\wui\Resource\pch.hpp">
      <Filter>cx\library\wui\Resource</Filter>
    </ClInclude>
    <ClInclude Include="..\..\library\wui\Resource\Resource.hpp">
      <Filter>cx\library\wui\Resource</Filter>
    </ClInclude>
    <ClInclude Include="..\..\library\wui\Resource\Resource_Functions.hpp">
      <Filter>cx\library\wui\Resource</Filter>
    </ClInclude>
    <ClInclude Include="..\..\library\wui\Window\BaseWindow.hpp">
      <Filter>cx\library\wui\Window</Filter>
    </ClInclude>
    <ClInclude Include="..\..\library\wui\Window\BasicWindowT.hpp">
      <Filter>cx\library\wui\Window</Filter>
    </ClInclude>
    <ClInclude Include="..\..\library\wui\Window\Coord.hpp">
      <Filter>cx\library\wui\Window</Filter>
    </ClInclude>
    <ClInclude Include="..\..\library\wui\Window\MessageMapWindow.hpp">
      <Filter>cx\library\wui\Window</Filter>
    </ClInclude>
    <ClInclude Include="..\..\library\wui\Window\pch.hpp">
      <Filter>cx\library\wui\Window</Filter>
    </ClInclude>
    <ClInclude Include="..\..\library\wui\Window\Window.hpp">
      <Filter>cx\library\wui\Window</Filter>
    </ClInclude>
    <ClInclude Include="..\..\library\wui\Window\Window_Functions.hpp">
      <Filter>cx\library\wui\Window</Filter>
    </ClInclude>
    <ClInclude Include="..\..\library\wui\Window\WindowClass.hpp">
      <Filter>cx\library\wui\Window</Filter>
    </ClInclude>
    <ClInclude Include="..\..\library\wui\Window\WindowMessage.hpp">
      <Filter>cx\library\wui\Window</Filter>
    </ClInclude>
    <ClInclude Include="..\..\library\wui\Window\WindowMessageCrack.hpp">
      <Filter>cx\library\wui\Window</Filter>
    </ClInclude>
    <ClInclude Include="..\..\library\wui\Window\WindowMessageHandler.hpp">
      <Filter>cx\library\wui\Window</Filter>
    </ClInclude>
    <ClInclude Include="..\..\library\wui\Window\WindowMessageLoop.hpp">
      <Filter>cx\library\wui\Window</Filter>
    </ClInclude>
    <ClInclude Include="..\..\library\wui\Window\WindowMessageMap.hpp">
      <Filter>cx\library\wui\Window</Filter>
    </ClInclude>
    <ClInclude Include="..\..\library\wui\Window\WindowProc.hpp">
      <Filter>cx\library\wui\Window</Filter>
    </ClInclude>
    <ClInclude Include="..\..\library\wui\Window\WindowStyle.hpp">
      <Filter>cx\library\wui\Window</Filter>
    </ClInclude>
    <ClInclude Include="..\..\library\runtime\assert.hpp">
      <Filter>cx\library\runtime</Filter>
    </ClInclude>
    <ClInclude Include="..\..\library\runtime\last_error.hpp">
      <Filter>cx\library\runtime</Filter>
    </ClInclude>
    <ClInclude Include="..\..\library\runtime\log.hpp">
      <Filter>cx\library\runtime</Filter>
    </ClInclude>
    <ClInclude Include="..\..\library\runtime\macros.hpp">
      <Filter>cx\library\runtime</Filter>
    </ClInclude>
    <ClInclude Include="..\..\library\runtime\memory_debug.hpp">
      <Filter>cx\library\runtime</Filter>
    </ClInclude>
    <ClInclude Include="..\..\library\runtime\pch.hpp">
      <Filter>cx\library\runtime</Filter>
    </ClInclude>
    <ClInclude Include="..\..\library\runtime\runtime.hpp">
      <Filter>cx\library\runtime</Filter>
    </ClInclude>
    <ClInclude Include="..\..\library\runtime\log_facility\log_async_writer.hpp">
      <Filter>cx\library\runtime\log_facility</Filter>
    </ClInclude>
    <ClInclude Include="..\..\library\runtime\log_facility\log_facility.hpp">
      <Filter>cx\library\runtime\log_facility</Filter>
    </ClInclude>
    <ClInclude Include="..\..\library\runtime\log_facility\log_item_memory.hpp">
      <Filter>cx\library\runtime\log_facility</Filter>
    </ClInclude>
    <ClInclude Include="..\..\library\runtime\log_facility\log_item_queue.hpp">
      <Filter>cx\library\runtime\log_facility</Filter>
    </ClInclude>
    <ClInclude Include="..\..\library\runtime\log_facility\log_writer.hpp">
      <Filter>cx\library\runtime\log_facility</Filter>
    </ClInclude>
    <ClInclude Include="..\..\library\runtime\log_facility\pch.hpp">
      <Filter>cx\library\runtime\log_facility</Filter>
    </ClInclude>
    <ClInclude Include="..\..\library\pch\pch_internal.hpp">
      <Filter>cx\library\pch</Filter>
    </ClInclude>
    <ClInclude Include="..\..\library\pch\pch_internal_win32.hpp">
      <Filter>cx\library\pch</Filter>
    </ClInclude>
    <ClInclude Include="..\..\library\network\net_addr_config.hpp">
      <Filter>cx\library\network</Filter>
    </ClInclude>
    <ClInclude Include="..\..\library\network\net_msg.hpp">
      <Filter>cx\library\network</Filter>
    </ClInclude>
    <ClInclude Include="..\..\library\network\net_msg_event_queue.hpp">
      <Filter>cx\library\network</Filter>
    </ClInclude>
    <ClInclude Include="..\..\library\network\net_msg_memory.hpp">
      <Filter>cx\library\network</Filter>
    </ClInclude>
    <ClInclude Include="..\..\library\network\net_msg_queue.hpp">
      <Filter>cx\library\network</Filter>
    </ClInclude>
    <ClInclude Include="..\..\library\network\network.hpp">
      <Filter>cx\library\network</Filter>
    </ClInclude>
    <ClInclude Include="..\..\library\network\pch.hpp">
      <Filter>cx\library\network</Filter>
    </ClInclude>
    <ClInclude Include="..\..\library\network\socket.hpp">
      <Filter>cx\library\network</Filter>
    </ClInclude>
    <ClInclude Include="..\..\library\network\socket_address.hpp">
      <Filter>cx\library\network</Filter>
    </ClInclude>
    <ClInclude Include="..\..\library\network\socket_control.hpp">
      <Filter>cx\library\network</Filter>
    </ClInclude>
    <ClInclude Include="..\..\library\network\socket_descriptor.hpp">
      <Filter>cx\library\network</Filter>
    </ClInclude>
    <ClInclude Include="..\..\library\network\socket_error.hpp">
      <Filter>cx\library\network</Filter>
    </ClInclude>
    <ClInclude Include="..\..\library\network\socket_event_select.hpp">
      <Filter>cx\library\network</Filter>
    </ClInclude>
    <ClInclude Include="..\..\library\network\wsa.hpp">
      <Filter>cx\library\network</Filter>
    </ClInclude>
    <ClInclude Include="..\..\library\gw\Window.hpp">
      <Filter>cx\library\gw</Filter>
    </ClInclude>
    <ClInclude Include="..\..\library\gw\Viewport.hpp">
      <Filter>cx\library\gw</Filter>
    </ClInclude>
    <ClInclude Include="..\..\library\gw\Point.hpp">
      <Filter>cx\library\gw</Filter>
    </ClInclude>
    <ClInclude Include="..\..\library\gw\pch.hpp">
      <Filter>cx\library\gw</Filter>
    </ClInclude>
    <ClInclude Include="..\..\library\gw\gw.hpp">
      <Filter>cx\library\gw</Filter>
    </ClInclude>
    <ClInclude Include="..\..\library\gw\Drawable.hpp">
      <Filter>cx\library\gw</Filter>
    </ClInclude>
    <ClInclude Include="..\..\library\gw\DirectX2dGraphic.hpp">
      <Filter>cx\library\gw</Filter>
    </ClInclude>
    <ClInclude Include="..\..\library\gw\Context.hpp">
      <Filter>cx\library\gw</Filter>
    </ClInclude>
    <ClInclude Include="..\..\library\gw\Color.hpp">
      <Filter>cx\library\gw</Filter>
    </ClInclude>
    <ClInclude Include="..\..\library\gw\Bitmap.hpp">
      <Filter>cx\library\gw</Filter>
    </ClInclude>
    <ClInclude Include="..\..\library\gw\BaseEditWindow.hpp">
      <Filter>cx\library\gw</Filter>
    </ClInclude>
    <ClInclude Include="..\..\library\gw\Widget\WidgetEvent.hpp">
      <Filter>cx\library\gw\Widget</Filter>
    </ClInclude>
    <ClInclude Include="..\..\library\gw\Widget\WidgetDrawingStyle.hpp">
      <Filter>cx\library\gw\Widget</Filter>
    </ClInclude>
    <ClInclude Include="..\..\library\gw\Widget\WidgetDocument.hpp">
      <Filter>cx\library\gw\Widget</Filter>
    </ClInclude>
    <ClInclude Include="..\..\library\gw\Widget\Widget.hpp">
      <Filter>cx\library\gw\Widget</Filter>
    </ClInclude>
    <ClInclude Include="..\..\library\gw\Widget\pch.hpp">
      <Filter>cx\library\gw\Widget</Filter>
    </ClInclude>
    <ClInclude Include="..\..\library\gw\Widget\WidgetResource.hpp">
      <Filter>cx\library\gw\Widget</Filter>
    </ClInclude>
    <ClInclude Include="..\..\library\gw\Widget\WidgetFactory.hpp">
      <Filter>cx\library\gw\Widget</Filter>
    </ClInclude>
    <ClInclude Include="..\..\library\gw\Widget\WidgetEventWindowMessageHandler.hpp">
      <Filter>cx\library\gw\Widget</Filter>
    </ClInclude>
    <ClInclude Include="..\..\library\gw\Widget\WidgetEventDragDrop_WindowDragDropComObject.hpp">
      <Filter>cx\library\gw\Widget</Filter>
    </ClInclude>
    <ClInclude Include="..\..\library\gw\Widget\WidgetEventDragDrop_HGlobal.hpp">
      <Filter>cx\library\gw\Widget</Filter>
    </ClInclude>
    <ClInclude Include="..\..\library\gw\Widget\WidgetEventDragDrop_ClipboardFormat.hpp">
      <Filter>cx\library\gw\Widget</Filter>
    </ClInclude>
    <ClInclude Include="..\..\library\gw\Widget\WidgetEventDragDrop.hpp">
      <Filter>cx\library\gw\Widget</Filter>
    </ClInclude>
    <ClInclude Include="..\..\library\gw\Widget\Shape\LineShape.hpp">
      <Filter>cx\library\gw\Widget\Shape</Filter>
    </ClInclude>
    <ClInclude Include="..\..\library\gw\Widget\Shape\LineShapeDesign.hpp">
      <Filter>cx\library\gw\Widget\Shape</Filter>
    </ClInclude>
    <ClInclude Include="..\..\library\gw\Widget\Shape\pch.hpp">
      <Filter>cx\library\gw\Widget\Shape</Filter>
    </ClInclude>
    <ClInclude Include="..\..\library\gw\Widget\Shape\RectangleShape.hpp">
      <Filter>cx\library\gw\Widget\Shape</Filter>
    </ClInclude>
    <ClInclude Include="..\..\library\gw\Widget\Shape\RectangleShapeDesign.hpp">
      <Filter>cx\library\gw\Widget\Shape</Filter>
    </ClInclude>
    <ClInclude Include="..\..\library\gw\Widget\Shape\Shape.hpp">
      <Filter>cx\library\gw\Widget\Shape</Filter>
    </ClInclude>
    <ClInclude Include="..\..\library\gw\Widget\Shape\Shape_Classes.hpp">
      <Filter>cx\library\gw\Widget\Shape</Filter>
    </ClInclude>
    <ClInclude Include="..\..\library\gw\Widget\Shape\ShapeDesign.hpp">
      <Filter>cx\library\gw\Widget\Shape</Filter>
    </ClInclude>
    <ClInclude Include="..\..\library\gw\Widget\Shape\ShapeDesignTemplate.hpp">
      <Filter>cx\library\gw\Widget\Shape</Filter>
    </ClInclude>
    <ClInclude Include="..\..\library\gw\Widget\Shape\ShapeTemplate.hpp">
      <Filter>cx\library\gw\Widget\Shape</Filter>
    </ClInclude>
    <ClInclude Include="..\..\library\gw\Widget\Design\WidgetDesignerWindow.hpp">
      <Filter>cx\library\gw\Widget\Design</Filter>
    </ClInclude>
    <ClInclude Include="..\..\library\gw\Widget\Design\DesignWidget.hpp">
      <Filter>cx\library\gw\Widget\Design</Filter>
    </ClInclude>
    <ClInclude Include="..\..\library\gw\Widget\Design\DesignWidgetContext.hpp">
      <Filter>cx\library\gw\Widget\Design</Filter>
    </ClInclude>
    <ClInclude Include="..\..\library\gw\Widget\Design\pch.hpp">
      <Filter>cx\library\gw\Widget\Design</Filter>
    </ClInclude>
    <ClInclude Include="..\..\library\gw\Widget\Design\WidgetDesigner.hpp">
      <Filter>cx\library\gw\Widget\Design</Filter>
    </ClInclude>
    <ClInclude Include="..\..\library\gw\Widget\Design\WidgetDesignerCommand.hpp">
      <Filter>cx\library\gw\Widget\Design</Filter>
    </ClInclude>
    <ClInclude Include="..\..\library\gw\Widget\Design\WidgetDesignerConcreteCommand.hpp">
      <Filter>cx\library\gw\Widget\Design</Filter>
    </ClInclude>
    <ClInclude Include="..\..\library\gw\Widget\Design\WidgetDesignerFacility.hpp">
      <Filter>cx\library\gw\Widget\Design</Filter>
    </ClInclude>
    <ClInclude Include="..\..\library\gw\Widget\Design\WidgetDesignerModel.hpp">
      <Filter>cx\library\gw\Widget\Design</Filter>
    </ClInclude>
    <ClInclude Include="..\..\library\gw\Widget\Design\WidgetDesignerMouseTool.hpp">
      <Filter>cx\library\gw\Widget\Design</Filter>
    </ClInclude>
    <ClInclude Include="..\..\library\component\xml.hpp">
      <Filter>cx\library\component</Filter>
    </ClInclude>
    <ClInclude Include="..\..\library\component\pch.hpp">
      <Filter>cx\library\component</Filter>
    </ClInclude>
    <ClInclude Include="..\..\library\component\command_line.hpp">
      <Filter>cx\library\component</Filter>
    </ClInclude>
    <ClInclude Include="..\..\library\common\charset_system.hpp">
      <Filter>cx\library\common</Filter>
    </ClInclude>
    <ClInclude Include="..\..\library\common\common.hpp">
      <Filter>cx\library\common</Filter>
    </ClInclude>
    <ClInclude Include="..\..\library\common\fs_std_wstring.hpp">
      <Filter>cx\library\common</Filter>
    </ClInclude>
    <ClInclude Include="..\..\library\common\parse_c_string.hpp">
      <Filter>cx\library\common</Filter>
    </ClInclude>
    <ClInclude Include="..\..\library\common\pch.hpp">
      <Filter>cx\library\common</Filter>
    </ClInclude>
    <ClInclude Include="..\..\library\common\std_wstring_utility.hpp">
      <Filter>cx\library\common</Filter>
    </ClInclude>
    <ClInclude Include="..\..\library\common\to_std_wstring.hpp">
      <Filter>cx\library\common</Filter>
    </ClInclude>
  </ItemGroup>
  <ItemGroup>
    <Image Include="res\Application.ico">
      <Filter>res</Filter>
    </Image>
    <Image Include="res\small.ico">
      <Filter>res</Filter>
    </Image>
  </ItemGroup>
  <ItemGroup>
    <ResourceCompile Include="res\Application.rc">
      <Filter>res</Filter>
    </ResourceCompile>
  </ItemGroup>
  <ItemGroup>
    <None Include="vcpkg.json" />
    <None Include="..\..\README.md" />
  </ItemGroup>
</Project>