<?xml version="1.0" encoding="utf-8"?>
<Project ToolsVersion="4.0" xmlns="http://schemas.microsoft.com/developer/msbuild/2003">
  <ItemGroup>
    <Filter Include="res">
      <UniqueIdentifier>{8530b63f-477c-4efc-acf7-90a2437614af}</UniqueIdentifier>
    </Filter>
    <Filter Include="src">
      <UniqueIdentifier>{0e1c18a3-4c2e-4541-9664-ab02dacb6ebc}</UniqueIdentifier>
    </Filter>
    <Filter Include="src\Window">
      <UniqueIdentifier>{460dbd01-235f-4cb7-83e2-135ea392eabb}</UniqueIdentifier>
    </Filter>
    <Filter Include="src\WebUI">
      <UniqueIdentifier>{6250ad01-c8ae-4e6b-abd2-286750ba58b5}</UniqueIdentifier>
    </Filter>
    <Filter Include="res\web">
      <UniqueIdentifier>{7a641811-7ad1-4744-a54c-2d3796504bbe}</UniqueIdentifier>
    </Filter>
    <Filter Include="res\web\images">
      <UniqueIdentifier>{050a887b-c028-4061-b2d2-f5a216e58c33}</UniqueIdentifier>
    </Filter>
    <Filter Include="res\web\page_home">
      <UniqueIdentifier>{960044c9-be51-4872-b200-d35fafe19535}</UniqueIdentifier>
    </Filter>
    <Filter Include="src\Model">
      <UniqueIdentifier>{9920e8b5-124b-4c94-8bc8-135d19822834}</UniqueIdentifier>
    </Filter>
  </ItemGroup>
  <ItemGroup>
    <ClCompile Include=".\src\Application.cpp">
      <Filter>src</Filter>
    </ClCompile>
    <ClCompile Include=".\src\Main.cpp">
      <Filter>src</Filter>
    </ClCompile>
    <ClCompile Include=".\src\Window\MainBox.cpp">
      <Filter>src\Window</Filter>
    </ClCompile>
    <ClCompile Include=".\src\pch.cpp">
      <Filter>src</Filter>
    </ClCompile>
    <ClCompile Include="src\WebUI\WebUIContents.cpp">
      <Filter>src\WebUI</Filter>
    </ClCompile>
    <ClCompile Include="src\WebUI\WebUIManager.cpp">
      <Filter>src\WebUI</Filter>
    </ClCompile>
    <ClCompile Include="src\WebUI\WebUIMessageService.cpp">
      <Filter>src\WebUI</Filter>
    </ClCompile>
    <ClCompile Include="src\WebUI\WebUIView.cpp">
      <Filter>src\WebUI</Filter>
    </ClCompile>
    <ClCompile Include="src\WebUI\WebUIWindow.cpp">
      <Filter>src\WebUI</Filter>
    </ClCompile>
    <ClCompile Include="src\Model\Model.cpp">
      <Filter>src\Model</Filter>
    </ClCompile>
    <ClCompile Include="src\Model\UDPTerminal.cpp">
      <Filter>src\Model</Filter>
    </ClCompile>
    <ClCompile Include="src\Model\Utility.cpp">
      <Filter>src\Model</Filter>
    </ClCompile>
    <ClCompile Include="src\WebUI\WebMessageQueue.cpp">
      <Filter>src\WebUI</Filter>
    </ClCompile>
    <ClCompile Include="src\WebUI\WebMessageMemory.cpp">
      <Filter>src\WebUI</Filter>
    </ClCompile>
    <ClCompile Include="src\WebUI\WebMessage.cpp">
      <Filter>src\WebUI</Filter>
    </ClCompile>
  </ItemGroup>
  <ItemGroup>
    <ClInclude Include=".\res\Resource.h">
      <Filter>res</Filter>
    </ClInclude>
    <ClInclude Include=".\src\Application.hpp">
      <Filter>src</Filter>
    </ClInclude>
    <ClInclude Include=".\src\Window\MainBox.hpp">
      <Filter>src\Window</Filter>
    </ClInclude>
    <ClInclude Include=".\src\Window\pch.hpp">
      <Filter>src\Window</Filter>
    </ClInclude>
    <ClInclude Include=".\src\framework.hpp">
      <Filter>src</Filter>
    </ClInclude>
    <ClInclude Include=".\src\pch.hpp">
      <Filter>src</Filter>
    </ClInclude>
    <ClInclude Include=".\src\targetver.h">
      <Filter>src</Filter>
    </ClInclude>
    <ClInclude Include="src\WebUI\pch.hpp">
      <Filter>src\WebUI</Filter>
    </ClInclude>
    <ClInclude Include="src\WebUI\WebUI.hpp">
      <Filter>src\WebUI</Filter>
    </ClInclude>
    <ClInclude Include="src\WebUI\WebUIContents.hpp">
      <Filter>src\WebUI</Filter>
    </ClInclude>
    <ClInclude Include="src\WebUI\WebUIManager.hpp">
      <Filter>src\WebUI</Filter>
    </ClInclude>
    <ClInclude Include="src\WebUI\WebUIMessageService.hpp">
      <Filter>src\WebUI</Filter>
    </ClInclude>
    <ClInclude Include="src\WebUI\WebUIView.hpp">
      <Filter>src\WebUI</Filter>
    </ClInclude>
    <ClInclude Include="src\WebUI\WebUIWindow.hpp">
      <Filter>src\WebUI</Filter>
    </ClInclude>
    <ClInclude Include="src\Model\Model.hpp">
      <Filter>src\Model</Filter>
    </ClInclude>
    <ClInclude Include="src\Model\pch.hpp">
      <Filter>src\Model</Filter>
    </ClInclude>
    <ClInclude Include="src\Model\UDPTerminal.hpp">
      <Filter>src\Model</Filter>
    </ClInclude>
    <ClInclude Include="src\Model\Utility.hpp">
      <Filter>src\Model</Filter>
    </ClInclude>
    <ClInclude Include="src\WebUI\WebMessageQueue.hpp">
      <Filter>src\WebUI</Filter>
    </ClInclude>
    <ClInclude Include="src\WebUI\WebMessageMemory.hpp">
      <Filter>src\WebUI</Filter>
    </ClInclude>
    <ClInclude Include="src\WebUI\WebMessage.hpp">
      <Filter>src\WebUI</Filter>
    </ClInclude>
  </ItemGroup>
  <ItemGroup>
    <ResourceCompile Include=".\res\Application.rc">
      <Filter>res</Filter>
    </ResourceCompile>
  </ItemGroup>
  <ItemGroup>
    <Image Include=".\res\Application.ico">
      <Filter>res</Filter>
    </Image>
    <Image Include=".\res\small.ico">
      <Filter>res</Filter>
    </Image>
    <Image Include="res\web\images\logo.png">
      <Filter>res\web\images</Filter>
    </Image>
  </ItemGroup>
  <ItemGroup>
    <None Include=".\vcpkg.json" />
    <None Include="res\web\basic.css">
      <Filter>res\web</Filter>
    </None>
    <None Include="res\web\core.js">
      <Filter>res\web</Filter>
    </None>
    <None Include="res\web\page_home\page.html">
      <Filter>res\web\page_home</Filter>
    </None>
    <None Include="res\web\page_home\page.js">
      <Filter>res\web\page_home</Filter>
    </None>
    <None Include="res\web\page_home\page.css">
      <Filter>res\web\page_home</Filter>
    </None>
  </ItemGroup>
</Project>