<?xml version="1.0" encoding="utf-8"?>
<Project ToolsVersion="4.0" xmlns="http://schemas.microsoft.com/developer/msbuild/2003">
  <ItemGroup>
    <Filter Include="res">
      <UniqueIdentifier>{af9129fb-5839-4f3f-9953-6ea501a88769}</UniqueIdentifier>
    </Filter>
    <Filter Include="src">
      <UniqueIdentifier>{b5c0863a-1233-4db4-a62c-ece6d74c9d21}</UniqueIdentifier>
    </Filter>
    <Filter Include="src\Window">
      <UniqueIdentifier>{8dea65bd-e0f3-44c3-bed7-c11b343887a3}</UniqueIdentifier>
    </Filter>
    <Filter Include="library_cx">
      <UniqueIdentifier>{d8e72d14-3714-4e9d-b4db-0ac4e2da7c09}</UniqueIdentifier>
    </Filter>
    <Filter Include="library_cx\wui">
      <UniqueIdentifier>{7ed4d143-9170-422e-b85a-a3520d64e8e6}</UniqueIdentifier>
    </Filter>
    <Filter Include="library_cx\runtime">
      <UniqueIdentifier>{2ba66bf5-d89a-4c64-bdfb-6e15b0741329}</UniqueIdentifier>
    </Filter>
    <Filter Include="library_cx\gw">
      <UniqueIdentifier>{726f34ed-b414-4069-ada1-534dad60a672}</UniqueIdentifier>
    </Filter>
  </ItemGroup>
  <ItemGroup>
    <ClCompile Include="src\Window\View.cpp">
      <Filter>src\Window</Filter>
    </ClCompile>
    <ClCompile Include="src\Window\MainFrame.cpp">
      <Filter>src\Window</Filter>
    </ClCompile>
    <ClCompile Include="src\Window\MyBox.cpp">
      <Filter>src\Window</Filter>
    </ClCompile>
    <ClCompile Include="src\Main.cpp">
      <Filter>src</Filter>
    </ClCompile>
    <ClCompile Include="src\pch.cpp">
      <Filter>src</Filter>
    </ClCompile>
    <ClCompile Include="..\..\library\wui\AppModule.cpp">
      <Filter>library_cx\wui</Filter>
    </ClCompile>
    <ClCompile Include="..\..\library\wui\BaseWindow.cpp">
      <Filter>library_cx\wui</Filter>
    </ClCompile>
    <ClCompile Include="..\..\library\wui\Coord.cpp">
      <Filter>library_cx\wui</Filter>
    </ClCompile>
    <ClCompile Include="..\..\library\wui\DC.cpp">
      <Filter>library_cx\wui</Filter>
    </ClCompile>
    <ClCompile Include="..\..\library\wui\DC_Classes.cpp">
      <Filter>library_cx\wui</Filter>
    </ClCompile>
    <ClCompile Include="..\..\library\wui\DC_Functions.cpp">
      <Filter>library_cx\wui</Filter>
    </ClCompile>
    <ClCompile Include="..\..\library\wui\DialogTemplate.cpp">
      <Filter>library_cx\wui</Filter>
    </ClCompile>
    <ClCompile Include="..\..\library\wui\GDIObject.cpp">
      <Filter>library_cx\wui</Filter>
    </ClCompile>
    <ClCompile Include="..\..\library\wui\Resource.cpp">
      <Filter>library_cx\wui</Filter>
    </ClCompile>
    <ClCompile Include="..\..\library\wui\Resource_Functions.cpp">
      <Filter>library_cx\wui</Filter>
    </ClCompile>
    <ClCompile Include="..\..\library\wui\Window.cpp">
      <Filter>library_cx\wui</Filter>
    </ClCompile>
    <ClCompile Include="..\..\library\wui\WindowClass.cpp">
      <Filter>library_cx\wui</Filter>
    </ClCompile>
    <ClCompile Include="..\..\library\wui\Window_Functions.cpp">
      <Filter>library_cx\wui</Filter>
    </ClCompile>
    <ClCompile Include="..\..\library\wui\WindowMessage.cpp">
      <Filter>library_cx\wui</Filter>
    </ClCompile>
    <ClCompile Include="..\..\library\wui\WindowMessageCrack.cpp">
      <Filter>library_cx\wui</Filter>
    </ClCompile>
    <ClCompile Include="..\..\library\wui\WindowMessageLoop.cpp">
      <Filter>library_cx\wui</Filter>
    </ClCompile>
    <ClCompile Include="..\..\library\wui\WindowProc.cpp">
      <Filter>library_cx\wui</Filter>
    </ClCompile>
    <ClCompile Include="..\..\library\runtime\Assert.cpp">
      <Filter>library_cx\runtime</Filter>
    </ClCompile>
    <ClCompile Include="..\..\library\runtime\DebugMemory.cpp">
      <Filter>library_cx\runtime</Filter>
    </ClCompile>
    <ClCompile Include="..\..\library\runtime\LastError.cpp">
      <Filter>library_cx\runtime</Filter>
    </ClCompile>
    <ClCompile Include="..\..\library\runtime\Log.cpp">
      <Filter>library_cx\runtime</Filter>
    </ClCompile>
    <ClCompile Include="..\..\library\runtime\WindowApplication.cpp">
      <Filter>library_cx\runtime</Filter>
    </ClCompile>
    <ClCompile Include="..\..\library\gw\Viewport.cpp">
      <Filter>library_cx\gw</Filter>
    </ClCompile>
    <ClCompile Include="..\..\library\gw\Window.cpp">
      <Filter>library_cx\gw</Filter>
    </ClCompile>
    <ClCompile Include="..\..\library\gw\Drawable.cpp">
      <Filter>library_cx\gw</Filter>
    </ClCompile>
    <ClCompile Include="..\..\library\gw\BaseEditWindow.cpp">
      <Filter>library_cx\gw</Filter>
    </ClCompile>
    <ClCompile Include="..\..\library\gw\Context.cpp">
      <Filter>library_cx\gw</Filter>
    </ClCompile>
    <ClCompile Include="..\..\library\gw\DirectX2dGraphic.cpp">
      <Filter>library_cx\gw</Filter>
    </ClCompile>
  </ItemGroup>
  <ItemGroup>
    <ClInclude Include="res\Resource.h">
      <Filter>res</Filter>
    </ClInclude>
    <ClInclude Include="src\Window\AboutBox.hpp">
      <Filter>src\Window</Filter>
    </ClInclude>
    <ClInclude Include="src\Window\View.hpp">
      <Filter>src\Window</Filter>
    </ClInclude>
    <ClInclude Include="src\Window\MainFrame.hpp">
      <Filter>src\Window</Filter>
    </ClInclude>
    <ClInclude Include="src\Window\MyBox.hpp">
      <Filter>src\Window</Filter>
    </ClInclude>
    <ClInclude Include="src\Window\pch.hpp">
      <Filter>src\Window</Filter>
    </ClInclude>
    <ClInclude Include="src\Main.hpp">
      <Filter>src</Filter>
    </ClInclude>
    <ClInclude Include="src\pch.hpp">
      <Filter>src</Filter>
    </ClInclude>
    <ClInclude Include="src\targetver.h">
      <Filter>src</Filter>
    </ClInclude>
    <ClInclude Include="src\framework.hpp">
      <Filter>src</Filter>
    </ClInclude>
    <ClInclude Include="..\..\library\library_window_cpp_framework.hpp">
      <Filter>library_cx</Filter>
    </ClInclude>
    <ClInclude Include="..\..\library\pch.hpp">
      <Filter>library_cx</Filter>
    </ClInclude>
    <ClInclude Include="..\..\library\wui\AppModule.hpp">
      <Filter>library_cx\wui</Filter>
    </ClInclude>
    <ClInclude Include="..\..\library\wui\BaseWindow.hpp">
      <Filter>library_cx\wui</Filter>
    </ClInclude>
    <ClInclude Include="..\..\library\wui\Coord.hpp">
      <Filter>library_cx\wui</Filter>
    </ClInclude>
    <ClInclude Include="..\..\library\wui\DC.hpp">
      <Filter>library_cx\wui</Filter>
    </ClInclude>
    <ClInclude Include="..\..\library\wui\DC_Classes.hpp">
      <Filter>library_cx\wui</Filter>
    </ClInclude>
    <ClInclude Include="..\..\library\wui\DC_Functions.hpp">
      <Filter>library_cx\wui</Filter>
    </ClInclude>
    <ClInclude Include="..\..\library\wui\DialogTemplate.hpp">
      <Filter>library_cx\wui</Filter>
    </ClInclude>
    <ClInclude Include="..\..\library\wui\GDIObject.hpp">
      <Filter>library_cx\wui</Filter>
    </ClInclude>
    <ClInclude Include="..\..\library\wui\MessageMapWindow.hpp">
      <Filter>library_cx\wui</Filter>
    </ClInclude>
    <ClInclude Include="..\..\library\wui\pch.hpp">
      <Filter>library_cx\wui</Filter>
    </ClInclude>
    <ClInclude Include="..\..\library\wui\Resource.hpp">
      <Filter>library_cx\wui</Filter>
    </ClInclude>
    <ClInclude Include="..\..\library\wui\Resource_Functions.hpp">
      <Filter>library_cx\wui</Filter>
    </ClInclude>
    <ClInclude Include="..\..\library\wui\Window.hpp">
      <Filter>library_cx\wui</Filter>
    </ClInclude>
    <ClInclude Include="..\..\library\wui\WindowClass.hpp">
      <Filter>library_cx\wui</Filter>
    </ClInclude>
    <ClInclude Include="..\..\library\wui\Window_Functions.hpp">
      <Filter>library_cx\wui</Filter>
    </ClInclude>
    <ClInclude Include="..\..\library\wui\WindowMessage.hpp">
      <Filter>library_cx\wui</Filter>
    </ClInclude>
    <ClInclude Include="..\..\library\wui\WindowMessageCrack.hpp">
      <Filter>library_cx\wui</Filter>
    </ClInclude>
    <ClInclude Include="..\..\library\wui\WindowMessageHandler.hpp">
      <Filter>library_cx\wui</Filter>
    </ClInclude>
    <ClInclude Include="..\..\library\wui\WindowMessageLoop.hpp">
      <Filter>library_cx\wui</Filter>
    </ClInclude>
    <ClInclude Include="..\..\library\wui\WindowMessageMap.hpp">
      <Filter>library_cx\wui</Filter>
    </ClInclude>
    <ClInclude Include="..\..\library\wui\WindowProc.hpp">
      <Filter>library_cx\wui</Filter>
    </ClInclude>
    <ClInclude Include="..\..\library\wui\WindowStyle.hpp">
      <Filter>library_cx\wui</Filter>
    </ClInclude>
    <ClInclude Include="..\..\library\wui\wui.hpp">
      <Filter>library_cx\wui</Filter>
    </ClInclude>
    <ClInclude Include="..\..\library\runtime\Assert.hpp">
      <Filter>library_cx\runtime</Filter>
    </ClInclude>
    <ClInclude Include="..\..\library\runtime\DebugMemory.hpp">
      <Filter>library_cx\runtime</Filter>
    </ClInclude>
    <ClInclude Include="..\..\library\runtime\LastError.hpp">
      <Filter>library_cx\runtime</Filter>
    </ClInclude>
    <ClInclude Include="..\..\library\runtime\Log.hpp">
      <Filter>library_cx\runtime</Filter>
    </ClInclude>
    <ClInclude Include="..\..\library\runtime\Macros.hpp">
      <Filter>library_cx\runtime</Filter>
    </ClInclude>
    <ClInclude Include="..\..\library\runtime\pch.hpp">
      <Filter>library_cx\runtime</Filter>
    </ClInclude>
    <ClInclude Include="..\..\library\runtime\runtime.hpp">
      <Filter>library_cx\runtime</Filter>
    </ClInclude>
    <ClInclude Include="..\..\library\runtime\WindowApplication.hpp">
      <Filter>library_cx\runtime</Filter>
    </ClInclude>
    <ClInclude Include="..\..\library\gw\gw.hpp">
      <Filter>library_cx\gw</Filter>
    </ClInclude>
    <ClInclude Include="..\..\library\gw\pch.hpp">
      <Filter>library_cx\gw</Filter>
    </ClInclude>
    <ClInclude Include="..\..\library\gw\Viewport.hpp">
      <Filter>library_cx\gw</Filter>
    </ClInclude>
    <ClInclude Include="..\..\library\gw\Window.hpp">
      <Filter>library_cx\gw</Filter>
    </ClInclude>
    <ClInclude Include="..\..\library\gw\Drawable.hpp">
      <Filter>library_cx\gw</Filter>
    </ClInclude>
    <ClInclude Include="..\..\library\gw\BaseEditWindow.hpp">
      <Filter>library_cx\gw</Filter>
    </ClInclude>
    <ClInclude Include="..\..\library\gw\Context.hpp">
      <Filter>library_cx\gw</Filter>
    </ClInclude>
    <ClInclude Include="..\..\library\gw\DirectX2dGraphic.hpp">
      <Filter>library_cx\gw</Filter>
    </ClInclude>
  </ItemGroup>
  <ItemGroup>
    <Image Include="res\Application.ico">
      <Filter>res</Filter>
    </Image>
    <Image Include="res\small.ico">
      <Filter>res</Filter>
    </Image>
  </ItemGroup>
  <ItemGroup>
    <ResourceCompile Include="res\Application.rc">
      <Filter>res</Filter>
    </ResourceCompile>
  </ItemGroup>
</Project>